Microsoft Visual Studio Solution File, Format Version 11.00
# Visual Studio 2010
Project("{8BC9CEB8-8B4A-11D0-8D11-00A0C91BC942}") = "TKXCAF", "TKXCAF.vcxproj", "{2F0CB9BE-0ACE-07DE-0E57-60F4243C7E3F}"
EndProject
Project("{8BC9CEB8-8B4A-11D0-8D11-00A0C91BC942}") = "TKSTL", "TKSTL.vcxproj", "{8462F037-0408-076C-0548-046F211C0CAC}"
EndProject
Project("{8BC9CEB8-8B4A-11D0-8D11-00A0C91BC942}") = "TKXSBase", "TKXSBase.vcxproj", "{83F5E6B8-1048-16FE-03A6-2B197393E536}"
EndProject
Project("{8BC9CEB8-8B4A-11D0-8D11-00A0C91BC942}") = "TKVRML", "TKVRML.vcxproj", "{AD583847-0544-059E-0959-F2548B8CA6FD}"
	ProjectSection(ProjectDependencies) = postProject
		{2F0CB9BE-0ACE-07DE-0E57-60F4243C7E3F} = {2F0CB9BE-0ACE-07DE-0E57-60F4243C7E3F}
	EndProjectSection
EndProject
Project("{8BC9CEB8-8B4A-11D0-8D11-00A0C91BC942}") = "TKXmlXCAF", "TKXmlXCAF.vcxproj", "{27586F51-112C-0C35-0879-F74EB6509560}"
	ProjectSection(ProjectDependencies) = postProject
		{2F0CB9BE-0ACE-07DE-0E57-60F4243C7E3F} = {2F0CB9BE-0ACE-07DE-0E57-60F4243C7E3F}
	EndProjectSection
EndProject
Project("{8BC9CEB8-8B4A-11D0-8D11-00A0C91BC942}") = "TKBinXCAF", "TKBinXCAF.vcxproj", "{7EF29CD6-16B9-0F35-08B4-7D8561BFDAEC}"
	ProjectSection(ProjectDependencies) = postProject
		{2F0CB9BE-0ACE-07DE-0E57-60F4243C7E3F} = {2F0CB9BE-0ACE-07DE-0E57-60F4243C7E3F}
	EndProjectSection
EndProject
Project("{8BC9CEB8-8B4A-11D0-8D11-00A0C91BC942}") = "TKRWMesh", "TKRWMesh.vcxproj", "{BDCECD55-04C3-0B8E-1129-E3F012A635E4}"
	ProjectSection(ProjectDependencies) = postProject
		{2F0CB9BE-0ACE-07DE-0E57-60F4243C7E3F} = {2F0CB9BE-0ACE-07DE-0E57-60F4243C7E3F}
	EndProjectSection
EndProject
Project("{8BC9CEB8-8B4A-11D0-8D11-00A0C91BC942}") = "TKSTEPBase", "TKSTEPBase.vcxproj", "{1C2B5AD6-10F4-06FC-0A87-95EB137C6831}"
	ProjectSection(ProjectDependencies) = postProject
		{83F5E6B8-1048-16FE-03A6-2B197393E536} = {83F5E6B8-1048-16FE-03A6-2B197393E536}
	EndProjectSection
EndProject
Project("{8BC9CEB8-8B4A-11D0-8D11-00A0C91BC942}") = "TKIGES", "TKIGES.vcxproj", "{9C7899FB-0D4B-1786-0711-BDF903273F1B}"
	ProjectSection(ProjectDependencies) = postProject
		{83F5E6B8-1048-16FE-03A6-2B197393E536} = {83F5E6B8-1048-16FE-03A6-2B197393E536}
	EndProjectSection
EndProject
Project("{8BC9CEB8-8B4A-11D0-8D11-00A0C91BC942}") = "TKSTEPAttr", "TKSTEPAttr.vcxproj", "{A03C92BE-17D1-1027-078F-7E9DE3AFB6DA}"
	ProjectSection(ProjectDependencies) = postProject
		{83F5E6B8-1048-16FE-03A6-2B197393E536} = {83F5E6B8-1048-16FE-03A6-2B197393E536}
		{1C2B5AD6-10F4-06FC-0A87-95EB137C6831} = {1C2B5AD6-10F4-06FC-0A87-95EB137C6831}
	EndProjectSection
EndProject
Project("{8BC9CEB8-8B4A-11D0-8D11-00A0C91BC942}") = "TKSTEP209", "TKSTEP209.vcxproj", "{0DAAC504-0633-04BB-0E36-BFD311BA29FE}"
	ProjectSection(ProjectDependencies) = postProject
		{83F5E6B8-1048-16FE-03A6-2B197393E536} = {83F5E6B8-1048-16FE-03A6-2B197393E536}
		{1C2B5AD6-10F4-06FC-0A87-95EB137C6831} = {1C2B5AD6-10F4-06FC-0A87-95EB137C6831}
	EndProjectSection
EndProject
Project("{8BC9CEB8-8B4A-11D0-8D11-00A0C91BC942}") = "TKXDEIGES", "TKXDEIGES.vcxproj", "{1B00D12D-188C-00D1-0BBA-02F8BA179917}"
	ProjectSection(ProjectDependencies) = postProject
		{83F5E6B8-1048-16FE-03A6-2B197393E536} = {83F5E6B8-1048-16FE-03A6-2B197393E536}
		{2F0CB9BE-0ACE-07DE-0E57-60F4243C7E3F} = {2F0CB9BE-0ACE-07DE-0E57-60F4243C7E3F}
		{9C7899FB-0D4B-1786-0711-BDF903273F1B} = {9C7899FB-0D4B-1786-0711-BDF903273F1B}
	EndProjectSection
EndProject
Project("{8BC9CEB8-8B4A-11D0-8D11-00A0C91BC942}") = "TKSTEP", "TKSTEP.vcxproj", "{43C1DFB6-06AC-14E1-04D5-D5B173751F81}"
	ProjectSection(ProjectDependencies) = postProject
		{A03C92BE-17D1-1027-078F-7E9DE3AFB6DA} = {A03C92BE-17D1-1027-078F-7E9DE3AFB6DA}
		{0DAAC504-0633-04BB-0E36-BFD311BA29FE} = {0DAAC504-0633-04BB-0E36-BFD311BA29FE}
		{1C2B5AD6-10F4-06FC-0A87-95EB137C6831} = {1C2B5AD6-10F4-06FC-0A87-95EB137C6831}
		{83F5E6B8-1048-16FE-03A6-2B197393E536} = {83F5E6B8-1048-16FE-03A6-2B197393E536}
	EndProjectSection
EndProject
Project("{8BC9CEB8-8B4A-11D0-8D11-00A0C91BC942}") = "TKXDESTEP", "TKXDESTEP.vcxproj", "{6774DAE2-114D-0CF7-16B6-E020235DE71A}"
	ProjectSection(ProjectDependencies) = postProject
		{A03C92BE-17D1-1027-078F-7E9DE3AFB6DA} = {A03C92BE-17D1-1027-078F-7E9DE3AFB6DA}
		{83F5E6B8-1048-16FE-03A6-2B197393E536} = {83F5E6B8-1048-16FE-03A6-2B197393E536}
		{1C2B5AD6-10F4-06FC-0A87-95EB137C6831} = {1C2B5AD6-10F4-06FC-0A87-95EB137C6831}
		{2F0CB9BE-0ACE-07DE-0E57-60F4243C7E3F} = {2F0CB9BE-0ACE-07DE-0E57-60F4243C7E3F}
		{43C1DFB6-06AC-14E1-04D5-D5B173751F81} = {43C1DFB6-06AC-14E1-04D5-D5B173751F81}
	EndProjectSection
EndProject
Global
	GlobalSection(SolutionConfigurationPlatforms) = preSolution
		Debug|Win32 = Debug|Win32
		Release|Win32 = Release|Win32
		Debug|x64 = Debug|x64
		Release|x64 = Release|x64
	EndGlobalSection
	GlobalSection(ProjectConfigurationPlatforms) = postSolution
		{2F0CB9BE-0ACE-07DE-0E57-60F4243C7E3F}.Debug|Win32.ActiveCfg = Debug|Win32
		{2F0CB9BE-0ACE-07DE-0E57-60F4243C7E3F}.Debug|Win32.Build.0 = Debug|Win32
		{2F0CB9BE-0ACE-07DE-0E57-60F4243C7E3F}.Release|Win32.ActiveCfg = Release|Win32
		{2F0CB9BE-0ACE-07DE-0E57-60F4243C7E3F}.Release|Win32.Build.0 = Release|Win32
		{2F0CB9BE-0ACE-07DE-0E57-60F4243C7E3F}.Debug|x64.ActiveCfg = Debug|x64
		{2F0CB9BE-0ACE-07DE-0E57-60F4243C7E3F}.Debug|x64.Build.0 = Debug|x64
		{2F0CB9BE-0ACE-07DE-0E57-60F4243C7E3F}.Release|x64.ActiveCfg = Release|x64
		{2F0CB9BE-0ACE-07DE-0E57-60F4243C7E3F}.Release|x64.Build.0 = Release|x64
		{8462F037-0408-076C-0548-046F211C0CAC}.Debug|Win32.ActiveCfg = Debug|Win32
		{8462F037-0408-076C-0548-046F211C0CAC}.Debug|Win32.Build.0 = Debug|Win32
		{8462F037-0408-076C-0548-046F211C0CAC}.Release|Win32.ActiveCfg = Release|Win32
		{8462F037-0408-076C-0548-046F211C0CAC}.Release|Win32.Build.0 = Release|Win32
		{8462F037-0408-076C-0548-046F211C0CAC}.Debug|x64.ActiveCfg = Debug|x64
		{8462F037-0408-076C-0548-046F211C0CAC}.Debug|x64.Build.0 = Debug|x64
		{8462F037-0408-076C-0548-046F211C0CAC}.Release|x64.ActiveCfg = Release|x64
		{8462F037-0408-076C-0548-046F211C0CAC}.Release|x64.Build.0 = Release|x64
		{83F5E6B8-1048-16FE-03A6-2B197393E536}.Debug|Win32.ActiveCfg = Debug|Win32
		{83F5E6B8-1048-16FE-03A6-2B197393E536}.Debug|Win32.Build.0 = Debug|Win32
		{83F5E6B8-1048-16FE-03A6-2B197393E536}.Release|Win32.ActiveCfg = Release|Win32
		{83F5E6B8-1048-16FE-03A6-2B197393E536}.Release|Win32.Build.0 = Release|Win32
		{83F5E6B8-1048-16FE-03A6-2B197393E536}.Debug|x64.ActiveCfg = Debug|x64
		{83F5E6B8-1048-16FE-03A6-2B197393E536}.Debug|x64.Build.0 = Debug|x64
		{83F5E6B8-1048-16FE-03A6-2B197393E536}.Release|x64.ActiveCfg = Release|x64
		{83F5E6B8-1048-16FE-03A6-2B197393E536}.Release|x64.Build.0 = Release|x64
		{AD583847-0544-059E-0959-F2548B8CA6FD}.Debug|Win32.ActiveCfg = Debug|Win32
		{AD583847-0544-059E-0959-F2548B8CA6FD}.Debug|Win32.Build.0 = Debug|Win32
		{AD583847-0544-059E-0959-F2548B8CA6FD}.Release|Win32.ActiveCfg = Release|Win32
		{AD583847-0544-059E-0959-F2548B8CA6FD}.Release|Win32.Build.0 = Release|Win32
		{AD583847-0544-059E-0959-F2548B8CA6FD}.Debug|x64.ActiveCfg = Debug|x64
		{AD583847-0544-059E-0959-F2548B8CA6FD}.Debug|x64.Build.0 = Debug|x64
		{AD583847-0544-059E-0959-F2548B8CA6FD}.Release|x64.ActiveCfg = Release|x64
		{AD583847-0544-059E-0959-F2548B8CA6FD}.Release|x64.Build.0 = Release|x64
		{27586F51-112C-0C35-0879-F74EB6509560}.Debug|Win32.ActiveCfg = Debug|Win32
		{27586F51-112C-0C35-0879-F74EB6509560}.Debug|Win32.Build.0 = Debug|Win32
		{27586F51-112C-0C35-0879-F74EB6509560}.Release|Win32.ActiveCfg = Release|Win32
		{27586F51-112C-0C35-0879-F74EB6509560}.Release|Win32.Build.0 = Release|Win32
		{27586F51-112C-0C35-0879-F74EB6509560}.Debug|x64.ActiveCfg = Debug|x64
		{27586F51-112C-0C35-0879-F74EB6509560}.Debug|x64.Build.0 = Debug|x64
		{27586F51-112C-0C35-0879-F74EB6509560}.Release|x64.ActiveCfg = Release|x64
		{27586F51-112C-0C35-0879-F74EB6509560}.Release|x64.Build.0 = Release|x64
		{7EF29CD6-16B9-0F35-08B4-7D8561BFDAEC}.Debug|Win32.ActiveCfg = Debug|Win32
		{7EF29CD6-16B9-0F35-08B4-7D8561BFDAEC}.Debug|Win32.Build.0 = Debug|Win32
		{7EF29CD6-16B9-0F35-08B4-7D8561BFDAEC}.Release|Win32.ActiveCfg = Release|Win32
		{7EF29CD6-16B9-0F35-08B4-7D8561BFDAEC}.Release|Win32.Build.0 = Release|Win32
		{7EF29CD6-16B9-0F35-08B4-7D8561BFDAEC}.Debug|x64.ActiveCfg = Debug|x64
		{7EF29CD6-16B9-0F35-08B4-7D8561BFDAEC}.Debug|x64.Build.0 = Debug|x64
		{7EF29CD6-16B9-0F35-08B4-7D8561BFDAEC}.Release|x64.ActiveCfg = Release|x64
		{7EF29CD6-16B9-0F35-08B4-7D8561BFDAEC}.Release|x64.Build.0 = Release|x64
		{BDCECD55-04C3-0B8E-1129-E3F012A635E4}.Debug|Win32.ActiveCfg = Debug|Win32
		{BDCECD55-04C3-0B8E-1129-E3F012A635E4}.Debug|Win32.Build.0 = Debug|Win32
		{BDCECD55-04C3-0B8E-1129-E3F012A635E4}.Release|Win32.ActiveCfg = Release|Win32
		{BDCECD55-04C3-0B8E-1129-E3F012A635E4}.Release|Win32.Build.0 = Release|Win32
		{BDCECD55-04C3-0B8E-1129-E3F012A635E4}.Debug|x64.ActiveCfg = Debug|x64
		{BDCECD55-04C3-0B8E-1129-E3F012A635E4}.Debug|x64.Build.0 = Debug|x64
		{BDCECD55-04C3-0B8E-1129-E3F012A635E4}.Release|x64.ActiveCfg = Release|x64
		{BDCECD55-04C3-0B8E-1129-E3F012A635E4}.Release|x64.Build.0 = Release|x64
		{1C2B5AD6-10F4-06FC-0A87-95EB137C6831}.Debug|Win32.ActiveCfg = Debug|Win32
		{1C2B5AD6-10F4-06FC-0A87-95EB137C6831}.Debug|Win32.Build.0 = Debug|Win32
		{1C2B5AD6-10F4-06FC-0A87-95EB137C6831}.Release|Win32.ActiveCfg = Release|Win32
		{1C2B5AD6-10F4-06FC-0A87-95EB137C6831}.Release|Win32.Build.0 = Release|Win32
		{1C2B5AD6-10F4-06FC-0A87-95EB137C6831}.Debug|x64.ActiveCfg = Debug|x64
		{1C2B5AD6-10F4-06FC-0A87-95EB137C6831}.Debug|x64.Build.0 = Debug|x64
		{1C2B5AD6-10F4-06FC-0A87-95EB137C6831}.Release|x64.ActiveCfg = Release|x64
		{1C2B5AD6-10F4-06FC-0A87-95EB137C6831}.Release|x64.Build.0 = Release|x64
		{9C7899FB-0D4B-1786-0711-BDF903273F1B}.Debug|Win32.ActiveCfg = Debug|Win32
		{9C7899FB-0D4B-1786-0711-BDF903273F1B}.Debug|Win32.Build.0 = Debug|Win32
		{9C7899FB-0D4B-1786-0711-BDF903273F1B}.Release|Win32.ActiveCfg = Release|Win32
		{9C7899FB-0D4B-1786-0711-BDF903273F1B}.Release|Win32.Build.0 = Release|Win32
		{9C7899FB-0D4B-1786-0711-BDF903273F1B}.Debug|x64.ActiveCfg = Debug|x64
		{9C7899FB-0D4B-1786-0711-BDF903273F1B}.Debug|x64.Build.0 = Debug|x64
		{9C7899FB-0D4B-1786-0711-BDF903273F1B}.Release|x64.ActiveCfg = Release|x64
		{9C7899FB-0D4B-1786-0711-BDF903273F1B}.Release|x64.Build.0 = Release|x64
		{A03C92BE-17D1-1027-078F-7E9DE3AFB6DA}.Debug|Win32.ActiveCfg = Debug|Win32
		{A03C92BE-17D1-1027-078F-7E9DE3AFB6DA}.Debug|Win32.Build.0 = Debug|Win32
		{A03C92BE-17D1-1027-078F-7E9DE3AFB6DA}.Release|Win32.ActiveCfg = Release|Win32
		{A03C92BE-17D1-1027-078F-7E9DE3AFB6DA}.Release|Win32.Build.0 = Release|Win32
		{A03C92BE-17D1-1027-078F-7E9DE3AFB6DA}.Debug|x64.ActiveCfg = Debug|x64
		{A03C92BE-17D1-1027-078F-7E9DE3AFB6DA}.Debug|x64.Build.0 = Debug|x64
		{A03C92BE-17D1-1027-078F-7E9DE3AFB6DA}.Release|x64.ActiveCfg = Release|x64
		{A03C92BE-17D1-1027-078F-7E9DE3AFB6DA}.Release|x64.Build.0 = Release|x64
		{0DAAC504-0633-04BB-0E36-BFD311BA29FE}.Debug|Win32.ActiveCfg = Debug|Win32
		{0DAAC504-0633-04BB-0E36-BFD311BA29FE}.Debug|Win32.Build.0 = Debug|Win32
		{0DAAC504-0633-04BB-0E36-BFD311BA29FE}.Release|Win32.ActiveCfg = Release|Win32
		{0DAAC504-0633-04BB-0E36-BFD311BA29FE}.Release|Win32.Build.0 = Release|Win32
		{0DAAC504-0633-04BB-0E36-BFD311BA29FE}.Debug|x64.ActiveCfg = Debug|x64
		{0DAAC504-0633-04BB-0E36-BFD311BA29FE}.Debug|x64.Build.0 = Debug|x64
		{0DAAC504-0633-04BB-0E36-BFD311BA29FE}.Release|x64.ActiveCfg = Release|x64
		{0DAAC504-0633-04BB-0E36-BFD311BA29FE}.Release|x64.Build.0 = Release|x64
		{1B00D12D-188C-00D1-0BBA-02F8BA179917}.Debug|Win32.ActiveCfg = Debug|Win32
		{1B00D12D-188C-00D1-0BBA-02F8BA179917}.Debug|Win32.Build.0 = Debug|Win32
		{1B00D12D-188C-00D1-0BBA-02F8BA179917}.Release|Win32.ActiveCfg = Release|Win32
		{1B00D12D-188C-00D1-0BBA-02F8BA179917}.Release|Win32.Build.0 = Release|Win32
		{1B00D12D-188C-00D1-0BBA-02F8BA179917}.Debug|x64.ActiveCfg = Debug|x64
		{1B00D12D-188C-00D1-0BBA-02F8BA179917}.Debug|x64.Build.0 = Debug|x64
		{1B00D12D-188C-00D1-0BBA-02F8BA179917}.Release|x64.ActiveCfg = Release|x64
		{1B00D12D-188C-00D1-0BBA-02F8BA179917}.Release|x64.Build.0 = Release|x64
		{43C1DFB6-06AC-14E1-04D5-D5B173751F81}.Debug|Win32.ActiveCfg = Debug|Win32
		{43C1DFB6-06AC-14E1-04D5-D5B173751F81}.Debug|Win32.Build.0 = Debug|Win32
		{43C1DFB6-06AC-14E1-04D5-D5B173751F81}.Release|Win32.ActiveCfg = Release|Win32
		{43C1DFB6-06AC-14E1-04D5-D5B173751F81}.Release|Win32.Build.0 = Release|Win32
		{43C1DFB6-06AC-14E1-04D5-D5B173751F81}.Debug|x64.ActiveCfg = Debug|x64
		{43C1DFB6-06AC-14E1-04D5-D5B173751F81}.Debug|x64.Build.0 = Debug|x64
		{43C1DFB6-06AC-14E1-04D5-D5B173751F81}.Release|x64.ActiveCfg = Release|x64
		{43C1DFB6-06AC-14E1-04D5-D5B173751F81}.Release|x64.Build.0 = Release|x64
		{6774DAE2-114D-0CF7-16B6-E020235DE71A}.Debug|Win32.ActiveCfg = Debug|Win32
		{6774DAE2-114D-0CF7-16B6-E020235DE71A}.Debug|Win32.Build.0 = Debug|Win32
		{6774DAE2-114D-0CF7-16B6-E020235DE71A}.Release|Win32.ActiveCfg = Release|Win32
		{6774DAE2-114D-0CF7-16B6-E020235DE71A}.Release|Win32.Build.0 = Release|Win32
		{6774DAE2-114D-0CF7-16B6-E020235DE71A}.Debug|x64.ActiveCfg = Debug|x64
		{6774DAE2-114D-0CF7-16B6-E020235DE71A}.Debug|x64.Build.0 = Debug|x64
		{6774DAE2-114D-0CF7-16B6-E020235DE71A}.Release|x64.ActiveCfg = Release|x64
		{6774DAE2-114D-0CF7-16B6-E020235DE71A}.Release|x64.Build.0 = Release|x64
	EndGlobalSection
	GlobalSection(SolutionProperties) = preSolution
		HideSolutionNode = FALSE
	EndGlobalSection
EndGlobal
