<?xml version="1.0" encoding="utf-8"?>
<Project ToolsVersion="4.0" xmlns="http://schemas.microsoft.com/developer/msbuild/2003">
  <ItemGroup>
    <Filter Include="Source files">
      <UniqueIdentifier>{F1D108DD-0754-18BE-0050-DC6CBD66F4F0}</UniqueIdentifier>
    </Filter>
    <Filter Include="Header files">
      <UniqueIdentifier>{5AF5CE1B-0FE6-150A-17A3-C8A5FE09CD40}</UniqueIdentifier>
    </Filter>
    <Filter Include="Source files\RWGltf">
      <UniqueIdentifier>{824A364D-03CD-18F9-15FF-EEE832CE4F83}</UniqueIdentifier>
    </Filter>
    <Filter Include="Source files\RWMesh">
      <UniqueIdentifier>{C62CA439-0AD0-0509-0796-BBF8ADC35EA6}</UniqueIdentifier>
    </Filter>
    <Filter Include="Source files\RWObj">
      <UniqueIdentifier>{7B21342C-0F54-085C-1766-20668B2C40AA}</UniqueIdentifier>
    </Filter>
    <Filter Include="Header files\RWGltf">
      <UniqueIdentifier>{498518EC-0F25-0040-03B9-7D945294AC5D}</UniqueIdentifier>
    </Filter>
    <Filter Include="Header files\RWMesh">
      <UniqueIdentifier>{C0100475-13B6-0853-184F-1C9F28152F77}</UniqueIdentifier>
    </Filter>
    <Filter Include="Header files\RWObj">
      <UniqueIdentifier>{DF5F6C6F-06EB-094D-04CC-0440481843CC}</UniqueIdentifier>
    </Filter>
  </ItemGroup>
  <ItemGroup>
    <ClCompile Include="..\..\..\src\RWGltf\RWGltf_CafReader.cxx">
      <Filter>Source files\RWGltf</Filter>
    </ClCompile>
    <ClCompile Include="..\..\..\src\RWGltf\RWGltf_CafWriter.cxx">
      <Filter>Source files\RWGltf</Filter>
    </ClCompile>
    <ClCompile Include="..\..\..\src\RWGltf\RWGltf_GltfJsonParser.cxx">
      <Filter>Source files\RWGltf</Filter>
    </ClCompile>
    <ClCompile Include="..\..\..\src\RWGltf\RWGltf_GltfLatePrimitiveArray.cxx">
      <Filter>Source files\RWGltf</Filter>
    </ClCompile>
    <ClCompile Include="..\..\..\src\RWGltf\RWGltf_GltfMaterialMap.cxx">
      <Filter>Source files\RWGltf</Filter>
    </ClCompile>
    <ClCompile Include="..\..\..\src\RWGltf\RWGltf_PrimitiveArrayReader.cxx">
      <Filter>Source files\RWGltf</Filter>
    </ClCompile>
    <ClCompile Include="..\..\..\src\RWGltf\RWGltf_TriangulationReader.cxx">
      <Filter>Source files\RWGltf</Filter>
    </ClCompile>
    <ClCompile Include="..\..\..\src\RWMesh\RWMesh_CafReader.cxx">
      <Filter>Source files\RWMesh</Filter>
    </ClCompile>
    <ClCompile Include="..\..\..\src\RWMesh\RWMesh_CoordinateSystemConverter.cxx">
      <Filter>Source files\RWMesh</Filter>
    </ClCompile>
    <ClCompile Include="..\..\..\src\RWMesh\RWMesh_FaceIterator.cxx">
      <Filter>Source files\RWMesh</Filter>
    </ClCompile>
    <ClCompile Include="..\..\..\src\RWMesh\RWMesh_MaterialMap.cxx">
      <Filter>Source files\RWMesh</Filter>
    </ClCompile>
    <ClCompile Include="..\..\..\src\RWObj\RWObj.cxx">
      <Filter>Source files\RWObj</Filter>
    </ClCompile>
    <ClCompile Include="..\..\..\src\RWObj\RWObj_CafReader.cxx">
      <Filter>Source files\RWObj</Filter>
    </ClCompile>
    <ClCompile Include="..\..\..\src\RWObj\RWObj_MtlReader.cxx">
      <Filter>Source files\RWObj</Filter>
    </ClCompile>
    <ClCompile Include="..\..\..\src\RWObj\RWObj_Reader.cxx">
      <Filter>Source files\RWObj</Filter>
    </ClCompile>
    <ClCompile Include="..\..\..\src\RWObj\RWObj_TriangulationReader.cxx">
      <Filter>Source files\RWObj</Filter>
    </ClCompile>
  </ItemGroup>
  <ItemGroup>
    <ClInclude Include="..\..\..\src\RWGltf\RWGltf_CafReader.hxx">
      <Filter>Header files\RWGltf</Filter>
    </ClInclude>
    <ClInclude Include="..\..\..\src\RWGltf\RWGltf_CafWriter.hxx">
      <Filter>Header files\RWGltf</Filter>
    </ClInclude>
    <ClInclude Include="..\..\..\src\RWGltf\RWGltf_GltfAccessor.hxx">
      <Filter>Header files\RWGltf</Filter>
    </ClInclude>
    <ClInclude Include="..\..\..\src\RWGltf\RWGltf_GltfAccessorCompType.hxx">
      <Filter>Header files\RWGltf</Filter>
    </ClInclude>
    <ClInclude Include="..\..\..\src\RWGltf\RWGltf_GltfAccessorLayout.hxx">
      <Filter>Header files\RWGltf</Filter>
    </ClInclude>
    <ClInclude Include="..\..\..\src\RWGltf\RWGltf_GltfAlphaMode.hxx">
      <Filter>Header files\RWGltf</Filter>
    </ClInclude>
    <ClInclude Include="..\..\..\src\RWGltf\RWGltf_GltfArrayType.hxx">
      <Filter>Header files\RWGltf</Filter>
    </ClInclude>
    <ClInclude Include="..\..\..\src\RWGltf\RWGltf_GltfBufferView.hxx">
      <Filter>Header files\RWGltf</Filter>
    </ClInclude>
    <ClInclude Include="..\..\..\src\RWGltf\RWGltf_GltfBufferViewTarget.hxx">
      <Filter>Header files\RWGltf</Filter>
    </ClInclude>
    <ClInclude Include="..\..\..\src\RWGltf\RWGltf_GltfFace.hxx">
      <Filter>Header files\RWGltf</Filter>
    </ClInclude>
    <ClInclude Include="..\..\..\src\RWGltf\RWGltf_GltfJsonParser.pxx">
      <Filter>Header files\RWGltf</Filter>
    </ClInclude>
    <ClInclude Include="..\..\..\src\RWGltf\RWGltf_GltfLatePrimitiveArray.hxx">
      <Filter>Header files\RWGltf</Filter>
    </ClInclude>
    <ClInclude Include="..\..\..\src\RWGltf\RWGltf_GltfMaterialMap.hxx">
      <Filter>Header files\RWGltf</Filter>
    </ClInclude>
    <ClInclude Include="..\..\..\src\RWGltf\RWGltf_GltfOStreamWriter.hxx">
      <Filter>Header files\RWGltf</Filter>
    </ClInclude>
    <ClInclude Include="..\..\..\src\RWGltf\RWGltf_GltfPrimArrayData.hxx">
      <Filter>Header files\RWGltf</Filter>
    </ClInclude>
    <ClInclude Include="..\..\..\src\RWGltf\RWGltf_GltfPrimitiveMode.hxx">
      <Filter>Header files\RWGltf</Filter>
    </ClInclude>
    <ClInclude Include="..\..\..\src\RWGltf\RWGltf_GltfRootElement.hxx">
      <Filter>Header files\RWGltf</Filter>
    </ClInclude>
    <ClInclude Include="..\..\..\src\RWGltf\RWGltf_GltfSceneNodeMap.hxx">
      <Filter>Header files\RWGltf</Filter>
    </ClInclude>
    <ClInclude Include="..\..\..\src\RWGltf\RWGltf_MaterialCommon.hxx">
      <Filter>Header files\RWGltf</Filter>
    </ClInclude>
    <ClInclude Include="..\..\..\src\RWGltf\RWGltf_MaterialMetallicRoughness.hxx">
      <Filter>Header files\RWGltf</Filter>
    </ClInclude>
    <ClInclude Include="..\..\..\src\RWGltf\RWGltf_PrimitiveArrayReader.hxx">
      <Filter>Header files\RWGltf</Filter>
    </ClInclude>
    <ClInclude Include="..\..\..\src\RWGltf\RWGltf_TriangulationReader.hxx">
      <Filter>Header files\RWGltf</Filter>
    </ClInclude>
    <ClInclude Include="..\..\..\src\RWGltf\RWGltf_WriterTrsfFormat.hxx">
      <Filter>Header files\RWGltf</Filter>
    </ClInclude>
    <ClInclude Include="..\..\..\src\RWMesh\RWMesh_CafReader.hxx">
      <Filter>Header files\RWMesh</Filter>
    </ClInclude>
    <ClInclude Include="..\..\..\src\RWMesh\RWMesh_CoordinateSystem.hxx">
      <Filter>Header files\RWMesh</Filter>
    </ClInclude>
    <ClInclude Include="..\..\..\src\RWMesh\RWMesh_CoordinateSystemConverter.hxx">
      <Filter>Header files\RWMesh</Filter>
    </ClInclude>
    <ClInclude Include="..\..\..\src\RWMesh\RWMesh_FaceIterator.hxx">
      <Filter>Header files\RWMesh</Filter>
    </ClInclude>
    <ClInclude Include="..\..\..\src\RWMesh\RWMesh_MaterialMap.hxx">
      <Filter>Header files\RWMesh</Filter>
    </ClInclude>
    <ClInclude Include="..\..\..\src\RWMesh\RWMesh_NodeAttributes.hxx">
      <Filter>Header files\RWMesh</Filter>
    </ClInclude>
    <ClInclude Include="..\..\..\src\RWObj\RWObj.hxx">
      <Filter>Header files\RWObj</Filter>
    </ClInclude>
    <ClInclude Include="..\..\..\src\RWObj\RWObj_CafReader.hxx">
      <Filter>Header files\RWObj</Filter>
    </ClInclude>
    <ClInclude Include="..\..\..\src\RWObj\RWObj_Material.hxx">
      <Filter>Header files\RWObj</Filter>
    </ClInclude>
    <ClInclude Include="..\..\..\src\RWObj\RWObj_MtlReader.hxx">
      <Filter>Header files\RWObj</Filter>
    </ClInclude>
    <ClInclude Include="..\..\..\src\RWObj\RWObj_Reader.hxx">
      <Filter>Header files\RWObj</Filter>
    </ClInclude>
    <ClInclude Include="..\..\..\src\RWObj\RWObj_SubMesh.hxx">
      <Filter>Header files\RWObj</Filter>
    </ClInclude>
    <ClInclude Include="..\..\..\src\RWObj\RWObj_SubMeshReason.hxx">
      <Filter>Header files\RWObj</Filter>
    </ClInclude>
    <ClInclude Include="..\..\..\src\RWObj\RWObj_Tools.hxx">
      <Filter>Header files\RWObj</Filter>
    </ClInclude>
    <ClInclude Include="..\..\..\src\RWObj\RWObj_TriangulationReader.hxx">
      <Filter>Header files\RWObj</Filter>
    </ClInclude>
  </ItemGroup>
  <ItemGroup>
    <ResourceCompile Include="TKRWMesh.rc" />
  </ItemGroup>
</Project>
