<?xml version="1.0" encoding="utf-8"?>
<Project ToolsVersion="4.0" xmlns="http://schemas.microsoft.com/developer/msbuild/2003">
  <ItemGroup>
    <Filter Include="Source files">
      <UniqueIdentifier>{7FDC7626-06A3-0202-1396-6F071339A051}</UniqueIdentifier>
    </Filter>
    <Filter Include="Header files">
      <UniqueIdentifier>{4C386B80-154B-15C9-110D-5EC4F8D57889}</UniqueIdentifier>
    </Filter>
    <Filter Include="Source files\TObj">
      <UniqueIdentifier>{DC730150-0F01-068E-135B-506E2D716E5E}</UniqueIdentifier>
    </Filter>
    <Filter Include="Header files\TObj">
      <UniqueIdentifier>{04F52437-0F1A-0DEC-05F0-F99247F298BE}</UniqueIdentifier>
    </Filter>
  </ItemGroup>
  <ItemGroup>
    <ClCompile Include="..\..\..\src\TObj\TObj_Application.cxx">
      <Filter>Source files\TObj</Filter>
    </ClCompile>
    <ClCompile Include="..\..\..\src\TObj\TObj_Assistant.cxx">
      <Filter>Source files\TObj</Filter>
    </ClCompile>
    <ClCompile Include="..\..\..\src\TObj\TObj_CheckModel.cxx">
      <Filter>Source files\TObj</Filter>
    </ClCompile>
    <ClCompile Include="..\..\..\src\TObj\TObj_HiddenPartition.cxx">
      <Filter>Source files\TObj</Filter>
    </ClCompile>
    <ClCompile Include="..\..\..\src\TObj\TObj_LabelIterator.cxx">
      <Filter>Source files\TObj</Filter>
    </ClCompile>
    <ClCompile Include="..\..\..\src\TObj\TObj_Model.cxx">
      <Filter>Source files\TObj</Filter>
    </ClCompile>
    <ClCompile Include="..\..\..\src\TObj\TObj_ModelIterator.cxx">
      <Filter>Source files\TObj</Filter>
    </ClCompile>
    <ClCompile Include="..\..\..\src\TObj\TObj_Object.cxx">
      <Filter>Source files\TObj</Filter>
    </ClCompile>
    <ClCompile Include="..\..\..\src\TObj\TObj_ObjectIterator.cxx">
      <Filter>Source files\TObj</Filter>
    </ClCompile>
    <ClCompile Include="..\..\..\src\TObj\TObj_OcafObjectIterator.cxx">
      <Filter>Source files\TObj</Filter>
    </ClCompile>
    <ClCompile Include="..\..\..\src\TObj\TObj_Partition.cxx">
      <Filter>Source files\TObj</Filter>
    </ClCompile>
    <ClCompile Include="..\..\..\src\TObj\TObj_Persistence.cxx">
      <Filter>Source files\TObj</Filter>
    </ClCompile>
    <ClCompile Include="..\..\..\src\TObj\TObj_ReferenceIterator.cxx">
      <Filter>Source files\TObj</Filter>
    </ClCompile>
    <ClCompile Include="..\..\..\src\TObj\TObj_SequenceIterator.cxx">
      <Filter>Source files\TObj</Filter>
    </ClCompile>
    <ClCompile Include="..\..\..\src\TObj\TObj_TIntSparseArray.cxx">
      <Filter>Source files\TObj</Filter>
    </ClCompile>
    <ClCompile Include="..\..\..\src\TObj\TObj_TModel.cxx">
      <Filter>Source files\TObj</Filter>
    </ClCompile>
    <ClCompile Include="..\..\..\src\TObj\TObj_TNameContainer.cxx">
      <Filter>Source files\TObj</Filter>
    </ClCompile>
    <ClCompile Include="..\..\..\src\TObj\TObj_TObject.cxx">
      <Filter>Source files\TObj</Filter>
    </ClCompile>
    <ClCompile Include="..\..\..\src\TObj\TObj_TReference.cxx">
      <Filter>Source files\TObj</Filter>
    </ClCompile>
    <ClCompile Include="..\..\..\src\TObj\TObj_TXYZ.cxx">
      <Filter>Source files\TObj</Filter>
    </ClCompile>
  </ItemGroup>
  <ItemGroup>
    <ClInclude Include="..\..\..\src\TObj\TObj_Application.hxx">
      <Filter>Header files\TObj</Filter>
    </ClInclude>
    <ClInclude Include="..\..\..\src\TObj\TObj_Assistant.hxx">
      <Filter>Header files\TObj</Filter>
    </ClInclude>
    <ClInclude Include="..\..\..\src\TObj\TObj_CheckModel.hxx">
      <Filter>Header files\TObj</Filter>
    </ClInclude>
    <ClInclude Include="..\..\..\src\TObj\TObj_Common.hxx">
      <Filter>Header files\TObj</Filter>
    </ClInclude>
    <ClInclude Include="..\..\..\src\TObj\TObj_Container.hxx">
      <Filter>Header files\TObj</Filter>
    </ClInclude>
    <ClInclude Include="..\..\..\src\TObj\TObj_DeletingMode.hxx">
      <Filter>Header files\TObj</Filter>
    </ClInclude>
    <ClInclude Include="..\..\..\src\TObj\TObj_HiddenPartition.hxx">
      <Filter>Header files\TObj</Filter>
    </ClInclude>
    <ClInclude Include="..\..\..\src\TObj\TObj_LabelIterator.hxx">
      <Filter>Header files\TObj</Filter>
    </ClInclude>
    <ClInclude Include="..\..\..\src\TObj\TObj_Model.hxx">
      <Filter>Header files\TObj</Filter>
    </ClInclude>
    <ClInclude Include="..\..\..\src\TObj\TObj_ModelIterator.hxx">
      <Filter>Header files\TObj</Filter>
    </ClInclude>
    <ClInclude Include="..\..\..\src\TObj\TObj_Object.hxx">
      <Filter>Header files\TObj</Filter>
    </ClInclude>
    <ClInclude Include="..\..\..\src\TObj\TObj_ObjectIterator.hxx">
      <Filter>Header files\TObj</Filter>
    </ClInclude>
    <ClInclude Include="..\..\..\src\TObj\TObj_OcafObjectIterator.hxx">
      <Filter>Header files\TObj</Filter>
    </ClInclude>
    <ClInclude Include="..\..\..\src\TObj\TObj_Partition.hxx">
      <Filter>Header files\TObj</Filter>
    </ClInclude>
    <ClInclude Include="..\..\..\src\TObj\TObj_Persistence.hxx">
      <Filter>Header files\TObj</Filter>
    </ClInclude>
    <ClInclude Include="..\..\..\src\TObj\TObj_ReferenceIterator.hxx">
      <Filter>Header files\TObj</Filter>
    </ClInclude>
    <ClInclude Include="..\..\..\src\TObj\TObj_SequenceIterator.hxx">
      <Filter>Header files\TObj</Filter>
    </ClInclude>
    <ClInclude Include="..\..\..\src\TObj\TObj_SequenceOfIterator.hxx">
      <Filter>Header files\TObj</Filter>
    </ClInclude>
    <ClInclude Include="..\..\..\src\TObj\TObj_SequenceOfObject.hxx">
      <Filter>Header files\TObj</Filter>
    </ClInclude>
    <ClInclude Include="..\..\..\src\TObj\TObj_TIntSparseArray.hxx">
      <Filter>Header files\TObj</Filter>
    </ClInclude>
    <ClInclude Include="..\..\..\src\TObj\TObj_TModel.hxx">
      <Filter>Header files\TObj</Filter>
    </ClInclude>
    <ClInclude Include="..\..\..\src\TObj\TObj_TNameContainer.hxx">
      <Filter>Header files\TObj</Filter>
    </ClInclude>
    <ClInclude Include="..\..\..\src\TObj\TObj_TObj_msg.pxx">
      <Filter>Header files\TObj</Filter>
    </ClInclude>
    <ClInclude Include="..\..\..\src\TObj\TObj_TObject.hxx">
      <Filter>Header files\TObj</Filter>
    </ClInclude>
    <ClInclude Include="..\..\..\src\TObj\TObj_TReference.hxx">
      <Filter>Header files\TObj</Filter>
    </ClInclude>
    <ClInclude Include="..\..\..\src\TObj\TObj_TXYZ.hxx">
      <Filter>Header files\TObj</Filter>
    </ClInclude>
  </ItemGroup>
  <ItemGroup>
    <ResourceCompile Include="TKTObj.rc" />
  </ItemGroup>
</Project>
