<?xml version="1.0" encoding="utf-8"?>
<Project ToolsVersion="4.0" xmlns="http://schemas.microsoft.com/developer/msbuild/2003">
  <ItemGroup>
    <Filter Include="Source files">
      <UniqueIdentifier>{CBD15951-0883-09B9-1495-FCD4CAF63807}</UniqueIdentifier>
    </Filter>
    <Filter Include="Header files">
      <UniqueIdentifier>{D86AA0B4-086A-0F20-09A5-14001D13A653}</UniqueIdentifier>
    </Filter>
    <Filter Include="Source files\ViewerTest">
      <UniqueIdentifier>{0CB799BE-0B51-07BD-100A-7EB9A2CD61EA}</UniqueIdentifier>
    </Filter>
    <Filter Include="Header files\ViewerTest">
      <UniqueIdentifier>{D753CE2B-02F5-14C1-1009-A7BFB41AE626}</UniqueIdentifier>
    </Filter>
  </ItemGroup>
  <ItemGroup>
    <ClCompile Include="..\..\..\src\ViewerTest\ViewerTest.cxx">
      <Filter>Source files\ViewerTest</Filter>
    </ClCompile>
    <ClCompile Include="..\..\..\src\ViewerTest\ViewerTest_AutoUpdater.cxx">
      <Filter>Source files\ViewerTest</Filter>
    </ClCompile>
    <ClCompile Include="..\..\..\src\ViewerTest\ViewerTest_CmdParser.cxx">
      <Filter>Source files\ViewerTest</Filter>
    </ClCompile>
    <ClCompile Include="..\..\..\src\ViewerTest\ViewerTest_ContinuousRedrawer.cxx">
      <Filter>Source files\ViewerTest</Filter>
    </ClCompile>
    <ClCompile Include="..\..\..\src\ViewerTest\ViewerTest_EventManager.cxx">
      <Filter>Source files\ViewerTest</Filter>
    </ClCompile>
    <ClCompile Include="..\..\..\src\ViewerTest\ViewerTest_FilletCommands.cxx">
      <Filter>Source files\ViewerTest</Filter>
    </ClCompile>
    <ClCompile Include="..\..\..\src\ViewerTest\ViewerTest_ObjectCommands.cxx">
      <Filter>Source files\ViewerTest</Filter>
    </ClCompile>
    <ClCompile Include="..\..\..\src\ViewerTest\ViewerTest_OpenGlCommands.cxx">
      <Filter>Source files\ViewerTest</Filter>
    </ClCompile>
    <ClCompile Include="..\..\..\src\ViewerTest\ViewerTest_RelationCommands.cxx">
      <Filter>Source files\ViewerTest</Filter>
    </ClCompile>
    <ClCompile Include="..\..\..\src\ViewerTest\ViewerTest_V3dView.cxx">
      <Filter>Source files\ViewerTest</Filter>
    </ClCompile>
    <ClCompile Include="..\..\..\src\ViewerTest\ViewerTest_ViewerCommands.cxx">
      <Filter>Source files\ViewerTest</Filter>
    </ClCompile>
  </ItemGroup>
  <ItemGroup>
    <ClInclude Include="..\..\..\src\ViewerTest\ViewerTest.hxx">
      <Filter>Header files\ViewerTest</Filter>
    </ClInclude>
    <ClInclude Include="..\..\..\src\ViewerTest\ViewerTest_AutoUpdater.hxx">
      <Filter>Header files\ViewerTest</Filter>
    </ClInclude>
    <ClInclude Include="..\..\..\src\ViewerTest\ViewerTest_CmdParser.hxx">
      <Filter>Header files\ViewerTest</Filter>
    </ClInclude>
    <ClInclude Include="..\..\..\src\ViewerTest\ViewerTest_ContinuousRedrawer.hxx">
      <Filter>Header files\ViewerTest</Filter>
    </ClInclude>
    <ClInclude Include="..\..\..\src\ViewerTest\ViewerTest_DoubleMapIteratorOfDoubleMapOfInteractiveAndName.hxx">
      <Filter>Header files\ViewerTest</Filter>
    </ClInclude>
    <ClInclude Include="..\..\..\src\ViewerTest\ViewerTest_DoubleMapOfInteractiveAndName.hxx">
      <Filter>Header files\ViewerTest</Filter>
    </ClInclude>
    <ClInclude Include="..\..\..\src\ViewerTest\ViewerTest_EventManager.hxx">
      <Filter>Header files\ViewerTest</Filter>
    </ClInclude>
    <ClInclude Include="..\..\..\src\ViewerTest\ViewerTest_V3dView.hxx">
      <Filter>Header files\ViewerTest</Filter>
    </ClInclude>
    <ClInclude Include="..\..\..\src\ViewerTest\ViewerTest_ViewerCommands_1.mm">
      <Filter>Header files\ViewerTest</Filter>
    </ClInclude>
  </ItemGroup>
  <ItemGroup>
    <ResourceCompile Include="TKViewerTest.rc" />
  </ItemGroup>
</Project>
