<?xml version="1.0" encoding="utf-8"?>
<Project ToolsVersion="4.0" xmlns="http://schemas.microsoft.com/developer/msbuild/2003">
  <ItemGroup>
    <Filter Include="Source files">
      <UniqueIdentifier>{2171E16B-05D8-025A-14DB-3AAF4CCAAD5D}</UniqueIdentifier>
    </Filter>
    <Filter Include="Header files">
      <UniqueIdentifier>{3BB8AA1D-1084-1204-1477-DB63655AB335}</UniqueIdentifier>
    </Filter>
    <Filter Include="Source files\XmlXCAFDrivers">
      <UniqueIdentifier>{AB64F667-0D90-067E-008A-49DAD0BC90E9}</UniqueIdentifier>
    </Filter>
    <Filter Include="Source files\XmlMXCAFDoc">
      <UniqueIdentifier>{CDDF8920-082D-0224-073C-0BBBA84D4A02}</UniqueIdentifier>
    </Filter>
    <Filter Include="Header files\XmlXCAFDrivers">
      <UniqueIdentifier>{3605FB9C-0179-1500-0E5D-5AC394DE5032}</UniqueIdentifier>
    </Filter>
    <Filter Include="Header files\XmlMXCAFDoc">
      <UniqueIdentifier>{631D3891-06A7-0988-0AD7-80A3AE7A1283}</UniqueIdentifier>
    </Filter>
  </ItemGroup>
  <ItemGroup>
    <ClCompile Include="..\..\..\src\XmlXCAFDrivers\XmlXCAFDrivers.cxx">
      <Filter>Source files\XmlXCAFDrivers</Filter>
    </ClCompile>
    <ClCompile Include="..\..\..\src\XmlXCAFDrivers\XmlXCAFDrivers_DocumentRetrievalDriver.cxx">
      <Filter>Source files\XmlXCAFDrivers</Filter>
    </ClCompile>
    <ClCompile Include="..\..\..\src\XmlXCAFDrivers\XmlXCAFDrivers_DocumentStorageDriver.cxx">
      <Filter>Source files\XmlXCAFDrivers</Filter>
    </ClCompile>
    <ClCompile Include="..\..\..\src\XmlMXCAFDoc\XmlMXCAFDoc.cxx">
      <Filter>Source files\XmlMXCAFDoc</Filter>
    </ClCompile>
    <ClCompile Include="..\..\..\src\XmlMXCAFDoc\XmlMXCAFDoc_AssemblyItemRefDriver.cxx">
      <Filter>Source files\XmlMXCAFDoc</Filter>
    </ClCompile>
    <ClCompile Include="..\..\..\src\XmlMXCAFDoc\XmlMXCAFDoc_CentroidDriver.cxx">
      <Filter>Source files\XmlMXCAFDoc</Filter>
    </ClCompile>
    <ClCompile Include="..\..\..\src\XmlMXCAFDoc\XmlMXCAFDoc_ColorDriver.cxx">
      <Filter>Source files\XmlMXCAFDoc</Filter>
    </ClCompile>
    <ClCompile Include="..\..\..\src\XmlMXCAFDoc\XmlMXCAFDoc_DatumDriver.cxx">
      <Filter>Source files\XmlMXCAFDoc</Filter>
    </ClCompile>
    <ClCompile Include="..\..\..\src\XmlMXCAFDoc\XmlMXCAFDoc_DimTolDriver.cxx">
      <Filter>Source files\XmlMXCAFDoc</Filter>
    </ClCompile>
    <ClCompile Include="..\..\..\src\XmlMXCAFDoc\XmlMXCAFDoc_GraphNodeDriver.cxx">
      <Filter>Source files\XmlMXCAFDoc</Filter>
    </ClCompile>
    <ClCompile Include="..\..\..\src\XmlMXCAFDoc\XmlMXCAFDoc_LocationDriver.cxx">
      <Filter>Source files\XmlMXCAFDoc</Filter>
    </ClCompile>
    <ClCompile Include="..\..\..\src\XmlMXCAFDoc\XmlMXCAFDoc_MaterialDriver.cxx">
      <Filter>Source files\XmlMXCAFDoc</Filter>
    </ClCompile>
    <ClCompile Include="..\..\..\src\XmlMXCAFDoc\XmlMXCAFDoc_NoteBinDataDriver.cxx">
      <Filter>Source files\XmlMXCAFDoc</Filter>
    </ClCompile>
    <ClCompile Include="..\..\..\src\XmlMXCAFDoc\XmlMXCAFDoc_NoteCommentDriver.cxx">
      <Filter>Source files\XmlMXCAFDoc</Filter>
    </ClCompile>
    <ClCompile Include="..\..\..\src\XmlMXCAFDoc\XmlMXCAFDoc_NoteDriver.cxx">
      <Filter>Source files\XmlMXCAFDoc</Filter>
    </ClCompile>
    <ClCompile Include="..\..\..\src\XmlMXCAFDoc\XmlMXCAFDoc_VisMaterialDriver.cxx">
      <Filter>Source files\XmlMXCAFDoc</Filter>
    </ClCompile>
    <ClCompile Include="..\..\..\src\XmlMXCAFDoc\XmlMXCAFDoc_VisMaterialToolDriver.cxx">
      <Filter>Source files\XmlMXCAFDoc</Filter>
    </ClCompile>
  </ItemGroup>
  <ItemGroup>
    <ClInclude Include="..\..\..\src\XmlXCAFDrivers\XmlXCAFDrivers.hxx">
      <Filter>Header files\XmlXCAFDrivers</Filter>
    </ClInclude>
    <ClInclude Include="..\..\..\src\XmlXCAFDrivers\XmlXCAFDrivers_DocumentRetrievalDriver.hxx">
      <Filter>Header files\XmlXCAFDrivers</Filter>
    </ClInclude>
    <ClInclude Include="..\..\..\src\XmlXCAFDrivers\XmlXCAFDrivers_DocumentStorageDriver.hxx">
      <Filter>Header files\XmlXCAFDrivers</Filter>
    </ClInclude>
    <ClInclude Include="..\..\..\src\XmlMXCAFDoc\XmlMXCAFDoc.hxx">
      <Filter>Header files\XmlMXCAFDoc</Filter>
    </ClInclude>
    <ClInclude Include="..\..\..\src\XmlMXCAFDoc\XmlMXCAFDoc_AssemblyItemRefDriver.hxx">
      <Filter>Header files\XmlMXCAFDoc</Filter>
    </ClInclude>
    <ClInclude Include="..\..\..\src\XmlMXCAFDoc\XmlMXCAFDoc_CentroidDriver.hxx">
      <Filter>Header files\XmlMXCAFDoc</Filter>
    </ClInclude>
    <ClInclude Include="..\..\..\src\XmlMXCAFDoc\XmlMXCAFDoc_ColorDriver.hxx">
      <Filter>Header files\XmlMXCAFDoc</Filter>
    </ClInclude>
    <ClInclude Include="..\..\..\src\XmlMXCAFDoc\XmlMXCAFDoc_DatumDriver.hxx">
      <Filter>Header files\XmlMXCAFDoc</Filter>
    </ClInclude>
    <ClInclude Include="..\..\..\src\XmlMXCAFDoc\XmlMXCAFDoc_DimTolDriver.hxx">
      <Filter>Header files\XmlMXCAFDoc</Filter>
    </ClInclude>
    <ClInclude Include="..\..\..\src\XmlMXCAFDoc\XmlMXCAFDoc_GraphNodeDriver.hxx">
      <Filter>Header files\XmlMXCAFDoc</Filter>
    </ClInclude>
    <ClInclude Include="..\..\..\src\XmlMXCAFDoc\XmlMXCAFDoc_LocationDriver.hxx">
      <Filter>Header files\XmlMXCAFDoc</Filter>
    </ClInclude>
    <ClInclude Include="..\..\..\src\XmlMXCAFDoc\XmlMXCAFDoc_LocationDriver.lxx">
      <Filter>Header files\XmlMXCAFDoc</Filter>
    </ClInclude>
    <ClInclude Include="..\..\..\src\XmlMXCAFDoc\XmlMXCAFDoc_MaterialDriver.hxx">
      <Filter>Header files\XmlMXCAFDoc</Filter>
    </ClInclude>
    <ClInclude Include="..\..\..\src\XmlMXCAFDoc\XmlMXCAFDoc_NoteBinDataDriver.hxx">
      <Filter>Header files\XmlMXCAFDoc</Filter>
    </ClInclude>
    <ClInclude Include="..\..\..\src\XmlMXCAFDoc\XmlMXCAFDoc_NoteCommentDriver.hxx">
      <Filter>Header files\XmlMXCAFDoc</Filter>
    </ClInclude>
    <ClInclude Include="..\..\..\src\XmlMXCAFDoc\XmlMXCAFDoc_NoteDriver.hxx">
      <Filter>Header files\XmlMXCAFDoc</Filter>
    </ClInclude>
    <ClInclude Include="..\..\..\src\XmlMXCAFDoc\XmlMXCAFDoc_VisMaterialDriver.hxx">
      <Filter>Header files\XmlMXCAFDoc</Filter>
    </ClInclude>
    <ClInclude Include="..\..\..\src\XmlMXCAFDoc\XmlMXCAFDoc_VisMaterialToolDriver.hxx">
      <Filter>Header files\XmlMXCAFDoc</Filter>
    </ClInclude>
  </ItemGroup>
  <ItemGroup>
    <ResourceCompile Include="TKXmlXCAF.rc" />
  </ItemGroup>
</Project>
