Microsoft Visual Studio Solution File, Format Version 12.00
# Visual Studio 14
Project("{8BC9CEB8-8B4A-11D0-8D11-00A0C91BC942}") = "TKG2d", "TKG2d.vcxproj", "{E659605F-0690-15E2-0B79-28D2C8265E17}"
EndProject
Project("{8BC9CEB8-8B4A-11D0-8D11-00A0C91BC942}") = "TKG3d", "TKG3d.vcxproj", "{EB684B50-082F-03CB-07CB-408746710862}"
	ProjectSection(ProjectDependencies) = postProject
		{E659605F-0690-15E2-0B79-28D2C8265E17} = {E659605F-0690-15E2-0B79-28D2C8265E17}
	EndProjectSection
EndProject
Project("{8BC9CEB8-8B4A-11D0-8D11-00A0C91BC942}") = "TKGeomBase", "TKGeomBase.vcxproj", "{DD6907C1-130B-12A2-1552-304E0452025A}"
	ProjectSection(ProjectDependencies) = postProject
		{E659605F-0690-15E2-0B79-28D2C8265E17} = {E659605F-0690-15E2-0B79-28D2C8265E17}
		{EB684B50-082F-03CB-07CB-408746710862} = {EB684B50-082F-03CB-07CB-408746710862}
	EndProjectSection
EndProject
Project("{8BC9CEB8-8B4A-11D0-8D11-00A0C91BC942}") = "TKBRep", "TKBRep.vcxproj", "{18636352-0AF4-1482-068B-787CED51CEB9}"
	ProjectSection(ProjectDependencies) = postProject
		{E659605F-0690-15E2-0B79-28D2C8265E17} = {E659605F-0690-15E2-0B79-28D2C8265E17}
		{EB684B50-082F-03CB-07CB-408746710862} = {EB684B50-082F-03CB-07CB-408746710862}
		{DD6907C1-130B-12A2-1552-304E0452025A} = {DD6907C1-130B-12A2-1552-304E0452025A}
	EndProjectSection
EndProject
Global
	GlobalSection(SolutionConfigurationPlatforms) = preSolution
		Debug|Win32 = Debug|Win32
		Release|Win32 = Release|Win32
		Debug|x64 = Debug|x64
		Release|x64 = Release|x64
	EndGlobalSection
	GlobalSection(ProjectConfigurationPlatforms) = postSolution
		{E659605F-0690-15E2-0B79-28D2C8265E17}.Debug|Win32.ActiveCfg = Debug|Win32
		{E659605F-0690-15E2-0B79-28D2C8265E17}.Debug|Win32.Build.0 = Debug|Win32
		{E659605F-0690-15E2-0B79-28D2C8265E17}.Release|Win32.ActiveCfg = Release|Win32
		{E659605F-0690-15E2-0B79-28D2C8265E17}.Release|Win32.Build.0 = Release|Win32
		{E659605F-0690-15E2-0B79-28D2C8265E17}.Debug|x64.ActiveCfg = Debug|x64
		{E659605F-0690-15E2-0B79-28D2C8265E17}.Debug|x64.Build.0 = Debug|x64
		{E659605F-0690-15E2-0B79-28D2C8265E17}.Release|x64.ActiveCfg = Release|x64
		{E659605F-0690-15E2-0B79-28D2C8265E17}.Release|x64.Build.0 = Release|x64
		{EB684B50-082F-03CB-07CB-408746710862}.Debug|Win32.ActiveCfg = Debug|Win32
		{EB684B50-082F-03CB-07CB-408746710862}.Debug|Win32.Build.0 = Debug|Win32
		{EB684B50-082F-03CB-07CB-408746710862}.Release|Win32.ActiveCfg = Release|Win32
		{EB684B50-082F-03CB-07CB-408746710862}.Release|Win32.Build.0 = Release|Win32
		{EB684B50-082F-03CB-07CB-408746710862}.Debug|x64.ActiveCfg = Debug|x64
		{EB684B50-082F-03CB-07CB-408746710862}.Debug|x64.Build.0 = Debug|x64
		{EB684B50-082F-03CB-07CB-408746710862}.Release|x64.ActiveCfg = Release|x64
		{EB684B50-082F-03CB-07CB-408746710862}.Release|x64.Build.0 = Release|x64
		{DD6907C1-130B-12A2-1552-304E0452025A}.Debug|Win32.ActiveCfg = Debug|Win32
		{DD6907C1-130B-12A2-1552-304E0452025A}.Debug|Win32.Build.0 = Debug|Win32
		{DD6907C1-130B-12A2-1552-304E0452025A}.Release|Win32.ActiveCfg = Release|Win32
		{DD6907C1-130B-12A2-1552-304E0452025A}.Release|Win32.Build.0 = Release|Win32
		{DD6907C1-130B-12A2-1552-304E0452025A}.Debug|x64.ActiveCfg = Debug|x64
		{DD6907C1-130B-12A2-1552-304E0452025A}.Debug|x64.Build.0 = Debug|x64
		{DD6907C1-130B-12A2-1552-304E0452025A}.Release|x64.ActiveCfg = Release|x64
		{DD6907C1-130B-12A2-1552-304E0452025A}.Release|x64.Build.0 = Release|x64
		{18636352-0AF4-1482-068B-787CED51CEB9}.Debug|Win32.ActiveCfg = Debug|Win32
		{18636352-0AF4-1482-068B-787CED51CEB9}.Debug|Win32.Build.0 = Debug|Win32
		{18636352-0AF4-1482-068B-787CED51CEB9}.Release|Win32.ActiveCfg = Release|Win32
		{18636352-0AF4-1482-068B-787CED51CEB9}.Release|Win32.Build.0 = Release|Win32
		{18636352-0AF4-1482-068B-787CED51CEB9}.Debug|x64.ActiveCfg = Debug|x64
		{18636352-0AF4-1482-068B-787CED51CEB9}.Debug|x64.Build.0 = Debug|x64
		{18636352-0AF4-1482-068B-787CED51CEB9}.Release|x64.ActiveCfg = Release|x64
		{18636352-0AF4-1482-068B-787CED51CEB9}.Release|x64.Build.0 = Release|x64
	EndGlobalSection
	GlobalSection(SolutionProperties) = preSolution
		HideSolutionNode = FALSE
	EndGlobalSection
EndGlobal
