<?xml version="1.0" encoding="utf-8"?>
<Project ToolsVersion="4.0" xmlns="http://schemas.microsoft.com/developer/msbuild/2003">
  <ItemGroup>
    <Filter Include="Source files">
      <UniqueIdentifier>{B0436A81-0655-107F-1711-2E7DE54B545A}</UniqueIdentifier>
    </Filter>
    <Filter Include="Header files">
      <UniqueIdentifier>{8F0D7C2B-1504-1919-074A-E7B180366A40}</UniqueIdentifier>
    </Filter>
    <Filter Include="Source files\XBRepMesh">
      <UniqueIdentifier>{79AB8E5E-05C0-0093-1251-5C5074A60D9B}</UniqueIdentifier>
    </Filter>
    <Filter Include="Header files\XBRepMesh">
      <UniqueIdentifier>{C73C78C5-11DA-1180-0349-871661CE5ADC}</UniqueIdentifier>
    </Filter>
  </ItemGroup>
  <ItemGroup>
    <ClCompile Include="..\..\..\src\XBRepMesh\XBRepMesh.cxx">
      <Filter>Source files\XBRepMesh</Filter>
    </ClCompile>
  </ItemGroup>
  <ItemGroup>
    <ClInclude Include="..\..\..\src\XBRepMesh\XBRepMesh.hxx">
      <Filter>Header files\XBRepMesh</Filter>
    </ClInclude>
  </ItemGroup>
  <ItemGroup>
    <ResourceCompile Include="TKXMesh.rc" />
  </ItemGroup>
</Project>
