<?xml version="1.0" encoding="utf-8"?>
<Project ToolsVersion="4.0" xmlns="http://schemas.microsoft.com/developer/msbuild/2003">
  <ItemGroup>
    <Filter Include="Source files">
      <UniqueIdentifier>{C3F3B8BB-11F0-0C18-0572-5E6CEB40ECCE}</UniqueIdentifier>
    </Filter>
    <Filter Include="Header files">
      <UniqueIdentifier>{7AE9DA18-11E5-0866-0B4D-7E1F5039F245}</UniqueIdentifier>
    </Filter>
    <Filter Include="Source files\XSDRAW">
      <UniqueIdentifier>{5094BE75-04D4-1677-12B8-3733630ECE22}</UniqueIdentifier>
    </Filter>
    <Filter Include="Source files\XSDRAWIGES">
      <UniqueIdentifier>{FF3EA036-010F-1269-0607-7509CDD6903A}</UniqueIdentifier>
    </Filter>
    <Filter Include="Source files\XSDRAWSTEP">
      <UniqueIdentifier>{96D04404-1646-090D-0F75-FD0C5A35F503}</UniqueIdentifier>
    </Filter>
    <Filter Include="Source files\XSDRAWSTLVRML">
      <UniqueIdentifier>{68CC61C4-12A2-089C-0EA7-3F3F2B4C5C30}</UniqueIdentifier>
    </Filter>
    <Filter Include="Header files\XSDRAW">
      <UniqueIdentifier>{38591B86-0D26-18BA-168C-C2348E087A69}</UniqueIdentifier>
    </Filter>
    <Filter Include="Header files\XSDRAWIGES">
      <UniqueIdentifier>{9CAD0F02-1258-0D9C-0203-113DB5EA7117}</UniqueIdentifier>
    </Filter>
    <Filter Include="Header files\XSDRAWSTEP">
      <UniqueIdentifier>{A6D6EB56-0BFC-14CD-0B98-B944B24D11E0}</UniqueIdentifier>
    </Filter>
    <Filter Include="Header files\XSDRAWSTLVRML">
      <UniqueIdentifier>{D0940CEA-0E43-1001-0388-58B6EE51DE9E}</UniqueIdentifier>
    </Filter>
  </ItemGroup>
  <ItemGroup>
    <ClCompile Include="..\..\..\src\XSDRAW\XSDRAW.cxx">
      <Filter>Source files\XSDRAW</Filter>
    </ClCompile>
    <ClCompile Include="..\..\..\src\XSDRAW\XSDRAW_Functions.cxx">
      <Filter>Source files\XSDRAW</Filter>
    </ClCompile>
    <ClCompile Include="..\..\..\src\XSDRAW\XSDRAW_Vars.cxx">
      <Filter>Source files\XSDRAW</Filter>
    </ClCompile>
    <ClCompile Include="..\..\..\src\XSDRAWIGES\XSDRAWIGES.cxx">
      <Filter>Source files\XSDRAWIGES</Filter>
    </ClCompile>
    <ClCompile Include="..\..\..\src\XSDRAWSTEP\XSDRAWSTEP.cxx">
      <Filter>Source files\XSDRAWSTEP</Filter>
    </ClCompile>
    <ClCompile Include="..\..\..\src\XSDRAWSTLVRML\XSDRAWSTLVRML.cxx">
      <Filter>Source files\XSDRAWSTLVRML</Filter>
    </ClCompile>
    <ClCompile Include="..\..\..\src\XSDRAWSTLVRML\XSDRAWSTLVRML_DataSource.cxx">
      <Filter>Source files\XSDRAWSTLVRML</Filter>
    </ClCompile>
    <ClCompile Include="..\..\..\src\XSDRAWSTLVRML\XSDRAWSTLVRML_DataSource3D.cxx">
      <Filter>Source files\XSDRAWSTLVRML</Filter>
    </ClCompile>
    <ClCompile Include="..\..\..\src\XSDRAWSTLVRML\XSDRAWSTLVRML_DrawableMesh.cxx">
      <Filter>Source files\XSDRAWSTLVRML</Filter>
    </ClCompile>
  </ItemGroup>
  <ItemGroup>
    <ClInclude Include="..\..\..\src\XSDRAW\XSDRAW.hxx">
      <Filter>Header files\XSDRAW</Filter>
    </ClInclude>
    <ClInclude Include="..\..\..\src\XSDRAW\XSDRAW_Functions.hxx">
      <Filter>Header files\XSDRAW</Filter>
    </ClInclude>
    <ClInclude Include="..\..\..\src\XSDRAW\XSDRAW_Vars.hxx">
      <Filter>Header files\XSDRAW</Filter>
    </ClInclude>
    <ClInclude Include="..\..\..\src\XSDRAWIGES\XSDRAWIGES.hxx">
      <Filter>Header files\XSDRAWIGES</Filter>
    </ClInclude>
    <ClInclude Include="..\..\..\src\XSDRAWSTEP\XSDRAWSTEP.hxx">
      <Filter>Header files\XSDRAWSTEP</Filter>
    </ClInclude>
    <ClInclude Include="..\..\..\src\XSDRAWSTLVRML\XSDRAWSTLVRML.hxx">
      <Filter>Header files\XSDRAWSTLVRML</Filter>
    </ClInclude>
    <ClInclude Include="..\..\..\src\XSDRAWSTLVRML\XSDRAWSTLVRML_CoordsMap.hxx">
      <Filter>Header files\XSDRAWSTLVRML</Filter>
    </ClInclude>
    <ClInclude Include="..\..\..\src\XSDRAWSTLVRML\XSDRAWSTLVRML_DataMapIteratorOfCoordsMap.hxx">
      <Filter>Header files\XSDRAWSTLVRML</Filter>
    </ClInclude>
    <ClInclude Include="..\..\..\src\XSDRAWSTLVRML\XSDRAWSTLVRML_DataMapIteratorOfElemNodesMap.hxx">
      <Filter>Header files\XSDRAWSTLVRML</Filter>
    </ClInclude>
    <ClInclude Include="..\..\..\src\XSDRAWSTLVRML\XSDRAWSTLVRML_DataSource.hxx">
      <Filter>Header files\XSDRAWSTLVRML</Filter>
    </ClInclude>
    <ClInclude Include="..\..\..\src\XSDRAWSTLVRML\XSDRAWSTLVRML_DataSource3D.hxx">
      <Filter>Header files\XSDRAWSTLVRML</Filter>
    </ClInclude>
    <ClInclude Include="..\..\..\src\XSDRAWSTLVRML\XSDRAWSTLVRML_DrawableMesh.hxx">
      <Filter>Header files\XSDRAWSTLVRML</Filter>
    </ClInclude>
    <ClInclude Include="..\..\..\src\XSDRAWSTLVRML\XSDRAWSTLVRML_ElemNodesMap.hxx">
      <Filter>Header files\XSDRAWSTLVRML</Filter>
    </ClInclude>
  </ItemGroup>
  <ItemGroup>
    <ResourceCompile Include="TKXSDRAW.rc" />
  </ItemGroup>
</Project>
