<?xml version="1.0" encoding="utf-8"?>
<Project ToolsVersion="17.0" xmlns="http://schemas.microsoft.com/developer/msbuild/2003">
  <ItemGroup>
    <ClCompile Include="C:\Users\JWagner\Downloads\mongo-cxx-driver-r3.10.0\src\mongocxx\test\bulk_write.cpp">
      <Filter>Source Files</Filter>
    </ClCompile>
    <ClCompile Include="C:\Users\JWagner\Downloads\mongo-cxx-driver-r3.10.0\src\mongocxx\test\change_streams.cpp">
      <Filter>Source Files</Filter>
    </ClCompile>
    <ClCompile Include="C:\Users\JWagner\Downloads\mongo-cxx-driver-r3.10.0\src\mongocxx\test\client_helpers.cpp">
      <Filter>Source Files</Filter>
    </ClCompile>
    <ClCompile Include="C:\Users\JWagner\Downloads\mongo-cxx-driver-r3.10.0\src\mongocxx\test\client_session.cpp">
      <Filter>Source Files</Filter>
    </ClCompile>
    <ClCompile Include="C:\Users\JWagner\Downloads\mongo-cxx-driver-r3.10.0\src\mongocxx\test\client_side_encryption.cpp">
      <Filter>Source Files</Filter>
    </ClCompile>
    <ClCompile Include="C:\Users\JWagner\Downloads\mongo-cxx-driver-r3.10.0\src\mongocxx\test\client.cpp">
      <Filter>Source Files</Filter>
    </ClCompile>
    <ClCompile Include="C:\Users\JWagner\Downloads\mongo-cxx-driver-r3.10.0\src\mongocxx\test\collection_mocked.cpp">
      <Filter>Source Files</Filter>
    </ClCompile>
    <ClCompile Include="C:\Users\JWagner\Downloads\mongo-cxx-driver-r3.10.0\src\mongocxx\test\collection.cpp">
      <Filter>Source Files</Filter>
    </ClCompile>
    <ClCompile Include="C:\Users\JWagner\Downloads\mongo-cxx-driver-r3.10.0\src\mongocxx\test\conversions.cpp">
      <Filter>Source Files</Filter>
    </ClCompile>
    <ClCompile Include="C:\Users\JWagner\Downloads\mongo-cxx-driver-r3.10.0\src\mongocxx\test\database.cpp">
      <Filter>Source Files</Filter>
    </ClCompile>
    <ClCompile Include="C:\Users\JWagner\Downloads\mongo-cxx-driver-r3.10.0\src\mongocxx\test\gridfs\bucket.cpp">
      <Filter>Source Files</Filter>
    </ClCompile>
    <ClCompile Include="C:\Users\JWagner\Downloads\mongo-cxx-driver-r3.10.0\src\mongocxx\test\gridfs\downloader.cpp">
      <Filter>Source Files</Filter>
    </ClCompile>
    <ClCompile Include="C:\Users\JWagner\Downloads\mongo-cxx-driver-r3.10.0\src\mongocxx\test\gridfs\uploader.cpp">
      <Filter>Source Files</Filter>
    </ClCompile>
    <ClCompile Include="C:\Users\JWagner\Downloads\mongo-cxx-driver-r3.10.0\src\mongocxx\test\hint.cpp">
      <Filter>Source Files</Filter>
    </ClCompile>
    <ClCompile Include="C:\Users\JWagner\Downloads\mongo-cxx-driver-r3.10.0\src\mongocxx\test\index_view.cpp">
      <Filter>Source Files</Filter>
    </ClCompile>
    <ClCompile Include="C:\Users\JWagner\Downloads\mongo-cxx-driver-r3.10.0\src\mongocxx\test\model\delete_many.cpp">
      <Filter>Source Files</Filter>
    </ClCompile>
    <ClCompile Include="C:\Users\JWagner\Downloads\mongo-cxx-driver-r3.10.0\src\mongocxx\test\model\delete_one.cpp">
      <Filter>Source Files</Filter>
    </ClCompile>
    <ClCompile Include="C:\Users\JWagner\Downloads\mongo-cxx-driver-r3.10.0\src\mongocxx\test\model\insert_one.cpp">
      <Filter>Source Files</Filter>
    </ClCompile>
    <ClCompile Include="C:\Users\JWagner\Downloads\mongo-cxx-driver-r3.10.0\src\mongocxx\test\model\replace_one.cpp">
      <Filter>Source Files</Filter>
    </ClCompile>
    <ClCompile Include="C:\Users\JWagner\Downloads\mongo-cxx-driver-r3.10.0\src\mongocxx\test\model\update_many.cpp">
      <Filter>Source Files</Filter>
    </ClCompile>
    <ClCompile Include="C:\Users\JWagner\Downloads\mongo-cxx-driver-r3.10.0\src\mongocxx\test\model\update_one.cpp">
      <Filter>Source Files</Filter>
    </ClCompile>
    <ClCompile Include="C:\Users\JWagner\Downloads\mongo-cxx-driver-r3.10.0\src\mongocxx\test\options\aggregate.cpp">
      <Filter>Source Files</Filter>
    </ClCompile>
    <ClCompile Include="C:\Users\JWagner\Downloads\mongo-cxx-driver-r3.10.0\src\mongocxx\test\options\bulk_write.cpp">
      <Filter>Source Files</Filter>
    </ClCompile>
    <ClCompile Include="C:\Users\JWagner\Downloads\mongo-cxx-driver-r3.10.0\src\mongocxx\test\options\client_session.cpp">
      <Filter>Source Files</Filter>
    </ClCompile>
    <ClCompile Include="C:\Users\JWagner\Downloads\mongo-cxx-driver-r3.10.0\src\mongocxx\test\options\count.cpp">
      <Filter>Source Files</Filter>
    </ClCompile>
    <ClCompile Include="C:\Users\JWagner\Downloads\mongo-cxx-driver-r3.10.0\src\mongocxx\test\options\create_collection.cpp">
      <Filter>Source Files</Filter>
    </ClCompile>
    <ClCompile Include="C:\Users\JWagner\Downloads\mongo-cxx-driver-r3.10.0\src\mongocxx\test\options\delete.cpp">
      <Filter>Source Files</Filter>
    </ClCompile>
    <ClCompile Include="C:\Users\JWagner\Downloads\mongo-cxx-driver-r3.10.0\src\mongocxx\test\options\distinct.cpp">
      <Filter>Source Files</Filter>
    </ClCompile>
    <ClCompile Include="C:\Users\JWagner\Downloads\mongo-cxx-driver-r3.10.0\src\mongocxx\test\options\find_one_and_delete.cpp">
      <Filter>Source Files</Filter>
    </ClCompile>
    <ClCompile Include="C:\Users\JWagner\Downloads\mongo-cxx-driver-r3.10.0\src\mongocxx\test\options\find_one_and_replace.cpp">
      <Filter>Source Files</Filter>
    </ClCompile>
    <ClCompile Include="C:\Users\JWagner\Downloads\mongo-cxx-driver-r3.10.0\src\mongocxx\test\options\find_one_and_update.cpp">
      <Filter>Source Files</Filter>
    </ClCompile>
    <ClCompile Include="C:\Users\JWagner\Downloads\mongo-cxx-driver-r3.10.0\src\mongocxx\test\options\find.cpp">
      <Filter>Source Files</Filter>
    </ClCompile>
    <ClCompile Include="C:\Users\JWagner\Downloads\mongo-cxx-driver-r3.10.0\src\mongocxx\test\options\gridfs\bucket.cpp">
      <Filter>Source Files</Filter>
    </ClCompile>
    <ClCompile Include="C:\Users\JWagner\Downloads\mongo-cxx-driver-r3.10.0\src\mongocxx\test\options\gridfs\upload.cpp">
      <Filter>Source Files</Filter>
    </ClCompile>
    <ClCompile Include="C:\Users\JWagner\Downloads\mongo-cxx-driver-r3.10.0\src\mongocxx\test\options\index.cpp">
      <Filter>Source Files</Filter>
    </ClCompile>
    <ClCompile Include="C:\Users\JWagner\Downloads\mongo-cxx-driver-r3.10.0\src\mongocxx\test\options\insert.cpp">
      <Filter>Source Files</Filter>
    </ClCompile>
    <ClCompile Include="C:\Users\JWagner\Downloads\mongo-cxx-driver-r3.10.0\src\mongocxx\test\options\pool.cpp">
      <Filter>Source Files</Filter>
    </ClCompile>
    <ClCompile Include="C:\Users\JWagner\Downloads\mongo-cxx-driver-r3.10.0\src\mongocxx\test\options\replace.cpp">
      <Filter>Source Files</Filter>
    </ClCompile>
    <ClCompile Include="C:\Users\JWagner\Downloads\mongo-cxx-driver-r3.10.0\src\mongocxx\test\options\update.cpp">
      <Filter>Source Files</Filter>
    </ClCompile>
    <ClCompile Include="C:\Users\JWagner\Downloads\mongo-cxx-driver-r3.10.0\src\mongocxx\test\pool.cpp">
      <Filter>Source Files</Filter>
    </ClCompile>
    <ClCompile Include="C:\Users\JWagner\Downloads\mongo-cxx-driver-r3.10.0\src\mongocxx\test\private\numeric_casting.cpp">
      <Filter>Source Files</Filter>
    </ClCompile>
    <ClCompile Include="C:\Users\JWagner\Downloads\mongo-cxx-driver-r3.10.0\src\mongocxx\test\private\scoped_bson_t.cpp">
      <Filter>Source Files</Filter>
    </ClCompile>
    <ClCompile Include="C:\Users\JWagner\Downloads\mongo-cxx-driver-r3.10.0\src\mongocxx\test\private\write_concern.cpp">
      <Filter>Source Files</Filter>
    </ClCompile>
    <ClCompile Include="C:\Users\JWagner\Downloads\mongo-cxx-driver-r3.10.0\src\mongocxx\test\read_concern.cpp">
      <Filter>Source Files</Filter>
    </ClCompile>
    <ClCompile Include="C:\Users\JWagner\Downloads\mongo-cxx-driver-r3.10.0\src\mongocxx\test\read_preference.cpp">
      <Filter>Source Files</Filter>
    </ClCompile>
    <ClCompile Include="C:\Users\JWagner\Downloads\mongo-cxx-driver-r3.10.0\src\mongocxx\test\result\bulk_write.cpp">
      <Filter>Source Files</Filter>
    </ClCompile>
    <ClCompile Include="C:\Users\JWagner\Downloads\mongo-cxx-driver-r3.10.0\src\mongocxx\test\result\delete.cpp">
      <Filter>Source Files</Filter>
    </ClCompile>
    <ClCompile Include="C:\Users\JWagner\Downloads\mongo-cxx-driver-r3.10.0\src\mongocxx\test\result\gridfs\upload.cpp">
      <Filter>Source Files</Filter>
    </ClCompile>
    <ClCompile Include="C:\Users\JWagner\Downloads\mongo-cxx-driver-r3.10.0\src\mongocxx\test\result\insert_one.cpp">
      <Filter>Source Files</Filter>
    </ClCompile>
    <ClCompile Include="C:\Users\JWagner\Downloads\mongo-cxx-driver-r3.10.0\src\mongocxx\test\result\replace_one.cpp">
      <Filter>Source Files</Filter>
    </ClCompile>
    <ClCompile Include="C:\Users\JWagner\Downloads\mongo-cxx-driver-r3.10.0\src\mongocxx\test\result\update.cpp">
      <Filter>Source Files</Filter>
    </ClCompile>
    <ClCompile Include="C:\Users\JWagner\Downloads\mongo-cxx-driver-r3.10.0\src\mongocxx\test\sdam-monitoring.cpp">
      <Filter>Source Files</Filter>
    </ClCompile>
    <ClCompile Include="C:\Users\JWagner\Downloads\mongo-cxx-driver-r3.10.0\src\mongocxx\test\search_index_view.cpp">
      <Filter>Source Files</Filter>
    </ClCompile>
    <ClCompile Include="C:\Users\JWagner\Downloads\mongo-cxx-driver-r3.10.0\src\mongocxx\test\spec\initial_dns_seedlist_discovery.cpp">
      <Filter>Source Files</Filter>
    </ClCompile>
    <ClCompile Include="C:\Users\JWagner\Downloads\mongo-cxx-driver-r3.10.0\src\mongocxx\test\spec\monitoring.cpp">
      <Filter>Source Files</Filter>
    </ClCompile>
    <ClCompile Include="C:\Users\JWagner\Downloads\mongo-cxx-driver-r3.10.0\src\mongocxx\test\spec\unified_tests\assert.cpp">
      <Filter>Source Files</Filter>
    </ClCompile>
    <ClCompile Include="C:\Users\JWagner\Downloads\mongo-cxx-driver-r3.10.0\src\mongocxx\test\spec\unified_tests\entity.cpp">
      <Filter>Source Files</Filter>
    </ClCompile>
    <ClCompile Include="C:\Users\JWagner\Downloads\mongo-cxx-driver-r3.10.0\src\mongocxx\test\spec\uri_options.cpp">
      <Filter>Source Files</Filter>
    </ClCompile>
    <ClCompile Include="C:\Users\JWagner\Downloads\mongo-cxx-driver-r3.10.0\src\mongocxx\test\transactions.cpp">
      <Filter>Source Files</Filter>
    </ClCompile>
    <ClCompile Include="C:\Users\JWagner\Downloads\mongo-cxx-driver-r3.10.0\src\mongocxx\test\uri.cpp">
      <Filter>Source Files</Filter>
    </ClCompile>
    <ClCompile Include="C:\Users\JWagner\Downloads\mongo-cxx-driver-r3.10.0\src\mongocxx\test\validation_criteria.cpp">
      <Filter>Source Files</Filter>
    </ClCompile>
    <ClCompile Include="C:\Users\JWagner\Downloads\mongo-cxx-driver-r3.10.0\src\mongocxx\test\write_concern.cpp">
      <Filter>Source Files</Filter>
    </ClCompile>
  </ItemGroup>
  <ItemGroup>
    <ClInclude Include="C:\Users\JWagner\Downloads\mongo-cxx-driver-r3.10.0\src\mongocxx\test\spec\monitoring.hh">
      <Filter>Header Files</Filter>
    </ClInclude>
  </ItemGroup>
  <ItemGroup>
    <CustomBuild Include="C:\Users\JWagner\Downloads\mongo-cxx-driver-r3.10.0\src\mongocxx\test\CMakeLists.txt" />
  </ItemGroup>
  <ItemGroup>
    <Filter Include="Header Files">
      <UniqueIdentifier>{5FBAC8A0-32B0-3DFC-A245-6E42F6835BB8}</UniqueIdentifier>
    </Filter>
    <Filter Include="Source Files">
      <UniqueIdentifier>{0D7E9D80-1CEA-3078-A887-DEB4D270A699}</UniqueIdentifier>
    </Filter>
  </ItemGroup>
</Project>
