<?xml version="1.0" encoding="utf-8"?>
<Project ToolsVersion="15.0" xmlns="http://schemas.microsoft.com/developer/msbuild/2003">
  <ItemGroup>
    <ClCompile Include="C:\Daten\Projekte\SimulationPlatform\Third_Party_Libraries\vtk\VTK-9.0.3\Filters\FlowPaths\vtkAbstractInterpolatedVelocityField.cxx">
      <Filter>Source Files</Filter>
    </ClCompile>
    <ClCompile Include="C:\Daten\Projekte\SimulationPlatform\Third_Party_Libraries\vtk\VTK-9.0.3\Filters\FlowPaths\vtkAMRInterpolatedVelocityField.cxx">
      <Filter>Source Files</Filter>
    </ClCompile>
    <ClCompile Include="C:\Daten\Projekte\SimulationPlatform\Third_Party_Libraries\vtk\VTK-9.0.3\Filters\FlowPaths\vtkCachingInterpolatedVelocityField.cxx">
      <Filter>Source Files</Filter>
    </ClCompile>
    <ClCompile Include="C:\Daten\Projekte\SimulationPlatform\Third_Party_Libraries\vtk\VTK-9.0.3\Filters\FlowPaths\vtkCellLocatorInterpolatedVelocityField.cxx">
      <Filter>Source Files</Filter>
    </ClCompile>
    <ClCompile Include="C:\Daten\Projekte\SimulationPlatform\Third_Party_Libraries\vtk\VTK-9.0.3\Filters\FlowPaths\vtkCompositeInterpolatedVelocityField.cxx">
      <Filter>Source Files</Filter>
    </ClCompile>
    <ClCompile Include="C:\Daten\Projekte\SimulationPlatform\Third_Party_Libraries\vtk\VTK-9.0.3\Filters\FlowPaths\vtkEvenlySpacedStreamlines2D.cxx">
      <Filter>Source Files</Filter>
    </ClCompile>
    <ClCompile Include="C:\Daten\Projekte\SimulationPlatform\Third_Party_Libraries\vtk\VTK-9.0.3\Filters\FlowPaths\vtkInterpolatedVelocityField.cxx">
      <Filter>Source Files</Filter>
    </ClCompile>
    <ClCompile Include="C:\Daten\Projekte\SimulationPlatform\Third_Party_Libraries\vtk\VTK-9.0.3\Filters\FlowPaths\vtkLagrangianBasicIntegrationModel.cxx">
      <Filter>Source Files</Filter>
    </ClCompile>
    <ClCompile Include="C:\Daten\Projekte\SimulationPlatform\Third_Party_Libraries\vtk\VTK-9.0.3\Filters\FlowPaths\vtkLagrangianMatidaIntegrationModel.cxx">
      <Filter>Source Files</Filter>
    </ClCompile>
    <ClCompile Include="C:\Daten\Projekte\SimulationPlatform\Third_Party_Libraries\vtk\VTK-9.0.3\Filters\FlowPaths\vtkLagrangianParticle.cxx">
      <Filter>Source Files</Filter>
    </ClCompile>
    <ClCompile Include="C:\Daten\Projekte\SimulationPlatform\Third_Party_Libraries\vtk\VTK-9.0.3\Filters\FlowPaths\vtkLagrangianParticleTracker.cxx">
      <Filter>Source Files</Filter>
    </ClCompile>
    <ClCompile Include="C:\Daten\Projekte\SimulationPlatform\Third_Party_Libraries\vtk\VTK-9.0.3\Filters\FlowPaths\vtkModifiedBSPTree.cxx">
      <Filter>Source Files</Filter>
    </ClCompile>
    <ClCompile Include="C:\Daten\Projekte\SimulationPlatform\Third_Party_Libraries\vtk\VTK-9.0.3\Filters\FlowPaths\vtkParticlePathFilter.cxx">
      <Filter>Source Files</Filter>
    </ClCompile>
    <ClCompile Include="C:\Daten\Projekte\SimulationPlatform\Third_Party_Libraries\vtk\VTK-9.0.3\Filters\FlowPaths\vtkParticleTracer.cxx">
      <Filter>Source Files</Filter>
    </ClCompile>
    <ClCompile Include="C:\Daten\Projekte\SimulationPlatform\Third_Party_Libraries\vtk\VTK-9.0.3\Filters\FlowPaths\vtkParticleTracerBase.cxx">
      <Filter>Source Files</Filter>
    </ClCompile>
    <ClCompile Include="C:\Daten\Projekte\SimulationPlatform\Third_Party_Libraries\vtk\VTK-9.0.3\Filters\FlowPaths\vtkStreaklineFilter.cxx">
      <Filter>Source Files</Filter>
    </ClCompile>
    <ClCompile Include="C:\Daten\Projekte\SimulationPlatform\Third_Party_Libraries\vtk\VTK-9.0.3\Filters\FlowPaths\vtkStreamTracer.cxx">
      <Filter>Source Files</Filter>
    </ClCompile>
    <ClCompile Include="C:\Daten\Projekte\SimulationPlatform\Third_Party_Libraries\vtk\VTK-9.0.3\Filters\FlowPaths\vtkTemporalInterpolatedVelocityField.cxx">
      <Filter>Source Files</Filter>
    </ClCompile>
    <ClCompile Include="C:\Daten\Projekte\SimulationPlatform\Third_Party_Libraries\vtk\VTK-9.0.3\Filters\FlowPaths\vtkTemporalStreamTracer.cxx">
      <Filter>Source Files</Filter>
    </ClCompile>
  </ItemGroup>
  <ItemGroup>
    <ClInclude Include="C:\Daten\Projekte\SimulationPlatform\Third_Party_Libraries\vtk\VTK-9.0.3\Filters\FlowPaths\vtkAbstractInterpolatedVelocityField.h">
      <Filter>Header Files</Filter>
    </ClInclude>
    <ClInclude Include="C:\Daten\Projekte\SimulationPlatform\Third_Party_Libraries\vtk\VTK-9.0.3\Filters\FlowPaths\vtkAMRInterpolatedVelocityField.h">
      <Filter>Header Files</Filter>
    </ClInclude>
    <ClInclude Include="C:\Daten\Projekte\SimulationPlatform\Third_Party_Libraries\vtk\VTK-9.0.3\Filters\FlowPaths\vtkCachingInterpolatedVelocityField.h">
      <Filter>Header Files</Filter>
    </ClInclude>
    <ClInclude Include="C:\Daten\Projekte\SimulationPlatform\Third_Party_Libraries\vtk\VTK-9.0.3\Filters\FlowPaths\vtkCellLocatorInterpolatedVelocityField.h">
      <Filter>Header Files</Filter>
    </ClInclude>
    <ClInclude Include="C:\Daten\Projekte\SimulationPlatform\Third_Party_Libraries\vtk\VTK-9.0.3\Filters\FlowPaths\vtkCompositeInterpolatedVelocityField.h">
      <Filter>Header Files</Filter>
    </ClInclude>
    <ClInclude Include="C:\Daten\Projekte\SimulationPlatform\Third_Party_Libraries\vtk\VTK-9.0.3\Filters\FlowPaths\vtkEvenlySpacedStreamlines2D.h">
      <Filter>Header Files</Filter>
    </ClInclude>
    <ClInclude Include="C:\Daten\Projekte\SimulationPlatform\Third_Party_Libraries\vtk\VTK-9.0.3\Filters\FlowPaths\vtkInterpolatedVelocityField.h">
      <Filter>Header Files</Filter>
    </ClInclude>
    <ClInclude Include="C:\Daten\Projekte\SimulationPlatform\Third_Party_Libraries\vtk\VTK-9.0.3\Filters\FlowPaths\vtkLagrangianBasicIntegrationModel.h">
      <Filter>Header Files</Filter>
    </ClInclude>
    <ClInclude Include="C:\Daten\Projekte\SimulationPlatform\Third_Party_Libraries\vtk\VTK-9.0.3\Filters\FlowPaths\vtkLagrangianMatidaIntegrationModel.h">
      <Filter>Header Files</Filter>
    </ClInclude>
    <ClInclude Include="C:\Daten\Projekte\SimulationPlatform\Third_Party_Libraries\vtk\VTK-9.0.3\Filters\FlowPaths\vtkLagrangianParticle.h">
      <Filter>Header Files</Filter>
    </ClInclude>
    <ClInclude Include="C:\Daten\Projekte\SimulationPlatform\Third_Party_Libraries\vtk\VTK-9.0.3\Filters\FlowPaths\vtkLagrangianParticleTracker.h">
      <Filter>Header Files</Filter>
    </ClInclude>
    <ClInclude Include="C:\Daten\Projekte\SimulationPlatform\Third_Party_Libraries\vtk\VTK-9.0.3\Filters\FlowPaths\vtkModifiedBSPTree.h">
      <Filter>Header Files</Filter>
    </ClInclude>
    <ClInclude Include="C:\Daten\Projekte\SimulationPlatform\Third_Party_Libraries\vtk\VTK-9.0.3\Filters\FlowPaths\vtkParticlePathFilter.h">
      <Filter>Header Files</Filter>
    </ClInclude>
    <ClInclude Include="C:\Daten\Projekte\SimulationPlatform\Third_Party_Libraries\vtk\VTK-9.0.3\Filters\FlowPaths\vtkParticleTracer.h">
      <Filter>Header Files</Filter>
    </ClInclude>
    <ClInclude Include="C:\Daten\Projekte\SimulationPlatform\Third_Party_Libraries\vtk\VTK-9.0.3\Filters\FlowPaths\vtkParticleTracerBase.h">
      <Filter>Header Files</Filter>
    </ClInclude>
    <ClInclude Include="C:\Daten\Projekte\SimulationPlatform\Third_Party_Libraries\vtk\VTK-9.0.3\Filters\FlowPaths\vtkStreaklineFilter.h">
      <Filter>Header Files</Filter>
    </ClInclude>
    <ClInclude Include="C:\Daten\Projekte\SimulationPlatform\Third_Party_Libraries\vtk\VTK-9.0.3\Filters\FlowPaths\vtkStreamTracer.h">
      <Filter>Header Files</Filter>
    </ClInclude>
    <ClInclude Include="C:\Daten\Projekte\SimulationPlatform\Third_Party_Libraries\vtk\VTK-9.0.3\Filters\FlowPaths\vtkTemporalInterpolatedVelocityField.h">
      <Filter>Header Files</Filter>
    </ClInclude>
    <ClInclude Include="C:\Daten\Projekte\SimulationPlatform\Third_Party_Libraries\vtk\VTK-9.0.3\Filters\FlowPaths\vtkTemporalStreamTracer.h">
      <Filter>Header Files</Filter>
    </ClInclude>
    <ClInclude Include="C:\Daten\Projekte\SimulationPlatform\Third_Party_Libraries\vtk\VTK-9.0.3\build_Win64\Filters\FlowPaths\vtkFiltersFlowPathsModule.h">
      <Filter>Header Files</Filter>
    </ClInclude>
  </ItemGroup>
  <ItemGroup>
    <CustomBuild Include="C:\Daten\Projekte\SimulationPlatform\Third_Party_Libraries\vtk\VTK-9.0.3\Filters\FlowPaths\CMakeLists.txt" />
  </ItemGroup>
  <ItemGroup>
    <Filter Include="Header Files">
      <UniqueIdentifier>{31B23582-61DA-37D8-A712-8AF3E3BB9C1E}</UniqueIdentifier>
    </Filter>
    <Filter Include="Source Files">
      <UniqueIdentifier>{FE87D4A9-62AE-3E24-876D-ADD71C20CAD6}</UniqueIdentifier>
    </Filter>
  </ItemGroup>
</Project>
