
Microsoft Visual Studio Solution File, Format Version 12.00
# Visual Studio Version 17
Project("{8BC9CEB8-8B4A-11D0-8D11-00A0C91BC942}") = "ALL_BUILD", "ALL_BUILD.vcxproj", "{7B5360FB-C4ED-3311-87D1-0078CD758CFD}"
	ProjectSection(ProjectDependencies) = postProject
		{E579EE87-AF60-3F13-901D-C27F4875B147} = {E579EE87-AF60-3F13-901D-C27F4875B147}
		{19735BA6-2E13-3831-A290-608B07F7CBE2} = {19735BA6-2E13-3831-A290-608B07F7CBE2}
		{8F4C08B7-7113-37C8-B03F-23FF139DD9C0} = {8F4C08B7-7113-37C8-B03F-23FF139DD9C0}
	EndProjectSection
EndProject
Project("{8BC9CEB8-8B4A-11D0-8D11-00A0C91BC942}") = "INSTALL", "INSTALL.vcxproj", "{DEEC9E7F-A5D9-3433-9D8A-A3B305B5DEC6}"
	ProjectSection(ProjectDependencies) = postProject
		{7B5360FB-C4ED-3311-87D1-0078CD758CFD} = {7B5360FB-C4ED-3311-87D1-0078CD758CFD}
		{E579EE87-AF60-3F13-901D-C27F4875B147} = {E579EE87-AF60-3F13-901D-C27F4875B147}
	EndProjectSection
EndProject
Project("{8BC9CEB8-8B4A-11D0-8D11-00A0C91BC942}") = "PACKAGE", "PACKAGE.vcxproj", "{DB7F88A4-F506-33A8-9398-E131019F91EA}"
	ProjectSection(ProjectDependencies) = postProject
		{7B5360FB-C4ED-3311-87D1-0078CD758CFD} = {7B5360FB-C4ED-3311-87D1-0078CD758CFD}
		{E579EE87-AF60-3F13-901D-C27F4875B147} = {E579EE87-AF60-3F13-901D-C27F4875B147}
	EndProjectSection
EndProject
Project("{8BC9CEB8-8B4A-11D0-8D11-00A0C91BC942}") = "RUN_TESTS", "RUN_TESTS.vcxproj", "{A9AEFEC8-597C-338A-83DA-8A74193C1797}"
	ProjectSection(ProjectDependencies) = postProject
		{E579EE87-AF60-3F13-901D-C27F4875B147} = {E579EE87-AF60-3F13-901D-C27F4875B147}
	EndProjectSection
EndProject
Project("{8BC9CEB8-8B4A-11D0-8D11-00A0C91BC942}") = "ZERO_CHECK", "ZERO_CHECK.vcxproj", "{E579EE87-AF60-3F13-901D-C27F4875B147}"
	ProjectSection(ProjectDependencies) = postProject
	EndProjectSection
EndProject
Project("{8BC9CEB8-8B4A-11D0-8D11-00A0C91BC942}") = "bsoncxx_shared", "src\bsoncxx\bsoncxx_shared.vcxproj", "{19735BA6-2E13-3831-A290-608B07F7CBE2}"
	ProjectSection(ProjectDependencies) = postProject
		{E579EE87-AF60-3F13-901D-C27F4875B147} = {E579EE87-AF60-3F13-901D-C27F4875B147}
		{07A563FE-0F63-302B-8F7A-487D97F70E6D} = {07A563FE-0F63-302B-8F7A-487D97F70E6D}
	EndProjectSection
EndProject
Project("{8BC9CEB8-8B4A-11D0-8D11-00A0C91BC942}") = "dist", "dist.vcxproj", "{6E4BBC6B-32D5-30FC-A5DA-DF947FD16000}"
	ProjectSection(ProjectDependencies) = postProject
		{E579EE87-AF60-3F13-901D-C27F4875B147} = {E579EE87-AF60-3F13-901D-C27F4875B147}
	EndProjectSection
EndProject
Project("{8BC9CEB8-8B4A-11D0-8D11-00A0C91BC942}") = "distcheck", "distcheck.vcxproj", "{BA418203-C5A9-3E2C-900F-04938E7283EF}"
	ProjectSection(ProjectDependencies) = postProject
		{E579EE87-AF60-3F13-901D-C27F4875B147} = {E579EE87-AF60-3F13-901D-C27F4875B147}
		{6E4BBC6B-32D5-30FC-A5DA-DF947FD16000} = {6E4BBC6B-32D5-30FC-A5DA-DF947FD16000}
	EndProjectSection
EndProject
Project("{8BC9CEB8-8B4A-11D0-8D11-00A0C91BC942}") = "docs", "docs.vcxproj", "{18F003C0-89A2-3194-999B-7527AC377B38}"
	ProjectSection(ProjectDependencies) = postProject
		{E579EE87-AF60-3F13-901D-C27F4875B147} = {E579EE87-AF60-3F13-901D-C27F4875B147}
		{FD73940F-92FB-3A0A-818C-B3498C3F2F06} = {FD73940F-92FB-3A0A-818C-B3498C3F2F06}
		{B0173E2B-21CE-3D0D-91EB-AB344B3D753B} = {B0173E2B-21CE-3D0D-91EB-AB344B3D753B}
	EndProjectSection
EndProject
Project("{8BC9CEB8-8B4A-11D0-8D11-00A0C91BC942}") = "docs_dir_current", "docs_dir_current.vcxproj", "{875C921D-EC15-30AB-BD74-19FB90821746}"
	ProjectSection(ProjectDependencies) = postProject
		{E579EE87-AF60-3F13-901D-C27F4875B147} = {E579EE87-AF60-3F13-901D-C27F4875B147}
	EndProjectSection
EndProject
Project("{8BC9CEB8-8B4A-11D0-8D11-00A0C91BC942}") = "doxygen-all", "doxygen-all.vcxproj", "{00AC1C50-F87F-3AF6-B884-C74291C2D328}"
	ProjectSection(ProjectDependencies) = postProject
		{E579EE87-AF60-3F13-901D-C27F4875B147} = {E579EE87-AF60-3F13-901D-C27F4875B147}
	EndProjectSection
EndProject
Project("{8BC9CEB8-8B4A-11D0-8D11-00A0C91BC942}") = "doxygen-current", "doxygen-current.vcxproj", "{FD73940F-92FB-3A0A-818C-B3498C3F2F06}"
	ProjectSection(ProjectDependencies) = postProject
		{E579EE87-AF60-3F13-901D-C27F4875B147} = {E579EE87-AF60-3F13-901D-C27F4875B147}
		{875C921D-EC15-30AB-BD74-19FB90821746} = {875C921D-EC15-30AB-BD74-19FB90821746}
	EndProjectSection
EndProject
Project("{8BC9CEB8-8B4A-11D0-8D11-00A0C91BC942}") = "doxygen-deploy", "doxygen-deploy.vcxproj", "{D4839E84-19E5-3534-B433-6D155214EB56}"
	ProjectSection(ProjectDependencies) = postProject
		{E579EE87-AF60-3F13-901D-C27F4875B147} = {E579EE87-AF60-3F13-901D-C27F4875B147}
		{00AC1C50-F87F-3AF6-B884-C74291C2D328} = {00AC1C50-F87F-3AF6-B884-C74291C2D328}
	EndProjectSection
EndProject
Project("{8BC9CEB8-8B4A-11D0-8D11-00A0C91BC942}") = "format", "format.vcxproj", "{B759BB50-2361-374A-9BFE-F0C29D37EC17}"
	ProjectSection(ProjectDependencies) = postProject
		{E579EE87-AF60-3F13-901D-C27F4875B147} = {E579EE87-AF60-3F13-901D-C27F4875B147}
	EndProjectSection
EndProject
Project("{8BC9CEB8-8B4A-11D0-8D11-00A0C91BC942}") = "format-lint", "format-lint.vcxproj", "{EADEF240-CE6B-3B44-BFA1-A74F5992CA2A}"
	ProjectSection(ProjectDependencies) = postProject
		{E579EE87-AF60-3F13-901D-C27F4875B147} = {E579EE87-AF60-3F13-901D-C27F4875B147}
	EndProjectSection
EndProject
Project("{8BC9CEB8-8B4A-11D0-8D11-00A0C91BC942}") = "generate-libbsoncxx_shared-pc", "src\bsoncxx\cmake\generate-libbsoncxx_shared-pc.vcxproj", "{07A563FE-0F63-302B-8F7A-487D97F70E6D}"
	ProjectSection(ProjectDependencies) = postProject
		{E579EE87-AF60-3F13-901D-C27F4875B147} = {E579EE87-AF60-3F13-901D-C27F4875B147}
	EndProjectSection
EndProject
Project("{8BC9CEB8-8B4A-11D0-8D11-00A0C91BC942}") = "generate-libmongocxx_shared-pc", "src\mongocxx\cmake\generate-libmongocxx_shared-pc.vcxproj", "{2F87AE33-80FF-3EBF-9077-DB7E05C25FB7}"
	ProjectSection(ProjectDependencies) = postProject
		{E579EE87-AF60-3F13-901D-C27F4875B147} = {E579EE87-AF60-3F13-901D-C27F4875B147}
	EndProjectSection
EndProject
Project("{8BC9CEB8-8B4A-11D0-8D11-00A0C91BC942}") = "hugo", "hugo.vcxproj", "{B0173E2B-21CE-3D0D-91EB-AB344B3D753B}"
	ProjectSection(ProjectDependencies) = postProject
		{E579EE87-AF60-3F13-901D-C27F4875B147} = {E579EE87-AF60-3F13-901D-C27F4875B147}
		{A54188B0-F07D-3E57-845D-1083F33C3346} = {A54188B0-F07D-3E57-845D-1083F33C3346}
	EndProjectSection
EndProject
Project("{8BC9CEB8-8B4A-11D0-8D11-00A0C91BC942}") = "hugo-deploy", "hugo-deploy.vcxproj", "{CF838858-6312-30DB-98CA-D69CBCC59D82}"
	ProjectSection(ProjectDependencies) = postProject
		{E579EE87-AF60-3F13-901D-C27F4875B147} = {E579EE87-AF60-3F13-901D-C27F4875B147}
		{B0173E2B-21CE-3D0D-91EB-AB344B3D753B} = {B0173E2B-21CE-3D0D-91EB-AB344B3D753B}
	EndProjectSection
EndProject
Project("{8BC9CEB8-8B4A-11D0-8D11-00A0C91BC942}") = "hugo_dir", "hugo_dir.vcxproj", "{A54188B0-F07D-3E57-845D-1083F33C3346}"
	ProjectSection(ProjectDependencies) = postProject
		{E579EE87-AF60-3F13-901D-C27F4875B147} = {E579EE87-AF60-3F13-901D-C27F4875B147}
	EndProjectSection
EndProject
Project("{8BC9CEB8-8B4A-11D0-8D11-00A0C91BC942}") = "mongocxx_shared", "src\mongocxx\mongocxx_shared.vcxproj", "{8F4C08B7-7113-37C8-B03F-23FF139DD9C0}"
	ProjectSection(ProjectDependencies) = postProject
		{E579EE87-AF60-3F13-901D-C27F4875B147} = {E579EE87-AF60-3F13-901D-C27F4875B147}
		{19735BA6-2E13-3831-A290-608B07F7CBE2} = {19735BA6-2E13-3831-A290-608B07F7CBE2}
		{2F87AE33-80FF-3EBF-9077-DB7E05C25FB7} = {2F87AE33-80FF-3EBF-9077-DB7E05C25FB7}
	EndProjectSection
EndProject
Project("{8BC9CEB8-8B4A-11D0-8D11-00A0C91BC942}") = "uninstall", "generate_uninstall\uninstall.vcxproj", "{4477667A-0475-3E91-B1EC-B45159C2E27B}"
	ProjectSection(ProjectDependencies) = postProject
		{E579EE87-AF60-3F13-901D-C27F4875B147} = {E579EE87-AF60-3F13-901D-C27F4875B147}
	EndProjectSection
EndProject
Global
	GlobalSection(SolutionConfigurationPlatforms) = preSolution
		Debug|x64 = Debug|x64
		Release|x64 = Release|x64
	EndGlobalSection
	GlobalSection(ProjectConfigurationPlatforms) = postSolution
		{7B5360FB-C4ED-3311-87D1-0078CD758CFD}.Debug|x64.ActiveCfg = Debug|x64
		{7B5360FB-C4ED-3311-87D1-0078CD758CFD}.Debug|x64.Build.0 = Debug|x64
		{7B5360FB-C4ED-3311-87D1-0078CD758CFD}.Release|x64.ActiveCfg = Release|x64
		{7B5360FB-C4ED-3311-87D1-0078CD758CFD}.Release|x64.Build.0 = Release|x64
		{DEEC9E7F-A5D9-3433-9D8A-A3B305B5DEC6}.Debug|x64.ActiveCfg = Debug|x64
		{DEEC9E7F-A5D9-3433-9D8A-A3B305B5DEC6}.Release|x64.ActiveCfg = Release|x64
		{DB7F88A4-F506-33A8-9398-E131019F91EA}.Debug|x64.ActiveCfg = Debug|x64
		{DB7F88A4-F506-33A8-9398-E131019F91EA}.Release|x64.ActiveCfg = Release|x64
		{A9AEFEC8-597C-338A-83DA-8A74193C1797}.Debug|x64.ActiveCfg = Debug|x64
		{A9AEFEC8-597C-338A-83DA-8A74193C1797}.Release|x64.ActiveCfg = Release|x64
		{E579EE87-AF60-3F13-901D-C27F4875B147}.Debug|x64.ActiveCfg = Debug|x64
		{E579EE87-AF60-3F13-901D-C27F4875B147}.Debug|x64.Build.0 = Debug|x64
		{E579EE87-AF60-3F13-901D-C27F4875B147}.Release|x64.ActiveCfg = Release|x64
		{E579EE87-AF60-3F13-901D-C27F4875B147}.Release|x64.Build.0 = Release|x64
		{19735BA6-2E13-3831-A290-608B07F7CBE2}.Debug|x64.ActiveCfg = Debug|x64
		{19735BA6-2E13-3831-A290-608B07F7CBE2}.Debug|x64.Build.0 = Debug|x64
		{19735BA6-2E13-3831-A290-608B07F7CBE2}.Release|x64.ActiveCfg = Release|x64
		{19735BA6-2E13-3831-A290-608B07F7CBE2}.Release|x64.Build.0 = Release|x64
		{6E4BBC6B-32D5-30FC-A5DA-DF947FD16000}.Debug|x64.ActiveCfg = Debug|x64
		{6E4BBC6B-32D5-30FC-A5DA-DF947FD16000}.Debug|x64.Build.0 = Debug|x64
		{6E4BBC6B-32D5-30FC-A5DA-DF947FD16000}.Release|x64.ActiveCfg = Release|x64
		{6E4BBC6B-32D5-30FC-A5DA-DF947FD16000}.Release|x64.Build.0 = Release|x64
		{BA418203-C5A9-3E2C-900F-04938E7283EF}.Debug|x64.ActiveCfg = Debug|x64
		{BA418203-C5A9-3E2C-900F-04938E7283EF}.Release|x64.ActiveCfg = Release|x64
		{18F003C0-89A2-3194-999B-7527AC377B38}.Debug|x64.ActiveCfg = Debug|x64
		{18F003C0-89A2-3194-999B-7527AC377B38}.Release|x64.ActiveCfg = Release|x64
		{875C921D-EC15-30AB-BD74-19FB90821746}.Debug|x64.ActiveCfg = Debug|x64
		{875C921D-EC15-30AB-BD74-19FB90821746}.Debug|x64.Build.0 = Debug|x64
		{875C921D-EC15-30AB-BD74-19FB90821746}.Release|x64.ActiveCfg = Release|x64
		{875C921D-EC15-30AB-BD74-19FB90821746}.Release|x64.Build.0 = Release|x64
		{00AC1C50-F87F-3AF6-B884-C74291C2D328}.Debug|x64.ActiveCfg = Debug|x64
		{00AC1C50-F87F-3AF6-B884-C74291C2D328}.Debug|x64.Build.0 = Debug|x64
		{00AC1C50-F87F-3AF6-B884-C74291C2D328}.Release|x64.ActiveCfg = Release|x64
		{00AC1C50-F87F-3AF6-B884-C74291C2D328}.Release|x64.Build.0 = Release|x64
		{FD73940F-92FB-3A0A-818C-B3498C3F2F06}.Debug|x64.ActiveCfg = Debug|x64
		{FD73940F-92FB-3A0A-818C-B3498C3F2F06}.Debug|x64.Build.0 = Debug|x64
		{FD73940F-92FB-3A0A-818C-B3498C3F2F06}.Release|x64.ActiveCfg = Release|x64
		{FD73940F-92FB-3A0A-818C-B3498C3F2F06}.Release|x64.Build.0 = Release|x64
		{D4839E84-19E5-3534-B433-6D155214EB56}.Debug|x64.ActiveCfg = Debug|x64
		{D4839E84-19E5-3534-B433-6D155214EB56}.Release|x64.ActiveCfg = Release|x64
		{B759BB50-2361-374A-9BFE-F0C29D37EC17}.Debug|x64.ActiveCfg = Debug|x64
		{B759BB50-2361-374A-9BFE-F0C29D37EC17}.Release|x64.ActiveCfg = Release|x64
		{EADEF240-CE6B-3B44-BFA1-A74F5992CA2A}.Debug|x64.ActiveCfg = Debug|x64
		{EADEF240-CE6B-3B44-BFA1-A74F5992CA2A}.Release|x64.ActiveCfg = Release|x64
		{07A563FE-0F63-302B-8F7A-487D97F70E6D}.Debug|x64.ActiveCfg = Debug|x64
		{07A563FE-0F63-302B-8F7A-487D97F70E6D}.Debug|x64.Build.0 = Debug|x64
		{07A563FE-0F63-302B-8F7A-487D97F70E6D}.Release|x64.ActiveCfg = Release|x64
		{07A563FE-0F63-302B-8F7A-487D97F70E6D}.Release|x64.Build.0 = Release|x64
		{2F87AE33-80FF-3EBF-9077-DB7E05C25FB7}.Debug|x64.ActiveCfg = Debug|x64
		{2F87AE33-80FF-3EBF-9077-DB7E05C25FB7}.Debug|x64.Build.0 = Debug|x64
		{2F87AE33-80FF-3EBF-9077-DB7E05C25FB7}.Release|x64.ActiveCfg = Release|x64
		{2F87AE33-80FF-3EBF-9077-DB7E05C25FB7}.Release|x64.Build.0 = Release|x64
		{B0173E2B-21CE-3D0D-91EB-AB344B3D753B}.Debug|x64.ActiveCfg = Debug|x64
		{B0173E2B-21CE-3D0D-91EB-AB344B3D753B}.Debug|x64.Build.0 = Debug|x64
		{B0173E2B-21CE-3D0D-91EB-AB344B3D753B}.Release|x64.ActiveCfg = Release|x64
		{B0173E2B-21CE-3D0D-91EB-AB344B3D753B}.Release|x64.Build.0 = Release|x64
		{CF838858-6312-30DB-98CA-D69CBCC59D82}.Debug|x64.ActiveCfg = Debug|x64
		{CF838858-6312-30DB-98CA-D69CBCC59D82}.Release|x64.ActiveCfg = Release|x64
		{A54188B0-F07D-3E57-845D-1083F33C3346}.Debug|x64.ActiveCfg = Debug|x64
		{A54188B0-F07D-3E57-845D-1083F33C3346}.Debug|x64.Build.0 = Debug|x64
		{A54188B0-F07D-3E57-845D-1083F33C3346}.Release|x64.ActiveCfg = Release|x64
		{A54188B0-F07D-3E57-845D-1083F33C3346}.Release|x64.Build.0 = Release|x64
		{8F4C08B7-7113-37C8-B03F-23FF139DD9C0}.Debug|x64.ActiveCfg = Debug|x64
		{8F4C08B7-7113-37C8-B03F-23FF139DD9C0}.Debug|x64.Build.0 = Debug|x64
		{8F4C08B7-7113-37C8-B03F-23FF139DD9C0}.Release|x64.ActiveCfg = Release|x64
		{8F4C08B7-7113-37C8-B03F-23FF139DD9C0}.Release|x64.Build.0 = Release|x64
		{4477667A-0475-3E91-B1EC-B45159C2E27B}.Debug|x64.ActiveCfg = Debug|x64
		{4477667A-0475-3E91-B1EC-B45159C2E27B}.Release|x64.ActiveCfg = Release|x64
	EndGlobalSection
	GlobalSection(ExtensibilityGlobals) = postSolution
		SolutionGuid = {4B2A11DE-1F4D-3089-8BF2-99C18477F979}
	EndGlobalSection
	GlobalSection(ExtensibilityAddIns) = postSolution
	EndGlobalSection
EndGlobal
