<?xml version="1.0" encoding="utf-8"?>
<Project ToolsVersion="4.0" xmlns="http://schemas.microsoft.com/developer/msbuild/2003">
  <ItemGroup>
    <Filter Include="Source files">
      <UniqueIdentifier>{8E6F5132-0663-191D-0306-7DA300586A47}</UniqueIdentifier>
    </Filter>
    <Filter Include="Header files">
      <UniqueIdentifier>{A9988795-0737-0AD5-011A-5F38D98D6187}</UniqueIdentifier>
    </Filter>
    <Filter Include="Source files\BinXCAFDrivers">
      <UniqueIdentifier>{FDE65981-0766-0BFC-107D-CA1C5F0CD29D}</UniqueIdentifier>
    </Filter>
    <Filter Include="Source files\BinMXCAFDoc">
      <UniqueIdentifier>{D77D7436-0141-10FB-0C36-AD4F65377977}</UniqueIdentifier>
    </Filter>
    <Filter Include="Header files\BinXCAFDrivers">
      <UniqueIdentifier>{078C5C18-035C-012E-0BDC-1EF28DC63013}</UniqueIdentifier>
    </Filter>
    <Filter Include="Header files\BinMXCAFDoc">
      <UniqueIdentifier>{7E3FB118-169D-13CC-0E9F-2CCAF5C0C57C}</UniqueIdentifier>
    </Filter>
  </ItemGroup>
  <ItemGroup>
    <ClCompile Include="..\..\..\src\BinXCAFDrivers\BinXCAFDrivers.cxx">
      <Filter>Source files\BinXCAFDrivers</Filter>
    </ClCompile>
    <ClCompile Include="..\..\..\src\BinXCAFDrivers\BinXCAFDrivers_DocumentRetrievalDriver.cxx">
      <Filter>Source files\BinXCAFDrivers</Filter>
    </ClCompile>
    <ClCompile Include="..\..\..\src\BinXCAFDrivers\BinXCAFDrivers_DocumentStorageDriver.cxx">
      <Filter>Source files\BinXCAFDrivers</Filter>
    </ClCompile>
    <ClCompile Include="..\..\..\src\BinMXCAFDoc\BinMXCAFDoc.cxx">
      <Filter>Source files\BinMXCAFDoc</Filter>
    </ClCompile>
    <ClCompile Include="..\..\..\src\BinMXCAFDoc\BinMXCAFDoc_AssemblyItemRefDriver.cxx">
      <Filter>Source files\BinMXCAFDoc</Filter>
    </ClCompile>
    <ClCompile Include="..\..\..\src\BinMXCAFDoc\BinMXCAFDoc_CentroidDriver.cxx">
      <Filter>Source files\BinMXCAFDoc</Filter>
    </ClCompile>
    <ClCompile Include="..\..\..\src\BinMXCAFDoc\BinMXCAFDoc_ColorDriver.cxx">
      <Filter>Source files\BinMXCAFDoc</Filter>
    </ClCompile>
    <ClCompile Include="..\..\..\src\BinMXCAFDoc\BinMXCAFDoc_DatumDriver.cxx">
      <Filter>Source files\BinMXCAFDoc</Filter>
    </ClCompile>
    <ClCompile Include="..\..\..\src\BinMXCAFDoc\BinMXCAFDoc_DimTolDriver.cxx">
      <Filter>Source files\BinMXCAFDoc</Filter>
    </ClCompile>
    <ClCompile Include="..\..\..\src\BinMXCAFDoc\BinMXCAFDoc_GraphNodeDriver.cxx">
      <Filter>Source files\BinMXCAFDoc</Filter>
    </ClCompile>
    <ClCompile Include="..\..\..\src\BinMXCAFDoc\BinMXCAFDoc_LocationDriver.cxx">
      <Filter>Source files\BinMXCAFDoc</Filter>
    </ClCompile>
    <ClCompile Include="..\..\..\src\BinMXCAFDoc\BinMXCAFDoc_MaterialDriver.cxx">
      <Filter>Source files\BinMXCAFDoc</Filter>
    </ClCompile>
    <ClCompile Include="..\..\..\src\BinMXCAFDoc\BinMXCAFDoc_NoteBinDataDriver.cxx">
      <Filter>Source files\BinMXCAFDoc</Filter>
    </ClCompile>
    <ClCompile Include="..\..\..\src\BinMXCAFDoc\BinMXCAFDoc_NoteCommentDriver.cxx">
      <Filter>Source files\BinMXCAFDoc</Filter>
    </ClCompile>
    <ClCompile Include="..\..\..\src\BinMXCAFDoc\BinMXCAFDoc_NoteDriver.cxx">
      <Filter>Source files\BinMXCAFDoc</Filter>
    </ClCompile>
    <ClCompile Include="..\..\..\src\BinMXCAFDoc\BinMXCAFDoc_VisMaterialDriver.cxx">
      <Filter>Source files\BinMXCAFDoc</Filter>
    </ClCompile>
    <ClCompile Include="..\..\..\src\BinMXCAFDoc\BinMXCAFDoc_VisMaterialToolDriver.cxx">
      <Filter>Source files\BinMXCAFDoc</Filter>
    </ClCompile>
  </ItemGroup>
  <ItemGroup>
    <ClInclude Include="..\..\..\src\BinXCAFDrivers\BinXCAFDrivers.hxx">
      <Filter>Header files\BinXCAFDrivers</Filter>
    </ClInclude>
    <ClInclude Include="..\..\..\src\BinXCAFDrivers\BinXCAFDrivers_DocumentRetrievalDriver.hxx">
      <Filter>Header files\BinXCAFDrivers</Filter>
    </ClInclude>
    <ClInclude Include="..\..\..\src\BinXCAFDrivers\BinXCAFDrivers_DocumentStorageDriver.hxx">
      <Filter>Header files\BinXCAFDrivers</Filter>
    </ClInclude>
    <ClInclude Include="..\..\..\src\BinMXCAFDoc\BinMXCAFDoc.hxx">
      <Filter>Header files\BinMXCAFDoc</Filter>
    </ClInclude>
    <ClInclude Include="..\..\..\src\BinMXCAFDoc\BinMXCAFDoc_AssemblyItemRefDriver.hxx">
      <Filter>Header files\BinMXCAFDoc</Filter>
    </ClInclude>
    <ClInclude Include="..\..\..\src\BinMXCAFDoc\BinMXCAFDoc_CentroidDriver.hxx">
      <Filter>Header files\BinMXCAFDoc</Filter>
    </ClInclude>
    <ClInclude Include="..\..\..\src\BinMXCAFDoc\BinMXCAFDoc_ColorDriver.hxx">
      <Filter>Header files\BinMXCAFDoc</Filter>
    </ClInclude>
    <ClInclude Include="..\..\..\src\BinMXCAFDoc\BinMXCAFDoc_DatumDriver.hxx">
      <Filter>Header files\BinMXCAFDoc</Filter>
    </ClInclude>
    <ClInclude Include="..\..\..\src\BinMXCAFDoc\BinMXCAFDoc_DimTolDriver.hxx">
      <Filter>Header files\BinMXCAFDoc</Filter>
    </ClInclude>
    <ClInclude Include="..\..\..\src\BinMXCAFDoc\BinMXCAFDoc_GraphNodeDriver.hxx">
      <Filter>Header files\BinMXCAFDoc</Filter>
    </ClInclude>
    <ClInclude Include="..\..\..\src\BinMXCAFDoc\BinMXCAFDoc_LocationDriver.hxx">
      <Filter>Header files\BinMXCAFDoc</Filter>
    </ClInclude>
    <ClInclude Include="..\..\..\src\BinMXCAFDoc\BinMXCAFDoc_LocationDriver.lxx">
      <Filter>Header files\BinMXCAFDoc</Filter>
    </ClInclude>
    <ClInclude Include="..\..\..\src\BinMXCAFDoc\BinMXCAFDoc_MaterialDriver.hxx">
      <Filter>Header files\BinMXCAFDoc</Filter>
    </ClInclude>
    <ClInclude Include="..\..\..\src\BinMXCAFDoc\BinMXCAFDoc_NoteBinDataDriver.hxx">
      <Filter>Header files\BinMXCAFDoc</Filter>
    </ClInclude>
    <ClInclude Include="..\..\..\src\BinMXCAFDoc\BinMXCAFDoc_NoteCommentDriver.hxx">
      <Filter>Header files\BinMXCAFDoc</Filter>
    </ClInclude>
    <ClInclude Include="..\..\..\src\BinMXCAFDoc\BinMXCAFDoc_NoteDriver.hxx">
      <Filter>Header files\BinMXCAFDoc</Filter>
    </ClInclude>
    <ClInclude Include="..\..\..\src\BinMXCAFDoc\BinMXCAFDoc_VisMaterialDriver.hxx">
      <Filter>Header files\BinMXCAFDoc</Filter>
    </ClInclude>
    <ClInclude Include="..\..\..\src\BinMXCAFDoc\BinMXCAFDoc_VisMaterialToolDriver.hxx">
      <Filter>Header files\BinMXCAFDoc</Filter>
    </ClInclude>
  </ItemGroup>
  <ItemGroup>
    <ResourceCompile Include="TKBinXCAF.rc" />
  </ItemGroup>
</Project>
