<?xml version="1.0" encoding="utf-8"?>
<Project ToolsVersion="4.0" xmlns="http://schemas.microsoft.com/developer/msbuild/2003">
  <ItemGroup>
    <Filter Include="Source files">
      <UniqueIdentifier>{E8AAAD01-027A-00AF-0513-6B3D0F75DF7F}</UniqueIdentifier>
    </Filter>
    <Filter Include="Header files">
      <UniqueIdentifier>{A421A6D9-0BAA-1985-0FC6-1EEBA0FF79DA}</UniqueIdentifier>
    </Filter>
    <Filter Include="Source files\DDF">
      <UniqueIdentifier>{98F785EA-1604-10A9-0348-42189F5E71EE}</UniqueIdentifier>
    </Filter>
    <Filter Include="Source files\DDocStd">
      <UniqueIdentifier>{89F025CF-074F-17CE-11E5-D356E0ECA009}</UniqueIdentifier>
    </Filter>
    <Filter Include="Source files\DNaming">
      <UniqueIdentifier>{FEEEF22F-17AD-1917-156F-B524A77989C0}</UniqueIdentifier>
    </Filter>
    <Filter Include="Source files\DDataStd">
      <UniqueIdentifier>{429E8B8B-0538-0516-083A-BBF17AEA9E32}</UniqueIdentifier>
    </Filter>
    <Filter Include="Source files\DPrsStd">
      <UniqueIdentifier>{3816D6E6-16C1-044C-189B-9EBC074A760A}</UniqueIdentifier>
    </Filter>
    <Filter Include="Source files\DrawDim">
      <UniqueIdentifier>{8B8F49E6-0F27-0210-016B-F58501EF093F}</UniqueIdentifier>
    </Filter>
    <Filter Include="Header files\DDF">
      <UniqueIdentifier>{481F2B9F-0874-125E-017D-5FACAA40FD4D}</UniqueIdentifier>
    </Filter>
    <Filter Include="Header files\DDocStd">
      <UniqueIdentifier>{B5F9090F-06E5-1536-0AEF-429096227137}</UniqueIdentifier>
    </Filter>
    <Filter Include="Header files\DNaming">
      <UniqueIdentifier>{36FAFB09-0343-0F44-1061-271C51B4207C}</UniqueIdentifier>
    </Filter>
    <Filter Include="Header files\DDataStd">
      <UniqueIdentifier>{C0CB8357-06BE-034F-05FC-5D92783B39CF}</UniqueIdentifier>
    </Filter>
    <Filter Include="Header files\DPrsStd">
      <UniqueIdentifier>{5071C6E5-17B4-142F-0CA2-73103D2F2906}</UniqueIdentifier>
    </Filter>
    <Filter Include="Header files\DrawDim">
      <UniqueIdentifier>{2E83FE3D-15FC-12AE-1423-23A4BF15275E}</UniqueIdentifier>
    </Filter>
  </ItemGroup>
  <ItemGroup>
    <ClCompile Include="..\..\..\src\DDF\DDF.cxx">
      <Filter>Source files\DDF</Filter>
    </ClCompile>
    <ClCompile Include="..\..\..\src\DDF\DDF_AttributeBrowser.cxx">
      <Filter>Source files\DDF</Filter>
    </ClCompile>
    <ClCompile Include="..\..\..\src\DDF\DDF_BasicCommands.cxx">
      <Filter>Source files\DDF</Filter>
    </ClCompile>
    <ClCompile Include="..\..\..\src\DDF\DDF_Browser.cxx">
      <Filter>Source files\DDF</Filter>
    </ClCompile>
    <ClCompile Include="..\..\..\src\DDF\DDF_BrowserCommands.cxx">
      <Filter>Source files\DDF</Filter>
    </ClCompile>
    <ClCompile Include="..\..\..\src\DDF\DDF_Data.cxx">
      <Filter>Source files\DDF</Filter>
    </ClCompile>
    <ClCompile Include="..\..\..\src\DDF\DDF_DataCommands.cxx">
      <Filter>Source files\DDF</Filter>
    </ClCompile>
    <ClCompile Include="..\..\..\src\DDF\DDF_Transaction.cxx">
      <Filter>Source files\DDF</Filter>
    </ClCompile>
    <ClCompile Include="..\..\..\src\DDF\DDF_TransactionCommands.cxx">
      <Filter>Source files\DDF</Filter>
    </ClCompile>
    <ClCompile Include="..\..\..\src\DDocStd\DDocStd.cxx">
      <Filter>Source files\DDocStd</Filter>
    </ClCompile>
    <ClCompile Include="..\..\..\src\DDocStd\DDocStd_ApplicationCommands.cxx">
      <Filter>Source files\DDocStd</Filter>
    </ClCompile>
    <ClCompile Include="..\..\..\src\DDocStd\DDocStd_DocumentCommands.cxx">
      <Filter>Source files\DDocStd</Filter>
    </ClCompile>
    <ClCompile Include="..\..\..\src\DDocStd\DDocStd_DrawDocument.cxx">
      <Filter>Source files\DDocStd</Filter>
    </ClCompile>
    <ClCompile Include="..\..\..\src\DDocStd\DDocStd_MTMCommands.cxx">
      <Filter>Source files\DDocStd</Filter>
    </ClCompile>
    <ClCompile Include="..\..\..\src\DDocStd\DDocStd_ShapeSchemaCommands.cxx">
      <Filter>Source files\DDocStd</Filter>
    </ClCompile>
    <ClCompile Include="..\..\..\src\DDocStd\DDocStd_ToolsCommands.cxx">
      <Filter>Source files\DDocStd</Filter>
    </ClCompile>
    <ClCompile Include="..\..\..\src\DNaming\DNaming.cxx">
      <Filter>Source files\DNaming</Filter>
    </ClCompile>
    <ClCompile Include="..\..\..\src\DNaming\DNaming_BasicCommands.cxx">
      <Filter>Source files\DNaming</Filter>
    </ClCompile>
    <ClCompile Include="..\..\..\src\DNaming\DNaming_BooleanOperationDriver.cxx">
      <Filter>Source files\DNaming</Filter>
    </ClCompile>
    <ClCompile Include="..\..\..\src\DNaming\DNaming_BoxDriver.cxx">
      <Filter>Source files\DNaming</Filter>
    </ClCompile>
    <ClCompile Include="..\..\..\src\DNaming\DNaming_CylinderDriver.cxx">
      <Filter>Source files\DNaming</Filter>
    </ClCompile>
    <ClCompile Include="..\..\..\src\DNaming\DNaming_FilletDriver.cxx">
      <Filter>Source files\DNaming</Filter>
    </ClCompile>
    <ClCompile Include="..\..\..\src\DNaming\DNaming_Line3DDriver.cxx">
      <Filter>Source files\DNaming</Filter>
    </ClCompile>
    <ClCompile Include="..\..\..\src\DNaming\DNaming_ModelingCommands.cxx">
      <Filter>Source files\DNaming</Filter>
    </ClCompile>
    <ClCompile Include="..\..\..\src\DNaming\DNaming_PointDriver.cxx">
      <Filter>Source files\DNaming</Filter>
    </ClCompile>
    <ClCompile Include="..\..\..\src\DNaming\DNaming_PrismDriver.cxx">
      <Filter>Source files\DNaming</Filter>
    </ClCompile>
    <ClCompile Include="..\..\..\src\DNaming\DNaming_RevolutionDriver.cxx">
      <Filter>Source files\DNaming</Filter>
    </ClCompile>
    <ClCompile Include="..\..\..\src\DNaming\DNaming_SelectionCommands.cxx">
      <Filter>Source files\DNaming</Filter>
    </ClCompile>
    <ClCompile Include="..\..\..\src\DNaming\DNaming_SelectionDriver.cxx">
      <Filter>Source files\DNaming</Filter>
    </ClCompile>
    <ClCompile Include="..\..\..\src\DNaming\DNaming_SphereDriver.cxx">
      <Filter>Source files\DNaming</Filter>
    </ClCompile>
    <ClCompile Include="..\..\..\src\DNaming\DNaming_ToolsCommands.cxx">
      <Filter>Source files\DNaming</Filter>
    </ClCompile>
    <ClCompile Include="..\..\..\src\DNaming\DNaming_TransformationDriver.cxx">
      <Filter>Source files\DNaming</Filter>
    </ClCompile>
    <ClCompile Include="..\..\..\src\DDataStd\DDataStd.cxx">
      <Filter>Source files\DDataStd</Filter>
    </ClCompile>
    <ClCompile Include="..\..\..\src\DDataStd\DDataStd_BasicCommands.cxx">
      <Filter>Source files\DDataStd</Filter>
    </ClCompile>
    <ClCompile Include="..\..\..\src\DDataStd\DDataStd_ConstraintCommands.cxx">
      <Filter>Source files\DDataStd</Filter>
    </ClCompile>
    <ClCompile Include="..\..\..\src\DDataStd\DDataStd_DatumCommands.cxx">
      <Filter>Source files\DDataStd</Filter>
    </ClCompile>
    <ClCompile Include="..\..\..\src\DDataStd\DDataStd_DrawDisplayCommands.cxx">
      <Filter>Source files\DDataStd</Filter>
    </ClCompile>
    <ClCompile Include="..\..\..\src\DDataStd\DDataStd_DrawDriver.cxx">
      <Filter>Source files\DDataStd</Filter>
    </ClCompile>
    <ClCompile Include="..\..\..\src\DDataStd\DDataStd_DrawPresentation.cxx">
      <Filter>Source files\DDataStd</Filter>
    </ClCompile>
    <ClCompile Include="..\..\..\src\DDataStd\DDataStd_NameCommands.cxx">
      <Filter>Source files\DDataStd</Filter>
    </ClCompile>
    <ClCompile Include="..\..\..\src\DDataStd\DDataStd_NamedShapeCommands.cxx">
      <Filter>Source files\DDataStd</Filter>
    </ClCompile>
    <ClCompile Include="..\..\..\src\DDataStd\DDataStd_ObjectCommands.cxx">
      <Filter>Source files\DDataStd</Filter>
    </ClCompile>
    <ClCompile Include="..\..\..\src\DDataStd\DDataStd_TreeBrowser.cxx">
      <Filter>Source files\DDataStd</Filter>
    </ClCompile>
    <ClCompile Include="..\..\..\src\DDataStd\DDataStd_TreeCommands.cxx">
      <Filter>Source files\DDataStd</Filter>
    </ClCompile>
    <ClCompile Include="..\..\..\src\DPrsStd\DPrsStd.cxx">
      <Filter>Source files\DPrsStd</Filter>
    </ClCompile>
    <ClCompile Include="..\..\..\src\DPrsStd\DPrsStd_AISPresentationCommands.cxx">
      <Filter>Source files\DPrsStd</Filter>
    </ClCompile>
    <ClCompile Include="..\..\..\src\DPrsStd\DPrsStd_AISViewerCommands.cxx">
      <Filter>Source files\DPrsStd</Filter>
    </ClCompile>
    <ClCompile Include="..\..\..\src\DrawDim\DrawDim.cxx">
      <Filter>Source files\DrawDim</Filter>
    </ClCompile>
    <ClCompile Include="..\..\..\src\DrawDim\DrawDim_Angle.cxx">
      <Filter>Source files\DrawDim</Filter>
    </ClCompile>
    <ClCompile Include="..\..\..\src\DrawDim\DrawDim_Dimension.cxx">
      <Filter>Source files\DrawDim</Filter>
    </ClCompile>
    <ClCompile Include="..\..\..\src\DrawDim\DrawDim_Distance.cxx">
      <Filter>Source files\DrawDim</Filter>
    </ClCompile>
    <ClCompile Include="..\..\..\src\DrawDim\DrawDim_PlanarAngle.cxx">
      <Filter>Source files\DrawDim</Filter>
    </ClCompile>
    <ClCompile Include="..\..\..\src\DrawDim\DrawDim_PlanarDiameter.cxx">
      <Filter>Source files\DrawDim</Filter>
    </ClCompile>
    <ClCompile Include="..\..\..\src\DrawDim\DrawDim_PlanarDimension.cxx">
      <Filter>Source files\DrawDim</Filter>
    </ClCompile>
    <ClCompile Include="..\..\..\src\DrawDim\DrawDim_PlanarDimensionCommands.cxx">
      <Filter>Source files\DrawDim</Filter>
    </ClCompile>
    <ClCompile Include="..\..\..\src\DrawDim\DrawDim_PlanarDistance.cxx">
      <Filter>Source files\DrawDim</Filter>
    </ClCompile>
    <ClCompile Include="..\..\..\src\DrawDim\DrawDim_PlanarRadius.cxx">
      <Filter>Source files\DrawDim</Filter>
    </ClCompile>
    <ClCompile Include="..\..\..\src\DrawDim\DrawDim_Radius.cxx">
      <Filter>Source files\DrawDim</Filter>
    </ClCompile>
  </ItemGroup>
  <ItemGroup>
    <ClInclude Include="..\..\..\src\DDF\DDF.hxx">
      <Filter>Header files\DDF</Filter>
    </ClInclude>
    <ClInclude Include="..\..\..\src\DDF\DDF_AttributeBrowser.hxx">
      <Filter>Header files\DDF</Filter>
    </ClInclude>
    <ClInclude Include="..\..\..\src\DDF\DDF_Browser.hxx">
      <Filter>Header files\DDF</Filter>
    </ClInclude>
    <ClInclude Include="..\..\..\src\DDF\DDF_Data.hxx">
      <Filter>Header files\DDF</Filter>
    </ClInclude>
    <ClInclude Include="..\..\..\src\DDF\DDF_ListIteratorOfTransactionStack.hxx">
      <Filter>Header files\DDF</Filter>
    </ClInclude>
    <ClInclude Include="..\..\..\src\DDF\DDF_Transaction.hxx">
      <Filter>Header files\DDF</Filter>
    </ClInclude>
    <ClInclude Include="..\..\..\src\DDF\DDF_TransactionStack.hxx">
      <Filter>Header files\DDF</Filter>
    </ClInclude>
    <ClInclude Include="..\..\..\src\DDocStd\DDocStd.hxx">
      <Filter>Header files\DDocStd</Filter>
    </ClInclude>
    <ClInclude Include="..\..\..\src\DDocStd\DDocStd_DrawDocument.hxx">
      <Filter>Header files\DDocStd</Filter>
    </ClInclude>
    <ClInclude Include="..\..\..\src\DNaming\DNaming.hxx">
      <Filter>Header files\DNaming</Filter>
    </ClInclude>
    <ClInclude Include="..\..\..\src\DNaming\DNaming_BooleanOperationDriver.hxx">
      <Filter>Header files\DNaming</Filter>
    </ClInclude>
    <ClInclude Include="..\..\..\src\DNaming\DNaming_BoxDriver.hxx">
      <Filter>Header files\DNaming</Filter>
    </ClInclude>
    <ClInclude Include="..\..\..\src\DNaming\DNaming_CylinderDriver.hxx">
      <Filter>Header files\DNaming</Filter>
    </ClInclude>
    <ClInclude Include="..\..\..\src\DNaming\DNaming_DataMapIteratorOfDataMapOfShapeOfName.hxx">
      <Filter>Header files\DNaming</Filter>
    </ClInclude>
    <ClInclude Include="..\..\..\src\DNaming\DNaming_DataMapOfShapeOfName.hxx">
      <Filter>Header files\DNaming</Filter>
    </ClInclude>
    <ClInclude Include="..\..\..\src\DNaming\DNaming_FilletDriver.hxx">
      <Filter>Header files\DNaming</Filter>
    </ClInclude>
    <ClInclude Include="..\..\..\src\DNaming\DNaming_Line3DDriver.hxx">
      <Filter>Header files\DNaming</Filter>
    </ClInclude>
    <ClInclude Include="..\..\..\src\DNaming\DNaming_PointDriver.hxx">
      <Filter>Header files\DNaming</Filter>
    </ClInclude>
    <ClInclude Include="..\..\..\src\DNaming\DNaming_PrismDriver.hxx">
      <Filter>Header files\DNaming</Filter>
    </ClInclude>
    <ClInclude Include="..\..\..\src\DNaming\DNaming_RevolutionDriver.hxx">
      <Filter>Header files\DNaming</Filter>
    </ClInclude>
    <ClInclude Include="..\..\..\src\DNaming\DNaming_SelectionDriver.hxx">
      <Filter>Header files\DNaming</Filter>
    </ClInclude>
    <ClInclude Include="..\..\..\src\DNaming\DNaming_SphereDriver.hxx">
      <Filter>Header files\DNaming</Filter>
    </ClInclude>
    <ClInclude Include="..\..\..\src\DNaming\DNaming_TransformationDriver.hxx">
      <Filter>Header files\DNaming</Filter>
    </ClInclude>
    <ClInclude Include="..\..\..\src\DNaming\ModelDefinitions.hxx">
      <Filter>Header files\DNaming</Filter>
    </ClInclude>
    <ClInclude Include="..\..\..\src\DDataStd\DDataStd.hxx">
      <Filter>Header files\DDataStd</Filter>
    </ClInclude>
    <ClInclude Include="..\..\..\src\DDataStd\DDataStd_DrawDriver.hxx">
      <Filter>Header files\DDataStd</Filter>
    </ClInclude>
    <ClInclude Include="..\..\..\src\DDataStd\DDataStd_DrawPresentation.hxx">
      <Filter>Header files\DDataStd</Filter>
    </ClInclude>
    <ClInclude Include="..\..\..\src\DDataStd\DDataStd_TreeBrowser.hxx">
      <Filter>Header files\DDataStd</Filter>
    </ClInclude>
    <ClInclude Include="..\..\..\src\DPrsStd\DPrsStd.hxx">
      <Filter>Header files\DPrsStd</Filter>
    </ClInclude>
    <ClInclude Include="..\..\..\src\DrawDim\DrawDim.hxx">
      <Filter>Header files\DrawDim</Filter>
    </ClInclude>
    <ClInclude Include="..\..\..\src\DrawDim\DrawDim_Angle.hxx">
      <Filter>Header files\DrawDim</Filter>
    </ClInclude>
    <ClInclude Include="..\..\..\src\DrawDim\DrawDim_Dimension.hxx">
      <Filter>Header files\DrawDim</Filter>
    </ClInclude>
    <ClInclude Include="..\..\..\src\DrawDim\DrawDim_Distance.hxx">
      <Filter>Header files\DrawDim</Filter>
    </ClInclude>
    <ClInclude Include="..\..\..\src\DrawDim\DrawDim_PlanarAngle.hxx">
      <Filter>Header files\DrawDim</Filter>
    </ClInclude>
    <ClInclude Include="..\..\..\src\DrawDim\DrawDim_PlanarDiameter.hxx">
      <Filter>Header files\DrawDim</Filter>
    </ClInclude>
    <ClInclude Include="..\..\..\src\DrawDim\DrawDim_PlanarDimension.hxx">
      <Filter>Header files\DrawDim</Filter>
    </ClInclude>
    <ClInclude Include="..\..\..\src\DrawDim\DrawDim_PlanarDistance.hxx">
      <Filter>Header files\DrawDim</Filter>
    </ClInclude>
    <ClInclude Include="..\..\..\src\DrawDim\DrawDim_PlanarRadius.hxx">
      <Filter>Header files\DrawDim</Filter>
    </ClInclude>
    <ClInclude Include="..\..\..\src\DrawDim\DrawDim_Radius.hxx">
      <Filter>Header files\DrawDim</Filter>
    </ClInclude>
  </ItemGroup>
  <ItemGroup>
    <ResourceCompile Include="TKDCAF.rc" />
  </ItemGroup>
</Project>
