<?xml version="1.0" encoding="utf-8"?>
<Project ToolsVersion="4.0" xmlns="http://schemas.microsoft.com/developer/msbuild/2003">
  <ItemGroup>
    <Filter Include="Source files">
      <UniqueIdentifier>{5A676403-0E73-02EF-1778-BE511FBFE2B5}</UniqueIdentifier>
    </Filter>
    <Filter Include="Header files">
      <UniqueIdentifier>{BD167EA0-157E-0019-1821-6DA2ACD2E07A}</UniqueIdentifier>
    </Filter>
    <Filter Include="Source files\Geom2d">
      <UniqueIdentifier>{8F7F8CFF-0393-0077-1256-23AF7FD6D17C}</UniqueIdentifier>
    </Filter>
    <Filter Include="Source files\LProp">
      <UniqueIdentifier>{53527B94-0306-0A2C-18AD-031C08258C35}</UniqueIdentifier>
    </Filter>
    <Filter Include="Source files\Adaptor2d">
      <UniqueIdentifier>{181531F1-05E3-0ACC-111B-BD3A894DFB50}</UniqueIdentifier>
    </Filter>
    <Filter Include="Source files\Geom2dLProp">
      <UniqueIdentifier>{AE674C8F-0744-0586-03CC-138022414D3F}</UniqueIdentifier>
    </Filter>
    <Filter Include="Source files\Geom2dAdaptor">
      <UniqueIdentifier>{36838ABF-0226-16B5-038A-1FAB4B26EDEB}</UniqueIdentifier>
    </Filter>
    <Filter Include="Source files\Geom2dEvaluator">
      <UniqueIdentifier>{CDEB2CF0-0879-07EC-0409-97BF097EECCA}</UniqueIdentifier>
    </Filter>
    <Filter Include="Header files\Geom2d">
      <UniqueIdentifier>{EBE7785A-0FAA-0B8C-0DD3-A0B52ED6FA83}</UniqueIdentifier>
    </Filter>
    <Filter Include="Header files\LProp">
      <UniqueIdentifier>{D8D45485-18FC-0CC6-10D4-843F6E605113}</UniqueIdentifier>
    </Filter>
    <Filter Include="Header files\TColGeom2d">
      <UniqueIdentifier>{6AB9AA3C-0D26-1884-16FA-20EDFDE8BCB5}</UniqueIdentifier>
    </Filter>
    <Filter Include="Header files\Adaptor2d">
      <UniqueIdentifier>{BD3B2347-096A-0A50-0CB0-93126F9F4287}</UniqueIdentifier>
    </Filter>
    <Filter Include="Header files\Geom2dLProp">
      <UniqueIdentifier>{C8B0768B-0530-12BA-1464-B020CE39C4A2}</UniqueIdentifier>
    </Filter>
    <Filter Include="Header files\Geom2dAdaptor">
      <UniqueIdentifier>{9C9B1618-0FB9-052A-07B4-519397B0D402}</UniqueIdentifier>
    </Filter>
    <Filter Include="Header files\Geom2dEvaluator">
      <UniqueIdentifier>{2EF20611-1737-0A72-1447-8DA3ED053812}</UniqueIdentifier>
    </Filter>
  </ItemGroup>
  <ItemGroup>
    <ClCompile Include="..\..\..\src\Geom2d\Geom2d_AxisPlacement.cxx">
      <Filter>Source files\Geom2d</Filter>
    </ClCompile>
    <ClCompile Include="..\..\..\src\Geom2d\Geom2d_BSplineCurve.cxx">
      <Filter>Source files\Geom2d</Filter>
    </ClCompile>
    <ClCompile Include="..\..\..\src\Geom2d\Geom2d_BSplineCurve_1.cxx">
      <Filter>Source files\Geom2d</Filter>
    </ClCompile>
    <ClCompile Include="..\..\..\src\Geom2d\Geom2d_BezierCurve.cxx">
      <Filter>Source files\Geom2d</Filter>
    </ClCompile>
    <ClCompile Include="..\..\..\src\Geom2d\Geom2d_BoundedCurve.cxx">
      <Filter>Source files\Geom2d</Filter>
    </ClCompile>
    <ClCompile Include="..\..\..\src\Geom2d\Geom2d_CartesianPoint.cxx">
      <Filter>Source files\Geom2d</Filter>
    </ClCompile>
    <ClCompile Include="..\..\..\src\Geom2d\Geom2d_Circle.cxx">
      <Filter>Source files\Geom2d</Filter>
    </ClCompile>
    <ClCompile Include="..\..\..\src\Geom2d\Geom2d_Conic.cxx">
      <Filter>Source files\Geom2d</Filter>
    </ClCompile>
    <ClCompile Include="..\..\..\src\Geom2d\Geom2d_Curve.cxx">
      <Filter>Source files\Geom2d</Filter>
    </ClCompile>
    <ClCompile Include="..\..\..\src\Geom2d\Geom2d_Direction.cxx">
      <Filter>Source files\Geom2d</Filter>
    </ClCompile>
    <ClCompile Include="..\..\..\src\Geom2d\Geom2d_Ellipse.cxx">
      <Filter>Source files\Geom2d</Filter>
    </ClCompile>
    <ClCompile Include="..\..\..\src\Geom2d\Geom2d_Geometry.cxx">
      <Filter>Source files\Geom2d</Filter>
    </ClCompile>
    <ClCompile Include="..\..\..\src\Geom2d\Geom2d_Hyperbola.cxx">
      <Filter>Source files\Geom2d</Filter>
    </ClCompile>
    <ClCompile Include="..\..\..\src\Geom2d\Geom2d_Line.cxx">
      <Filter>Source files\Geom2d</Filter>
    </ClCompile>
    <ClCompile Include="..\..\..\src\Geom2d\Geom2d_OffsetCurve.cxx">
      <Filter>Source files\Geom2d</Filter>
    </ClCompile>
    <ClCompile Include="..\..\..\src\Geom2d\Geom2d_Parabola.cxx">
      <Filter>Source files\Geom2d</Filter>
    </ClCompile>
    <ClCompile Include="..\..\..\src\Geom2d\Geom2d_Point.cxx">
      <Filter>Source files\Geom2d</Filter>
    </ClCompile>
    <ClCompile Include="..\..\..\src\Geom2d\Geom2d_Transformation.cxx">
      <Filter>Source files\Geom2d</Filter>
    </ClCompile>
    <ClCompile Include="..\..\..\src\Geom2d\Geom2d_TrimmedCurve.cxx">
      <Filter>Source files\Geom2d</Filter>
    </ClCompile>
    <ClCompile Include="..\..\..\src\Geom2d\Geom2d_Vector.cxx">
      <Filter>Source files\Geom2d</Filter>
    </ClCompile>
    <ClCompile Include="..\..\..\src\Geom2d\Geom2d_VectorWithMagnitude.cxx">
      <Filter>Source files\Geom2d</Filter>
    </ClCompile>
    <ClCompile Include="..\..\..\src\LProp\LProp_AnalyticCurInf.cxx">
      <Filter>Source files\LProp</Filter>
    </ClCompile>
    <ClCompile Include="..\..\..\src\LProp\LProp_CurAndInf.cxx">
      <Filter>Source files\LProp</Filter>
    </ClCompile>
    <ClCompile Include="..\..\..\src\Adaptor2d\Adaptor2d_Curve2d.cxx">
      <Filter>Source files\Adaptor2d</Filter>
    </ClCompile>
    <ClCompile Include="..\..\..\src\Adaptor2d\Adaptor2d_HCurve2d.cxx">
      <Filter>Source files\Adaptor2d</Filter>
    </ClCompile>
    <ClCompile Include="..\..\..\src\Adaptor2d\Adaptor2d_HLine2d_0.cxx">
      <Filter>Source files\Adaptor2d</Filter>
    </ClCompile>
    <ClCompile Include="..\..\..\src\Adaptor2d\Adaptor2d_HOffsetCurve_0.cxx">
      <Filter>Source files\Adaptor2d</Filter>
    </ClCompile>
    <ClCompile Include="..\..\..\src\Adaptor2d\Adaptor2d_Line2d.cxx">
      <Filter>Source files\Adaptor2d</Filter>
    </ClCompile>
    <ClCompile Include="..\..\..\src\Adaptor2d\Adaptor2d_OffsetCurve.cxx">
      <Filter>Source files\Adaptor2d</Filter>
    </ClCompile>
    <ClCompile Include="..\..\..\src\Geom2dLProp\Geom2dLProp_CLProps2d_0.cxx">
      <Filter>Source files\Geom2dLProp</Filter>
    </ClCompile>
    <ClCompile Include="..\..\..\src\Geom2dLProp\Geom2dLProp_CurAndInf2d.cxx">
      <Filter>Source files\Geom2dLProp</Filter>
    </ClCompile>
    <ClCompile Include="..\..\..\src\Geom2dLProp\Geom2dLProp_Curve2dTool.cxx">
      <Filter>Source files\Geom2dLProp</Filter>
    </ClCompile>
    <ClCompile Include="..\..\..\src\Geom2dLProp\Geom2dLProp_FuncCurExt.cxx">
      <Filter>Source files\Geom2dLProp</Filter>
    </ClCompile>
    <ClCompile Include="..\..\..\src\Geom2dLProp\Geom2dLProp_FuncCurNul.cxx">
      <Filter>Source files\Geom2dLProp</Filter>
    </ClCompile>
    <ClCompile Include="..\..\..\src\Geom2dLProp\Geom2dLProp_NumericCurInf2d.cxx">
      <Filter>Source files\Geom2dLProp</Filter>
    </ClCompile>
    <ClCompile Include="..\..\..\src\Geom2dAdaptor\Geom2dAdaptor.cxx">
      <Filter>Source files\Geom2dAdaptor</Filter>
    </ClCompile>
    <ClCompile Include="..\..\..\src\Geom2dAdaptor\Geom2dAdaptor_Curve.cxx">
      <Filter>Source files\Geom2dAdaptor</Filter>
    </ClCompile>
    <ClCompile Include="..\..\..\src\Geom2dAdaptor\Geom2dAdaptor_GHCurve_0.cxx">
      <Filter>Source files\Geom2dAdaptor</Filter>
    </ClCompile>
    <ClCompile Include="..\..\..\src\Geom2dAdaptor\Geom2dAdaptor_HCurve.cxx">
      <Filter>Source files\Geom2dAdaptor</Filter>
    </ClCompile>
    <ClCompile Include="..\..\..\src\Geom2dEvaluator\Geom2dEvaluator.cxx">
      <Filter>Source files\Geom2dEvaluator</Filter>
    </ClCompile>
    <ClCompile Include="..\..\..\src\Geom2dEvaluator\Geom2dEvaluator_OffsetCurve.cxx">
      <Filter>Source files\Geom2dEvaluator</Filter>
    </ClCompile>
  </ItemGroup>
  <ItemGroup>
    <ClInclude Include="..\..\..\src\Geom2d\Geom2d_AxisPlacement.hxx">
      <Filter>Header files\Geom2d</Filter>
    </ClInclude>
    <ClInclude Include="..\..\..\src\Geom2d\Geom2d_BSplineCurve.hxx">
      <Filter>Header files\Geom2d</Filter>
    </ClInclude>
    <ClInclude Include="..\..\..\src\Geom2d\Geom2d_BezierCurve.hxx">
      <Filter>Header files\Geom2d</Filter>
    </ClInclude>
    <ClInclude Include="..\..\..\src\Geom2d\Geom2d_BoundedCurve.hxx">
      <Filter>Header files\Geom2d</Filter>
    </ClInclude>
    <ClInclude Include="..\..\..\src\Geom2d\Geom2d_CartesianPoint.hxx">
      <Filter>Header files\Geom2d</Filter>
    </ClInclude>
    <ClInclude Include="..\..\..\src\Geom2d\Geom2d_Circle.hxx">
      <Filter>Header files\Geom2d</Filter>
    </ClInclude>
    <ClInclude Include="..\..\..\src\Geom2d\Geom2d_Conic.hxx">
      <Filter>Header files\Geom2d</Filter>
    </ClInclude>
    <ClInclude Include="..\..\..\src\Geom2d\Geom2d_Curve.hxx">
      <Filter>Header files\Geom2d</Filter>
    </ClInclude>
    <ClInclude Include="..\..\..\src\Geom2d\Geom2d_Direction.hxx">
      <Filter>Header files\Geom2d</Filter>
    </ClInclude>
    <ClInclude Include="..\..\..\src\Geom2d\Geom2d_Ellipse.hxx">
      <Filter>Header files\Geom2d</Filter>
    </ClInclude>
    <ClInclude Include="..\..\..\src\Geom2d\Geom2d_Geometry.hxx">
      <Filter>Header files\Geom2d</Filter>
    </ClInclude>
    <ClInclude Include="..\..\..\src\Geom2d\Geom2d_Hyperbola.hxx">
      <Filter>Header files\Geom2d</Filter>
    </ClInclude>
    <ClInclude Include="..\..\..\src\Geom2d\Geom2d_Line.hxx">
      <Filter>Header files\Geom2d</Filter>
    </ClInclude>
    <ClInclude Include="..\..\..\src\Geom2d\Geom2d_OffsetCurve.hxx">
      <Filter>Header files\Geom2d</Filter>
    </ClInclude>
    <ClInclude Include="..\..\..\src\Geom2d\Geom2d_Parabola.hxx">
      <Filter>Header files\Geom2d</Filter>
    </ClInclude>
    <ClInclude Include="..\..\..\src\Geom2d\Geom2d_Point.hxx">
      <Filter>Header files\Geom2d</Filter>
    </ClInclude>
    <ClInclude Include="..\..\..\src\Geom2d\Geom2d_Transformation.hxx">
      <Filter>Header files\Geom2d</Filter>
    </ClInclude>
    <ClInclude Include="..\..\..\src\Geom2d\Geom2d_TrimmedCurve.hxx">
      <Filter>Header files\Geom2d</Filter>
    </ClInclude>
    <ClInclude Include="..\..\..\src\Geom2d\Geom2d_UndefinedDerivative.hxx">
      <Filter>Header files\Geom2d</Filter>
    </ClInclude>
    <ClInclude Include="..\..\..\src\Geom2d\Geom2d_UndefinedValue.hxx">
      <Filter>Header files\Geom2d</Filter>
    </ClInclude>
    <ClInclude Include="..\..\..\src\Geom2d\Geom2d_Vector.hxx">
      <Filter>Header files\Geom2d</Filter>
    </ClInclude>
    <ClInclude Include="..\..\..\src\Geom2d\Geom2d_VectorWithMagnitude.hxx">
      <Filter>Header files\Geom2d</Filter>
    </ClInclude>
    <ClInclude Include="..\..\..\src\LProp\LProp_AnalyticCurInf.hxx">
      <Filter>Header files\LProp</Filter>
    </ClInclude>
    <ClInclude Include="..\..\..\src\LProp\LProp_BadContinuity.hxx">
      <Filter>Header files\LProp</Filter>
    </ClInclude>
    <ClInclude Include="..\..\..\src\LProp\LProp_CIType.hxx">
      <Filter>Header files\LProp</Filter>
    </ClInclude>
    <ClInclude Include="..\..\..\src\LProp\LProp_CLProps.gxx">
      <Filter>Header files\LProp</Filter>
    </ClInclude>
    <ClInclude Include="..\..\..\src\LProp\LProp_CurAndInf.hxx">
      <Filter>Header files\LProp</Filter>
    </ClInclude>
    <ClInclude Include="..\..\..\src\LProp\LProp_NotDefined.hxx">
      <Filter>Header files\LProp</Filter>
    </ClInclude>
    <ClInclude Include="..\..\..\src\LProp\LProp_SLProps.gxx">
      <Filter>Header files\LProp</Filter>
    </ClInclude>
    <ClInclude Include="..\..\..\src\LProp\LProp_SequenceOfCIType.hxx">
      <Filter>Header files\LProp</Filter>
    </ClInclude>
    <ClInclude Include="..\..\..\src\LProp\LProp_Status.hxx">
      <Filter>Header files\LProp</Filter>
    </ClInclude>
    <ClInclude Include="..\..\..\src\TColGeom2d\TColGeom2d_Array1OfBSplineCurve.hxx">
      <Filter>Header files\TColGeom2d</Filter>
    </ClInclude>
    <ClInclude Include="..\..\..\src\TColGeom2d\TColGeom2d_Array1OfBezierCurve.hxx">
      <Filter>Header files\TColGeom2d</Filter>
    </ClInclude>
    <ClInclude Include="..\..\..\src\TColGeom2d\TColGeom2d_Array1OfCurve.hxx">
      <Filter>Header files\TColGeom2d</Filter>
    </ClInclude>
    <ClInclude Include="..\..\..\src\TColGeom2d\TColGeom2d_HArray1OfBSplineCurve.hxx">
      <Filter>Header files\TColGeom2d</Filter>
    </ClInclude>
    <ClInclude Include="..\..\..\src\TColGeom2d\TColGeom2d_HArray1OfBezierCurve.hxx">
      <Filter>Header files\TColGeom2d</Filter>
    </ClInclude>
    <ClInclude Include="..\..\..\src\TColGeom2d\TColGeom2d_HArray1OfCurve.hxx">
      <Filter>Header files\TColGeom2d</Filter>
    </ClInclude>
    <ClInclude Include="..\..\..\src\TColGeom2d\TColGeom2d_HSequenceOfBoundedCurve.hxx">
      <Filter>Header files\TColGeom2d</Filter>
    </ClInclude>
    <ClInclude Include="..\..\..\src\TColGeom2d\TColGeom2d_HSequenceOfCurve.hxx">
      <Filter>Header files\TColGeom2d</Filter>
    </ClInclude>
    <ClInclude Include="..\..\..\src\TColGeom2d\TColGeom2d_SequenceOfBoundedCurve.hxx">
      <Filter>Header files\TColGeom2d</Filter>
    </ClInclude>
    <ClInclude Include="..\..\..\src\TColGeom2d\TColGeom2d_SequenceOfCurve.hxx">
      <Filter>Header files\TColGeom2d</Filter>
    </ClInclude>
    <ClInclude Include="..\..\..\src\TColGeom2d\TColGeom2d_SequenceOfGeometry.hxx">
      <Filter>Header files\TColGeom2d</Filter>
    </ClInclude>
    <ClInclude Include="..\..\..\src\Adaptor2d\Adaptor2d_Curve2d.hxx">
      <Filter>Header files\Adaptor2d</Filter>
    </ClInclude>
    <ClInclude Include="..\..\..\src\Adaptor2d\Adaptor2d_GenHCurve2d.gxx">
      <Filter>Header files\Adaptor2d</Filter>
    </ClInclude>
    <ClInclude Include="..\..\..\src\Adaptor2d\Adaptor2d_GenHCurve2d.lxx">
      <Filter>Header files\Adaptor2d</Filter>
    </ClInclude>
    <ClInclude Include="..\..\..\src\Adaptor2d\Adaptor2d_HCurve2d.hxx">
      <Filter>Header files\Adaptor2d</Filter>
    </ClInclude>
    <ClInclude Include="..\..\..\src\Adaptor2d\Adaptor2d_HCurve2d.lxx">
      <Filter>Header files\Adaptor2d</Filter>
    </ClInclude>
    <ClInclude Include="..\..\..\src\Adaptor2d\Adaptor2d_HLine2d.hxx">
      <Filter>Header files\Adaptor2d</Filter>
    </ClInclude>
    <ClInclude Include="..\..\..\src\Adaptor2d\Adaptor2d_HOffsetCurve.hxx">
      <Filter>Header files\Adaptor2d</Filter>
    </ClInclude>
    <ClInclude Include="..\..\..\src\Adaptor2d\Adaptor2d_Line2d.hxx">
      <Filter>Header files\Adaptor2d</Filter>
    </ClInclude>
    <ClInclude Include="..\..\..\src\Adaptor2d\Adaptor2d_OffsetCurve.hxx">
      <Filter>Header files\Adaptor2d</Filter>
    </ClInclude>
    <ClInclude Include="..\..\..\src\Adaptor2d\Adaptor2d_OffsetCurve.lxx">
      <Filter>Header files\Adaptor2d</Filter>
    </ClInclude>
    <ClInclude Include="..\..\..\src\Geom2dLProp\Geom2dLProp_CLProps2d.hxx">
      <Filter>Header files\Geom2dLProp</Filter>
    </ClInclude>
    <ClInclude Include="..\..\..\src\Geom2dLProp\Geom2dLProp_CurAndInf2d.hxx">
      <Filter>Header files\Geom2dLProp</Filter>
    </ClInclude>
    <ClInclude Include="..\..\..\src\Geom2dLProp\Geom2dLProp_Curve2dTool.hxx">
      <Filter>Header files\Geom2dLProp</Filter>
    </ClInclude>
    <ClInclude Include="..\..\..\src\Geom2dLProp\Geom2dLProp_FuncCurExt.hxx">
      <Filter>Header files\Geom2dLProp</Filter>
    </ClInclude>
    <ClInclude Include="..\..\..\src\Geom2dLProp\Geom2dLProp_FuncCurNul.hxx">
      <Filter>Header files\Geom2dLProp</Filter>
    </ClInclude>
    <ClInclude Include="..\..\..\src\Geom2dLProp\Geom2dLProp_NumericCurInf2d.hxx">
      <Filter>Header files\Geom2dLProp</Filter>
    </ClInclude>
    <ClInclude Include="..\..\..\src\Geom2dAdaptor\Geom2dAdaptor.hxx">
      <Filter>Header files\Geom2dAdaptor</Filter>
    </ClInclude>
    <ClInclude Include="..\..\..\src\Geom2dAdaptor\Geom2dAdaptor_Curve.hxx">
      <Filter>Header files\Geom2dAdaptor</Filter>
    </ClInclude>
    <ClInclude Include="..\..\..\src\Geom2dAdaptor\Geom2dAdaptor_Curve.lxx">
      <Filter>Header files\Geom2dAdaptor</Filter>
    </ClInclude>
    <ClInclude Include="..\..\..\src\Geom2dAdaptor\Geom2dAdaptor_GHCurve.hxx">
      <Filter>Header files\Geom2dAdaptor</Filter>
    </ClInclude>
    <ClInclude Include="..\..\..\src\Geom2dAdaptor\Geom2dAdaptor_HCurve.hxx">
      <Filter>Header files\Geom2dAdaptor</Filter>
    </ClInclude>
    <ClInclude Include="..\..\..\src\Geom2dEvaluator\Geom2dEvaluator.hxx">
      <Filter>Header files\Geom2dEvaluator</Filter>
    </ClInclude>
    <ClInclude Include="..\..\..\src\Geom2dEvaluator\Geom2dEvaluator_Curve.hxx">
      <Filter>Header files\Geom2dEvaluator</Filter>
    </ClInclude>
    <ClInclude Include="..\..\..\src\Geom2dEvaluator\Geom2dEvaluator_OffsetCurve.hxx">
      <Filter>Header files\Geom2dEvaluator</Filter>
    </ClInclude>
  </ItemGroup>
  <ItemGroup>
    <ResourceCompile Include="TKG2d.rc" />
  </ItemGroup>
</Project>
