<?xml version="1.0" encoding="utf-8"?>
<Project ToolsVersion="4.0" xmlns="http://schemas.microsoft.com/developer/msbuild/2003">
  <ItemGroup>
    <Filter Include="Source files">
      <UniqueIdentifier>{DAB4E3B9-0621-0FCC-14F1-E28B84359900}</UniqueIdentifier>
    </Filter>
    <Filter Include="Header files">
      <UniqueIdentifier>{CFF38617-00E7-0FF7-0D72-C111B170B2BB}</UniqueIdentifier>
    </Filter>
    <Filter Include="Source files\ViewerTest">
      <UniqueIdentifier>{E63C3F27-01CD-18ED-1069-3DD5F7AA4E54}</UniqueIdentifier>
    </Filter>
    <Filter Include="Header files\ViewerTest">
      <UniqueIdentifier>{FC908757-1134-1862-1116-F9B5D10FB0F1}</UniqueIdentifier>
    </Filter>
  </ItemGroup>
  <ItemGroup>
    <ClCompile Include="..\..\..\src\ViewerTest\ViewerTest.cxx">
      <Filter>Source files\ViewerTest</Filter>
    </ClCompile>
    <ClCompile Include="..\..\..\src\ViewerTest\ViewerTest_AutoUpdater.cxx">
      <Filter>Source files\ViewerTest</Filter>
    </ClCompile>
    <ClCompile Include="..\..\..\src\ViewerTest\ViewerTest_CmdParser.cxx">
      <Filter>Source files\ViewerTest</Filter>
    </ClCompile>
    <ClCompile Include="..\..\..\src\ViewerTest\ViewerTest_ContinuousRedrawer.cxx">
      <Filter>Source files\ViewerTest</Filter>
    </ClCompile>
    <ClCompile Include="..\..\..\src\ViewerTest\ViewerTest_EventManager.cxx">
      <Filter>Source files\ViewerTest</Filter>
    </ClCompile>
    <ClCompile Include="..\..\..\src\ViewerTest\ViewerTest_FilletCommands.cxx">
      <Filter>Source files\ViewerTest</Filter>
    </ClCompile>
    <ClCompile Include="..\..\..\src\ViewerTest\ViewerTest_ObjectCommands.cxx">
      <Filter>Source files\ViewerTest</Filter>
    </ClCompile>
    <ClCompile Include="..\..\..\src\ViewerTest\ViewerTest_OpenGlCommands.cxx">
      <Filter>Source files\ViewerTest</Filter>
    </ClCompile>
    <ClCompile Include="..\..\..\src\ViewerTest\ViewerTest_RelationCommands.cxx">
      <Filter>Source files\ViewerTest</Filter>
    </ClCompile>
    <ClCompile Include="..\..\..\src\ViewerTest\ViewerTest_V3dView.cxx">
      <Filter>Source files\ViewerTest</Filter>
    </ClCompile>
    <ClCompile Include="..\..\..\src\ViewerTest\ViewerTest_ViewerCommands.cxx">
      <Filter>Source files\ViewerTest</Filter>
    </ClCompile>
  </ItemGroup>
  <ItemGroup>
    <ClInclude Include="..\..\..\src\ViewerTest\ViewerTest.hxx">
      <Filter>Header files\ViewerTest</Filter>
    </ClInclude>
    <ClInclude Include="..\..\..\src\ViewerTest\ViewerTest_AutoUpdater.hxx">
      <Filter>Header files\ViewerTest</Filter>
    </ClInclude>
    <ClInclude Include="..\..\..\src\ViewerTest\ViewerTest_CmdParser.hxx">
      <Filter>Header files\ViewerTest</Filter>
    </ClInclude>
    <ClInclude Include="..\..\..\src\ViewerTest\ViewerTest_ContinuousRedrawer.hxx">
      <Filter>Header files\ViewerTest</Filter>
    </ClInclude>
    <ClInclude Include="..\..\..\src\ViewerTest\ViewerTest_DoubleMapIteratorOfDoubleMapOfInteractiveAndName.hxx">
      <Filter>Header files\ViewerTest</Filter>
    </ClInclude>
    <ClInclude Include="..\..\..\src\ViewerTest\ViewerTest_DoubleMapOfInteractiveAndName.hxx">
      <Filter>Header files\ViewerTest</Filter>
    </ClInclude>
    <ClInclude Include="..\..\..\src\ViewerTest\ViewerTest_EventManager.hxx">
      <Filter>Header files\ViewerTest</Filter>
    </ClInclude>
    <ClInclude Include="..\..\..\src\ViewerTest\ViewerTest_V3dView.hxx">
      <Filter>Header files\ViewerTest</Filter>
    </ClInclude>
    <ClInclude Include="..\..\..\src\ViewerTest\ViewerTest_ViewerCommands_1.mm">
      <Filter>Header files\ViewerTest</Filter>
    </ClInclude>
  </ItemGroup>
  <ItemGroup>
    <ResourceCompile Include="TKViewerTest.rc" />
  </ItemGroup>
</Project>
