<?xml version="1.0" encoding="utf-8"?>
<Project ToolsVersion="4.0" xmlns="http://schemas.microsoft.com/developer/msbuild/2003">
  <ItemGroup>
    <Filter Include="Source files">
      <UniqueIdentifier>{7F396809-0E7F-10FB-01E8-029B532396E0}</UniqueIdentifier>
    </Filter>
    <Filter Include="Header files">
      <UniqueIdentifier>{865EA93B-18BA-15FD-015D-725771CAC9CA}</UniqueIdentifier>
    </Filter>
    <Filter Include="Source files\IGESCAFControl">
      <UniqueIdentifier>{86261CD3-08B4-1500-0B78-7A02893CAA93}</UniqueIdentifier>
    </Filter>
    <Filter Include="Header files\IGESCAFControl">
      <UniqueIdentifier>{E299876C-0128-0B7B-0DB4-5DC71DBB5BC6}</UniqueIdentifier>
    </Filter>
  </ItemGroup>
  <ItemGroup>
    <ClCompile Include="..\..\..\src\IGESCAFControl\IGESCAFControl.cxx">
      <Filter>Source files\IGESCAFControl</Filter>
    </ClCompile>
    <ClCompile Include="..\..\..\src\IGESCAFControl\IGESCAFControl_Reader.cxx">
      <Filter>Source files\IGESCAFControl</Filter>
    </ClCompile>
    <ClCompile Include="..\..\..\src\IGESCAFControl\IGESCAFControl_Writer.cxx">
      <Filter>Source files\IGESCAFControl</Filter>
    </ClCompile>
  </ItemGroup>
  <ItemGroup>
    <ClInclude Include="..\..\..\src\IGESCAFControl\IGESCAFControl.hxx">
      <Filter>Header files\IGESCAFControl</Filter>
    </ClInclude>
    <ClInclude Include="..\..\..\src\IGESCAFControl\IGESCAFControl_Reader.hxx">
      <Filter>Header files\IGESCAFControl</Filter>
    </ClInclude>
    <ClInclude Include="..\..\..\src\IGESCAFControl\IGESCAFControl_Writer.hxx">
      <Filter>Header files\IGESCAFControl</Filter>
    </ClInclude>
  </ItemGroup>
  <ItemGroup>
    <ResourceCompile Include="TKXDEIGES.rc" />
  </ItemGroup>
</Project>
