<?xml version="1.0" encoding="utf-8"?>
<Project ToolsVersion="15.0" xmlns="http://schemas.microsoft.com/developer/msbuild/2003">
  <ItemGroup>
    <ClCompile Include="C:\Daten\Projekte\SimulationPlatform\Third_Party_Libraries\vtk\VTK-9.0.3\Filters\Hybrid\vtkAdaptiveDataSetSurfaceFilter.cxx">
      <Filter>Source Files</Filter>
    </ClCompile>
    <ClCompile Include="C:\Daten\Projekte\SimulationPlatform\Third_Party_Libraries\vtk\VTK-9.0.3\Filters\Hybrid\vtkBSplineTransform.cxx">
      <Filter>Source Files</Filter>
    </ClCompile>
    <ClCompile Include="C:\Daten\Projekte\SimulationPlatform\Third_Party_Libraries\vtk\VTK-9.0.3\Filters\Hybrid\vtkDepthSortPolyData.cxx">
      <Filter>Source Files</Filter>
    </ClCompile>
    <ClCompile Include="C:\Daten\Projekte\SimulationPlatform\Third_Party_Libraries\vtk\VTK-9.0.3\Filters\Hybrid\vtkDSPFilterDefinition.cxx">
      <Filter>Source Files</Filter>
    </ClCompile>
    <ClCompile Include="C:\Daten\Projekte\SimulationPlatform\Third_Party_Libraries\vtk\VTK-9.0.3\Filters\Hybrid\vtkDSPFilterGroup.cxx">
      <Filter>Source Files</Filter>
    </ClCompile>
    <ClCompile Include="C:\Daten\Projekte\SimulationPlatform\Third_Party_Libraries\vtk\VTK-9.0.3\Filters\Hybrid\vtkEarthSource.cxx">
      <Filter>Source Files</Filter>
    </ClCompile>
    <ClCompile Include="C:\Daten\Projekte\SimulationPlatform\Third_Party_Libraries\vtk\VTK-9.0.3\Filters\Hybrid\vtkFacetReader.cxx">
      <Filter>Source Files</Filter>
    </ClCompile>
    <ClCompile Include="C:\Daten\Projekte\SimulationPlatform\Third_Party_Libraries\vtk\VTK-9.0.3\Filters\Hybrid\vtkForceTime.cxx">
      <Filter>Source Files</Filter>
    </ClCompile>
    <ClCompile Include="C:\Daten\Projekte\SimulationPlatform\Third_Party_Libraries\vtk\VTK-9.0.3\Filters\Hybrid\vtkGreedyTerrainDecimation.cxx">
      <Filter>Source Files</Filter>
    </ClCompile>
    <ClCompile Include="C:\Daten\Projekte\SimulationPlatform\Third_Party_Libraries\vtk\VTK-9.0.3\Filters\Hybrid\vtkGridTransform.cxx">
      <Filter>Source Files</Filter>
    </ClCompile>
    <ClCompile Include="C:\Daten\Projekte\SimulationPlatform\Third_Party_Libraries\vtk\VTK-9.0.3\Filters\Hybrid\vtkImageToPolyDataFilter.cxx">
      <Filter>Source Files</Filter>
    </ClCompile>
    <ClCompile Include="C:\Daten\Projekte\SimulationPlatform\Third_Party_Libraries\vtk\VTK-9.0.3\Filters\Hybrid\vtkImplicitModeller.cxx">
      <Filter>Source Files</Filter>
    </ClCompile>
    <ClCompile Include="C:\Daten\Projekte\SimulationPlatform\Third_Party_Libraries\vtk\VTK-9.0.3\Filters\Hybrid\vtkPCAAnalysisFilter.cxx">
      <Filter>Source Files</Filter>
    </ClCompile>
    <ClCompile Include="C:\Daten\Projekte\SimulationPlatform\Third_Party_Libraries\vtk\VTK-9.0.3\Filters\Hybrid\vtkPolyDataSilhouette.cxx">
      <Filter>Source Files</Filter>
    </ClCompile>
    <ClCompile Include="C:\Daten\Projekte\SimulationPlatform\Third_Party_Libraries\vtk\VTK-9.0.3\Filters\Hybrid\vtkProcrustesAlignmentFilter.cxx">
      <Filter>Source Files</Filter>
    </ClCompile>
    <ClCompile Include="C:\Daten\Projekte\SimulationPlatform\Third_Party_Libraries\vtk\VTK-9.0.3\Filters\Hybrid\vtkProjectedTerrainPath.cxx">
      <Filter>Source Files</Filter>
    </ClCompile>
    <ClCompile Include="C:\Daten\Projekte\SimulationPlatform\Third_Party_Libraries\vtk\VTK-9.0.3\Filters\Hybrid\vtkRenderLargeImage.cxx">
      <Filter>Source Files</Filter>
    </ClCompile>
    <ClCompile Include="C:\Daten\Projekte\SimulationPlatform\Third_Party_Libraries\vtk\VTK-9.0.3\Filters\Hybrid\vtkTemporalArrayOperatorFilter.cxx">
      <Filter>Source Files</Filter>
    </ClCompile>
    <ClCompile Include="C:\Daten\Projekte\SimulationPlatform\Third_Party_Libraries\vtk\VTK-9.0.3\Filters\Hybrid\vtkTemporalDataSetCache.cxx">
      <Filter>Source Files</Filter>
    </ClCompile>
    <ClCompile Include="C:\Daten\Projekte\SimulationPlatform\Third_Party_Libraries\vtk\VTK-9.0.3\Filters\Hybrid\vtkTemporalFractal.cxx">
      <Filter>Source Files</Filter>
    </ClCompile>
    <ClCompile Include="C:\Daten\Projekte\SimulationPlatform\Third_Party_Libraries\vtk\VTK-9.0.3\Filters\Hybrid\vtkTemporalInterpolator.cxx">
      <Filter>Source Files</Filter>
    </ClCompile>
    <ClCompile Include="C:\Daten\Projekte\SimulationPlatform\Third_Party_Libraries\vtk\VTK-9.0.3\Filters\Hybrid\vtkTemporalShiftScale.cxx">
      <Filter>Source Files</Filter>
    </ClCompile>
    <ClCompile Include="C:\Daten\Projekte\SimulationPlatform\Third_Party_Libraries\vtk\VTK-9.0.3\Filters\Hybrid\vtkTemporalSnapToTimeStep.cxx">
      <Filter>Source Files</Filter>
    </ClCompile>
    <ClCompile Include="C:\Daten\Projekte\SimulationPlatform\Third_Party_Libraries\vtk\VTK-9.0.3\Filters\Hybrid\vtkTransformToGrid.cxx">
      <Filter>Source Files</Filter>
    </ClCompile>
    <ClCompile Include="C:\Daten\Projekte\SimulationPlatform\Third_Party_Libraries\vtk\VTK-9.0.3\Filters\Hybrid\vtkWeightedTransformFilter.cxx">
      <Filter>Source Files</Filter>
    </ClCompile>
  </ItemGroup>
  <ItemGroup>
    <ClInclude Include="C:\Daten\Projekte\SimulationPlatform\Third_Party_Libraries\vtk\VTK-9.0.3\Filters\Hybrid\vtkAdaptiveDataSetSurfaceFilter.h">
      <Filter>Header Files</Filter>
    </ClInclude>
    <ClInclude Include="C:\Daten\Projekte\SimulationPlatform\Third_Party_Libraries\vtk\VTK-9.0.3\Filters\Hybrid\vtkBSplineTransform.h">
      <Filter>Header Files</Filter>
    </ClInclude>
    <ClInclude Include="C:\Daten\Projekte\SimulationPlatform\Third_Party_Libraries\vtk\VTK-9.0.3\Filters\Hybrid\vtkDepthSortPolyData.h">
      <Filter>Header Files</Filter>
    </ClInclude>
    <ClInclude Include="C:\Daten\Projekte\SimulationPlatform\Third_Party_Libraries\vtk\VTK-9.0.3\Filters\Hybrid\vtkDSPFilterDefinition.h">
      <Filter>Header Files</Filter>
    </ClInclude>
    <ClInclude Include="C:\Daten\Projekte\SimulationPlatform\Third_Party_Libraries\vtk\VTK-9.0.3\Filters\Hybrid\vtkDSPFilterGroup.h">
      <Filter>Header Files</Filter>
    </ClInclude>
    <ClInclude Include="C:\Daten\Projekte\SimulationPlatform\Third_Party_Libraries\vtk\VTK-9.0.3\Filters\Hybrid\vtkEarthSource.h">
      <Filter>Header Files</Filter>
    </ClInclude>
    <ClInclude Include="C:\Daten\Projekte\SimulationPlatform\Third_Party_Libraries\vtk\VTK-9.0.3\Filters\Hybrid\vtkFacetReader.h">
      <Filter>Header Files</Filter>
    </ClInclude>
    <ClInclude Include="C:\Daten\Projekte\SimulationPlatform\Third_Party_Libraries\vtk\VTK-9.0.3\Filters\Hybrid\vtkForceTime.h">
      <Filter>Header Files</Filter>
    </ClInclude>
    <ClInclude Include="C:\Daten\Projekte\SimulationPlatform\Third_Party_Libraries\vtk\VTK-9.0.3\Filters\Hybrid\vtkGreedyTerrainDecimation.h">
      <Filter>Header Files</Filter>
    </ClInclude>
    <ClInclude Include="C:\Daten\Projekte\SimulationPlatform\Third_Party_Libraries\vtk\VTK-9.0.3\Filters\Hybrid\vtkGridTransform.h">
      <Filter>Header Files</Filter>
    </ClInclude>
    <ClInclude Include="C:\Daten\Projekte\SimulationPlatform\Third_Party_Libraries\vtk\VTK-9.0.3\Filters\Hybrid\vtkImageToPolyDataFilter.h">
      <Filter>Header Files</Filter>
    </ClInclude>
    <ClInclude Include="C:\Daten\Projekte\SimulationPlatform\Third_Party_Libraries\vtk\VTK-9.0.3\Filters\Hybrid\vtkImplicitModeller.h">
      <Filter>Header Files</Filter>
    </ClInclude>
    <ClInclude Include="C:\Daten\Projekte\SimulationPlatform\Third_Party_Libraries\vtk\VTK-9.0.3\Filters\Hybrid\vtkPCAAnalysisFilter.h">
      <Filter>Header Files</Filter>
    </ClInclude>
    <ClInclude Include="C:\Daten\Projekte\SimulationPlatform\Third_Party_Libraries\vtk\VTK-9.0.3\Filters\Hybrid\vtkPolyDataSilhouette.h">
      <Filter>Header Files</Filter>
    </ClInclude>
    <ClInclude Include="C:\Daten\Projekte\SimulationPlatform\Third_Party_Libraries\vtk\VTK-9.0.3\Filters\Hybrid\vtkProcrustesAlignmentFilter.h">
      <Filter>Header Files</Filter>
    </ClInclude>
    <ClInclude Include="C:\Daten\Projekte\SimulationPlatform\Third_Party_Libraries\vtk\VTK-9.0.3\Filters\Hybrid\vtkProjectedTerrainPath.h">
      <Filter>Header Files</Filter>
    </ClInclude>
    <ClInclude Include="C:\Daten\Projekte\SimulationPlatform\Third_Party_Libraries\vtk\VTK-9.0.3\Filters\Hybrid\vtkRenderLargeImage.h">
      <Filter>Header Files</Filter>
    </ClInclude>
    <ClInclude Include="C:\Daten\Projekte\SimulationPlatform\Third_Party_Libraries\vtk\VTK-9.0.3\Filters\Hybrid\vtkTemporalArrayOperatorFilter.h">
      <Filter>Header Files</Filter>
    </ClInclude>
    <ClInclude Include="C:\Daten\Projekte\SimulationPlatform\Third_Party_Libraries\vtk\VTK-9.0.3\Filters\Hybrid\vtkTemporalDataSetCache.h">
      <Filter>Header Files</Filter>
    </ClInclude>
    <ClInclude Include="C:\Daten\Projekte\SimulationPlatform\Third_Party_Libraries\vtk\VTK-9.0.3\Filters\Hybrid\vtkTemporalFractal.h">
      <Filter>Header Files</Filter>
    </ClInclude>
    <ClInclude Include="C:\Daten\Projekte\SimulationPlatform\Third_Party_Libraries\vtk\VTK-9.0.3\Filters\Hybrid\vtkTemporalInterpolator.h">
      <Filter>Header Files</Filter>
    </ClInclude>
    <ClInclude Include="C:\Daten\Projekte\SimulationPlatform\Third_Party_Libraries\vtk\VTK-9.0.3\Filters\Hybrid\vtkTemporalShiftScale.h">
      <Filter>Header Files</Filter>
    </ClInclude>
    <ClInclude Include="C:\Daten\Projekte\SimulationPlatform\Third_Party_Libraries\vtk\VTK-9.0.3\Filters\Hybrid\vtkTemporalSnapToTimeStep.h">
      <Filter>Header Files</Filter>
    </ClInclude>
    <ClInclude Include="C:\Daten\Projekte\SimulationPlatform\Third_Party_Libraries\vtk\VTK-9.0.3\Filters\Hybrid\vtkTransformToGrid.h">
      <Filter>Header Files</Filter>
    </ClInclude>
    <ClInclude Include="C:\Daten\Projekte\SimulationPlatform\Third_Party_Libraries\vtk\VTK-9.0.3\Filters\Hybrid\vtkWeightedTransformFilter.h">
      <Filter>Header Files</Filter>
    </ClInclude>
    <ClInclude Include="C:\Daten\Projekte\SimulationPlatform\Third_Party_Libraries\vtk\VTK-9.0.3\build_Win64\Filters\Hybrid\vtkFiltersHybridModule.h">
      <Filter>Header Files</Filter>
    </ClInclude>
  </ItemGroup>
  <ItemGroup>
    <CustomBuild Include="C:\Daten\Projekte\SimulationPlatform\Third_Party_Libraries\vtk\VTK-9.0.3\Filters\Hybrid\CMakeLists.txt" />
  </ItemGroup>
  <ItemGroup>
    <Filter Include="Header Files">
      <UniqueIdentifier>{31B23582-61DA-37D8-A712-8AF3E3BB9C1E}</UniqueIdentifier>
    </Filter>
    <Filter Include="Source Files">
      <UniqueIdentifier>{FE87D4A9-62AE-3E24-876D-ADD71C20CAD6}</UniqueIdentifier>
    </Filter>
  </ItemGroup>
</Project>
