<?xml version="1.0" encoding="utf-8"?>
<Project ToolsVersion="15.0" xmlns="http://schemas.microsoft.com/developer/msbuild/2003">
  <ItemGroup>
    <ClCompile Include="C:\Daten\Projekte\SimulationPlatform\Third_Party_Libraries\vtk\VTK-9.0.3\Common\Math\vtkAmoebaMinimizer.cxx">
      <Filter>Source Files</Filter>
    </ClCompile>
    <ClCompile Include="C:\Daten\Projekte\SimulationPlatform\Third_Party_Libraries\vtk\VTK-9.0.3\Common\Math\vtkFunctionSet.cxx">
      <Filter>Source Files</Filter>
    </ClCompile>
    <ClCompile Include="C:\Daten\Projekte\SimulationPlatform\Third_Party_Libraries\vtk\VTK-9.0.3\Common\Math\vtkInitialValueProblemSolver.cxx">
      <Filter>Source Files</Filter>
    </ClCompile>
    <ClCompile Include="C:\Daten\Projekte\SimulationPlatform\Third_Party_Libraries\vtk\VTK-9.0.3\Common\Math\vtkMatrix3x3.cxx">
      <Filter>Source Files</Filter>
    </ClCompile>
    <ClCompile Include="C:\Daten\Projekte\SimulationPlatform\Third_Party_Libraries\vtk\VTK-9.0.3\Common\Math\vtkMatrix4x4.cxx">
      <Filter>Source Files</Filter>
    </ClCompile>
    <ClCompile Include="C:\Daten\Projekte\SimulationPlatform\Third_Party_Libraries\vtk\VTK-9.0.3\Common\Math\vtkPolynomialSolversUnivariate.cxx">
      <Filter>Source Files</Filter>
    </ClCompile>
    <ClCompile Include="C:\Daten\Projekte\SimulationPlatform\Third_Party_Libraries\vtk\VTK-9.0.3\Common\Math\vtkQuaternionInterpolator.cxx">
      <Filter>Source Files</Filter>
    </ClCompile>
    <ClCompile Include="C:\Daten\Projekte\SimulationPlatform\Third_Party_Libraries\vtk\VTK-9.0.3\Common\Math\vtkRungeKutta2.cxx">
      <Filter>Source Files</Filter>
    </ClCompile>
    <ClCompile Include="C:\Daten\Projekte\SimulationPlatform\Third_Party_Libraries\vtk\VTK-9.0.3\Common\Math\vtkRungeKutta4.cxx">
      <Filter>Source Files</Filter>
    </ClCompile>
    <ClCompile Include="C:\Daten\Projekte\SimulationPlatform\Third_Party_Libraries\vtk\VTK-9.0.3\Common\Math\vtkRungeKutta45.cxx">
      <Filter>Source Files</Filter>
    </ClCompile>
  </ItemGroup>
  <ItemGroup>
    <ClInclude Include="C:\Daten\Projekte\SimulationPlatform\Third_Party_Libraries\vtk\VTK-9.0.3\Common\Math\vtkQuaternion.txx">
      <Filter>Header Files</Filter>
    </ClInclude>
    <ClInclude Include="C:\Daten\Projekte\SimulationPlatform\Third_Party_Libraries\vtk\VTK-9.0.3\Common\Math\vtkTuple.h">
      <Filter>Header Files</Filter>
    </ClInclude>
    <ClInclude Include="C:\Daten\Projekte\SimulationPlatform\Third_Party_Libraries\vtk\VTK-9.0.3\Common\Math\vtkAmoebaMinimizer.h">
      <Filter>Header Files</Filter>
    </ClInclude>
    <ClInclude Include="C:\Daten\Projekte\SimulationPlatform\Third_Party_Libraries\vtk\VTK-9.0.3\Common\Math\vtkFunctionSet.h">
      <Filter>Header Files</Filter>
    </ClInclude>
    <ClInclude Include="C:\Daten\Projekte\SimulationPlatform\Third_Party_Libraries\vtk\VTK-9.0.3\Common\Math\vtkInitialValueProblemSolver.h">
      <Filter>Header Files</Filter>
    </ClInclude>
    <ClInclude Include="C:\Daten\Projekte\SimulationPlatform\Third_Party_Libraries\vtk\VTK-9.0.3\Common\Math\vtkMatrix3x3.h">
      <Filter>Header Files</Filter>
    </ClInclude>
    <ClInclude Include="C:\Daten\Projekte\SimulationPlatform\Third_Party_Libraries\vtk\VTK-9.0.3\Common\Math\vtkMatrix4x4.h">
      <Filter>Header Files</Filter>
    </ClInclude>
    <ClInclude Include="C:\Daten\Projekte\SimulationPlatform\Third_Party_Libraries\vtk\VTK-9.0.3\Common\Math\vtkPolynomialSolversUnivariate.h">
      <Filter>Header Files</Filter>
    </ClInclude>
    <ClInclude Include="C:\Daten\Projekte\SimulationPlatform\Third_Party_Libraries\vtk\VTK-9.0.3\Common\Math\vtkQuaternionInterpolator.h">
      <Filter>Header Files</Filter>
    </ClInclude>
    <ClInclude Include="C:\Daten\Projekte\SimulationPlatform\Third_Party_Libraries\vtk\VTK-9.0.3\Common\Math\vtkRungeKutta2.h">
      <Filter>Header Files</Filter>
    </ClInclude>
    <ClInclude Include="C:\Daten\Projekte\SimulationPlatform\Third_Party_Libraries\vtk\VTK-9.0.3\Common\Math\vtkRungeKutta4.h">
      <Filter>Header Files</Filter>
    </ClInclude>
    <ClInclude Include="C:\Daten\Projekte\SimulationPlatform\Third_Party_Libraries\vtk\VTK-9.0.3\Common\Math\vtkRungeKutta45.h">
      <Filter>Header Files</Filter>
    </ClInclude>
    <ClInclude Include="C:\Daten\Projekte\SimulationPlatform\Third_Party_Libraries\vtk\VTK-9.0.3\Common\Math\vtkQuaternion.h">
      <Filter>Header Files</Filter>
    </ClInclude>
    <ClInclude Include="C:\Daten\Projekte\SimulationPlatform\Third_Party_Libraries\vtk\VTK-9.0.3\build_Win64\Common\Math\vtkCommonMathModule.h">
      <Filter>Header Files</Filter>
    </ClInclude>
  </ItemGroup>
  <ItemGroup>
    <CustomBuild Include="C:\Daten\Projekte\SimulationPlatform\Third_Party_Libraries\vtk\VTK-9.0.3\Common\Math\CMakeLists.txt" />
  </ItemGroup>
  <ItemGroup>
    <Filter Include="Header Files">
      <UniqueIdentifier>{31B23582-61DA-37D8-A712-8AF3E3BB9C1E}</UniqueIdentifier>
    </Filter>
    <Filter Include="Source Files">
      <UniqueIdentifier>{FE87D4A9-62AE-3E24-876D-ADD71C20CAD6}</UniqueIdentifier>
    </Filter>
  </ItemGroup>
</Project>
