<?xml version="1.0" encoding="utf-8"?>
<Project ToolsVersion="4.0" xmlns="http://schemas.microsoft.com/developer/msbuild/2003">
  <ItemGroup>
    <Filter Include="Source files">
      <UniqueIdentifier>{B33CA115-1292-08FF-171A-F107C9365B27}</UniqueIdentifier>
    </Filter>
    <Filter Include="Header files">
      <UniqueIdentifier>{9A69DC39-0C90-1634-033C-4D9C57532452}</UniqueIdentifier>
    </Filter>
    <Filter Include="Source files\IVtkDraw">
      <UniqueIdentifier>{75A81346-09EE-00D5-166E-6C35D0411FBB}</UniqueIdentifier>
    </Filter>
    <Filter Include="Header files\IVtkDraw">
      <UniqueIdentifier>{8A6813DB-13BC-0871-1693-1457AA877833}</UniqueIdentifier>
    </Filter>
  </ItemGroup>
  <ItemGroup>
    <ClCompile Include="..\..\..\src\IVtkDraw\IVtkDraw.cxx">
      <Filter>Source files\IVtkDraw</Filter>
    </ClCompile>
    <ClCompile Include="..\..\..\src\IVtkDraw\IVtkDraw_HighlightAndSelectionPipeline.cxx">
      <Filter>Source files\IVtkDraw</Filter>
    </ClCompile>
    <ClCompile Include="..\..\..\src\IVtkDraw\IVtkDraw_Interactor.cxx">
      <Filter>Source files\IVtkDraw</Filter>
    </ClCompile>
  </ItemGroup>
  <ItemGroup>
    <ClInclude Include="..\..\..\src\IVtkDraw\IVtkDraw.hxx">
      <Filter>Header files\IVtkDraw</Filter>
    </ClInclude>
    <ClInclude Include="..\..\..\src\IVtkDraw\IVtkDraw_HighlightAndSelectionPipeline.hxx">
      <Filter>Header files\IVtkDraw</Filter>
    </ClInclude>
    <ClInclude Include="..\..\..\src\IVtkDraw\IVtkDraw_Interactor.hxx">
      <Filter>Header files\IVtkDraw</Filter>
    </ClInclude>
  </ItemGroup>
  <ItemGroup>
    <ResourceCompile Include="TKIVtkDraw.rc" />
  </ItemGroup>
</Project>
