<?xml version="1.0" encoding="utf-8"?>
<Project ToolsVersion="4.0" xmlns="http://schemas.microsoft.com/developer/msbuild/2003">
  <ItemGroup>
    <Filter Include="Source files">
      <UniqueIdentifier>{179BD8FF-0E0E-107F-06E9-61ACDB9B8DC2}</UniqueIdentifier>
    </Filter>
    <Filter Include="Header files">
      <UniqueIdentifier>{77D81380-1457-154A-022F-F6F4E848EC77}</UniqueIdentifier>
    </Filter>
    <Filter Include="Source files\XCAFApp">
      <UniqueIdentifier>{9C7C5D8A-06A2-0D6F-1285-B86A905C4278}</UniqueIdentifier>
    </Filter>
    <Filter Include="Source files\XCAFDimTolObjects">
      <UniqueIdentifier>{0FD4FAA6-112A-1260-0180-CA5EF01F077C}</UniqueIdentifier>
    </Filter>
    <Filter Include="Source files\XCAFNoteObjects">
      <UniqueIdentifier>{2496E2B2-17DF-0205-011B-DA2DE6FB6032}</UniqueIdentifier>
    </Filter>
    <Filter Include="Source files\XCAFDoc">
      <UniqueIdentifier>{68783FFA-1330-038B-1561-E14EA8F328C5}</UniqueIdentifier>
    </Filter>
    <Filter Include="Source files\XCAFPrs">
      <UniqueIdentifier>{F9BED335-0A6B-166F-17D4-86473CAEE41C}</UniqueIdentifier>
    </Filter>
    <Filter Include="Source files\XCAFView">
      <UniqueIdentifier>{01F7F3A3-1184-0ABE-0B7B-61BD94E55AED}</UniqueIdentifier>
    </Filter>
    <Filter Include="Header files\XCAFApp">
      <UniqueIdentifier>{B4900445-012E-1782-185F-06F326457D3F}</UniqueIdentifier>
    </Filter>
    <Filter Include="Header files\XCAFDimTolObjects">
      <UniqueIdentifier>{21E05F71-1412-07A9-171F-BF6CC07CB63F}</UniqueIdentifier>
    </Filter>
    <Filter Include="Header files\XCAFNoteObjects">
      <UniqueIdentifier>{A11EDEEF-127C-16BB-143B-0BA7741EB4CC}</UniqueIdentifier>
    </Filter>
    <Filter Include="Header files\XCAFDoc">
      <UniqueIdentifier>{EFD852E6-0BEC-02D1-04A5-5C8728AD7314}</UniqueIdentifier>
    </Filter>
    <Filter Include="Header files\XCAFPrs">
      <UniqueIdentifier>{5E3CF65F-0A30-0C53-18DB-C1454BAC42E7}</UniqueIdentifier>
    </Filter>
    <Filter Include="Header files\XCAFView">
      <UniqueIdentifier>{5C5CF66D-0DCE-043C-0BA3-5676BB8D1E59}</UniqueIdentifier>
    </Filter>
  </ItemGroup>
  <ItemGroup>
    <ClCompile Include="..\..\..\src\XCAFApp\XCAFApp_Application.cxx">
      <Filter>Source files\XCAFApp</Filter>
    </ClCompile>
    <ClCompile Include="..\..\..\src\XCAFDimTolObjects\XCAFDimTolObjects_DatumObject.cxx">
      <Filter>Source files\XCAFDimTolObjects</Filter>
    </ClCompile>
    <ClCompile Include="..\..\..\src\XCAFDimTolObjects\XCAFDimTolObjects_DimensionObject.cxx">
      <Filter>Source files\XCAFDimTolObjects</Filter>
    </ClCompile>
    <ClCompile Include="..\..\..\src\XCAFDimTolObjects\XCAFDimTolObjects_GeomToleranceObject.cxx">
      <Filter>Source files\XCAFDimTolObjects</Filter>
    </ClCompile>
    <ClCompile Include="..\..\..\src\XCAFDimTolObjects\XCAFDimTolObjects_Tool.cxx">
      <Filter>Source files\XCAFDimTolObjects</Filter>
    </ClCompile>
    <ClCompile Include="..\..\..\src\XCAFNoteObjects\XCAFNoteObjects_NoteObject.cxx">
      <Filter>Source files\XCAFNoteObjects</Filter>
    </ClCompile>
    <ClCompile Include="..\..\..\src\XCAFDoc\XCAFDoc.cxx">
      <Filter>Source files\XCAFDoc</Filter>
    </ClCompile>
    <ClCompile Include="..\..\..\src\XCAFDoc\XCAFDoc_Area.cxx">
      <Filter>Source files\XCAFDoc</Filter>
    </ClCompile>
    <ClCompile Include="..\..\..\src\XCAFDoc\XCAFDoc_AssemblyItemId.cxx">
      <Filter>Source files\XCAFDoc</Filter>
    </ClCompile>
    <ClCompile Include="..\..\..\src\XCAFDoc\XCAFDoc_AssemblyItemRef.cxx">
      <Filter>Source files\XCAFDoc</Filter>
    </ClCompile>
    <ClCompile Include="..\..\..\src\XCAFDoc\XCAFDoc_Centroid.cxx">
      <Filter>Source files\XCAFDoc</Filter>
    </ClCompile>
    <ClCompile Include="..\..\..\src\XCAFDoc\XCAFDoc_ClippingPlaneTool.cxx">
      <Filter>Source files\XCAFDoc</Filter>
    </ClCompile>
    <ClCompile Include="..\..\..\src\XCAFDoc\XCAFDoc_Color.cxx">
      <Filter>Source files\XCAFDoc</Filter>
    </ClCompile>
    <ClCompile Include="..\..\..\src\XCAFDoc\XCAFDoc_ColorTool.cxx">
      <Filter>Source files\XCAFDoc</Filter>
    </ClCompile>
    <ClCompile Include="..\..\..\src\XCAFDoc\XCAFDoc_Datum.cxx">
      <Filter>Source files\XCAFDoc</Filter>
    </ClCompile>
    <ClCompile Include="..\..\..\src\XCAFDoc\XCAFDoc_DimTol.cxx">
      <Filter>Source files\XCAFDoc</Filter>
    </ClCompile>
    <ClCompile Include="..\..\..\src\XCAFDoc\XCAFDoc_DimTolTool.cxx">
      <Filter>Source files\XCAFDoc</Filter>
    </ClCompile>
    <ClCompile Include="..\..\..\src\XCAFDoc\XCAFDoc_Dimension.cxx">
      <Filter>Source files\XCAFDoc</Filter>
    </ClCompile>
    <ClCompile Include="..\..\..\src\XCAFDoc\XCAFDoc_DocumentTool.cxx">
      <Filter>Source files\XCAFDoc</Filter>
    </ClCompile>
    <ClCompile Include="..\..\..\src\XCAFDoc\XCAFDoc_Editor.cxx">
      <Filter>Source files\XCAFDoc</Filter>
    </ClCompile>
    <ClCompile Include="..\..\..\src\XCAFDoc\XCAFDoc_GeomTolerance.cxx">
      <Filter>Source files\XCAFDoc</Filter>
    </ClCompile>
    <ClCompile Include="..\..\..\src\XCAFDoc\XCAFDoc_GraphNode.cxx">
      <Filter>Source files\XCAFDoc</Filter>
    </ClCompile>
    <ClCompile Include="..\..\..\src\XCAFDoc\XCAFDoc_LayerTool.cxx">
      <Filter>Source files\XCAFDoc</Filter>
    </ClCompile>
    <ClCompile Include="..\..\..\src\XCAFDoc\XCAFDoc_Location.cxx">
      <Filter>Source files\XCAFDoc</Filter>
    </ClCompile>
    <ClCompile Include="..\..\..\src\XCAFDoc\XCAFDoc_Material.cxx">
      <Filter>Source files\XCAFDoc</Filter>
    </ClCompile>
    <ClCompile Include="..\..\..\src\XCAFDoc\XCAFDoc_MaterialTool.cxx">
      <Filter>Source files\XCAFDoc</Filter>
    </ClCompile>
    <ClCompile Include="..\..\..\src\XCAFDoc\XCAFDoc_Note.cxx">
      <Filter>Source files\XCAFDoc</Filter>
    </ClCompile>
    <ClCompile Include="..\..\..\src\XCAFDoc\XCAFDoc_NoteBalloon.cxx">
      <Filter>Source files\XCAFDoc</Filter>
    </ClCompile>
    <ClCompile Include="..\..\..\src\XCAFDoc\XCAFDoc_NoteBinData.cxx">
      <Filter>Source files\XCAFDoc</Filter>
    </ClCompile>
    <ClCompile Include="..\..\..\src\XCAFDoc\XCAFDoc_NoteComment.cxx">
      <Filter>Source files\XCAFDoc</Filter>
    </ClCompile>
    <ClCompile Include="..\..\..\src\XCAFDoc\XCAFDoc_NotesTool.cxx">
      <Filter>Source files\XCAFDoc</Filter>
    </ClCompile>
    <ClCompile Include="..\..\..\src\XCAFDoc\XCAFDoc_ShapeMapTool.cxx">
      <Filter>Source files\XCAFDoc</Filter>
    </ClCompile>
    <ClCompile Include="..\..\..\src\XCAFDoc\XCAFDoc_ShapeTool.cxx">
      <Filter>Source files\XCAFDoc</Filter>
    </ClCompile>
    <ClCompile Include="..\..\..\src\XCAFDoc\XCAFDoc_View.cxx">
      <Filter>Source files\XCAFDoc</Filter>
    </ClCompile>
    <ClCompile Include="..\..\..\src\XCAFDoc\XCAFDoc_ViewTool.cxx">
      <Filter>Source files\XCAFDoc</Filter>
    </ClCompile>
    <ClCompile Include="..\..\..\src\XCAFDoc\XCAFDoc_VisMaterial.cxx">
      <Filter>Source files\XCAFDoc</Filter>
    </ClCompile>
    <ClCompile Include="..\..\..\src\XCAFDoc\XCAFDoc_VisMaterialTool.cxx">
      <Filter>Source files\XCAFDoc</Filter>
    </ClCompile>
    <ClCompile Include="..\..\..\src\XCAFDoc\XCAFDoc_Volume.cxx">
      <Filter>Source files\XCAFDoc</Filter>
    </ClCompile>
    <ClCompile Include="..\..\..\src\XCAFPrs\XCAFPrs.cxx">
      <Filter>Source files\XCAFPrs</Filter>
    </ClCompile>
    <ClCompile Include="..\..\..\src\XCAFPrs\XCAFPrs_AISObject.cxx">
      <Filter>Source files\XCAFPrs</Filter>
    </ClCompile>
    <ClCompile Include="..\..\..\src\XCAFPrs\XCAFPrs_DocumentExplorer.cxx">
      <Filter>Source files\XCAFPrs</Filter>
    </ClCompile>
    <ClCompile Include="..\..\..\src\XCAFPrs\XCAFPrs_Driver.cxx">
      <Filter>Source files\XCAFPrs</Filter>
    </ClCompile>
    <ClCompile Include="..\..\..\src\XCAFPrs\XCAFPrs_Style.cxx">
      <Filter>Source files\XCAFPrs</Filter>
    </ClCompile>
    <ClCompile Include="..\..\..\src\XCAFPrs\XCAFPrs_Texture.cxx">
      <Filter>Source files\XCAFPrs</Filter>
    </ClCompile>
    <ClCompile Include="..\..\..\src\XCAFView\XCAFView_Object.cxx">
      <Filter>Source files\XCAFView</Filter>
    </ClCompile>
  </ItemGroup>
  <ItemGroup>
    <ClInclude Include="..\..\..\src\XCAFApp\XCAFApp_Application.hxx">
      <Filter>Header files\XCAFApp</Filter>
    </ClInclude>
    <ClInclude Include="..\..\..\src\XCAFDimTolObjects\XCAFDimTolObjects_DataMapOfToleranceDatum.hxx">
      <Filter>Header files\XCAFDimTolObjects</Filter>
    </ClInclude>
    <ClInclude Include="..\..\..\src\XCAFDimTolObjects\XCAFDimTolObjects_DatumModifWithValue.hxx">
      <Filter>Header files\XCAFDimTolObjects</Filter>
    </ClInclude>
    <ClInclude Include="..\..\..\src\XCAFDimTolObjects\XCAFDimTolObjects_DatumModifiersSequence.hxx">
      <Filter>Header files\XCAFDimTolObjects</Filter>
    </ClInclude>
    <ClInclude Include="..\..\..\src\XCAFDimTolObjects\XCAFDimTolObjects_DatumObject.hxx">
      <Filter>Header files\XCAFDimTolObjects</Filter>
    </ClInclude>
    <ClInclude Include="..\..\..\src\XCAFDimTolObjects\XCAFDimTolObjects_DatumObjectSequence.hxx">
      <Filter>Header files\XCAFDimTolObjects</Filter>
    </ClInclude>
    <ClInclude Include="..\..\..\src\XCAFDimTolObjects\XCAFDimTolObjects_DatumSingleModif.hxx">
      <Filter>Header files\XCAFDimTolObjects</Filter>
    </ClInclude>
    <ClInclude Include="..\..\..\src\XCAFDimTolObjects\XCAFDimTolObjects_DatumTargetType.hxx">
      <Filter>Header files\XCAFDimTolObjects</Filter>
    </ClInclude>
    <ClInclude Include="..\..\..\src\XCAFDimTolObjects\XCAFDimTolObjects_DimensionFormVariance.hxx">
      <Filter>Header files\XCAFDimTolObjects</Filter>
    </ClInclude>
    <ClInclude Include="..\..\..\src\XCAFDimTolObjects\XCAFDimTolObjects_DimensionGrade.hxx">
      <Filter>Header files\XCAFDimTolObjects</Filter>
    </ClInclude>
    <ClInclude Include="..\..\..\src\XCAFDimTolObjects\XCAFDimTolObjects_DimensionModif.hxx">
      <Filter>Header files\XCAFDimTolObjects</Filter>
    </ClInclude>
    <ClInclude Include="..\..\..\src\XCAFDimTolObjects\XCAFDimTolObjects_DimensionModifiersSequence.hxx">
      <Filter>Header files\XCAFDimTolObjects</Filter>
    </ClInclude>
    <ClInclude Include="..\..\..\src\XCAFDimTolObjects\XCAFDimTolObjects_DimensionObject.hxx">
      <Filter>Header files\XCAFDimTolObjects</Filter>
    </ClInclude>
    <ClInclude Include="..\..\..\src\XCAFDimTolObjects\XCAFDimTolObjects_DimensionObjectSequence.hxx">
      <Filter>Header files\XCAFDimTolObjects</Filter>
    </ClInclude>
    <ClInclude Include="..\..\..\src\XCAFDimTolObjects\XCAFDimTolObjects_DimensionQualifier.hxx">
      <Filter>Header files\XCAFDimTolObjects</Filter>
    </ClInclude>
    <ClInclude Include="..\..\..\src\XCAFDimTolObjects\XCAFDimTolObjects_DimensionType.hxx">
      <Filter>Header files\XCAFDimTolObjects</Filter>
    </ClInclude>
    <ClInclude Include="..\..\..\src\XCAFDimTolObjects\XCAFDimTolObjects_GeomToleranceMatReqModif.hxx">
      <Filter>Header files\XCAFDimTolObjects</Filter>
    </ClInclude>
    <ClInclude Include="..\..\..\src\XCAFDimTolObjects\XCAFDimTolObjects_GeomToleranceModif.hxx">
      <Filter>Header files\XCAFDimTolObjects</Filter>
    </ClInclude>
    <ClInclude Include="..\..\..\src\XCAFDimTolObjects\XCAFDimTolObjects_GeomToleranceModifiersSequence.hxx">
      <Filter>Header files\XCAFDimTolObjects</Filter>
    </ClInclude>
    <ClInclude Include="..\..\..\src\XCAFDimTolObjects\XCAFDimTolObjects_GeomToleranceObject.hxx">
      <Filter>Header files\XCAFDimTolObjects</Filter>
    </ClInclude>
    <ClInclude Include="..\..\..\src\XCAFDimTolObjects\XCAFDimTolObjects_GeomToleranceObjectSequence.hxx">
      <Filter>Header files\XCAFDimTolObjects</Filter>
    </ClInclude>
    <ClInclude Include="..\..\..\src\XCAFDimTolObjects\XCAFDimTolObjects_GeomToleranceType.hxx">
      <Filter>Header files\XCAFDimTolObjects</Filter>
    </ClInclude>
    <ClInclude Include="..\..\..\src\XCAFDimTolObjects\XCAFDimTolObjects_GeomToleranceTypeValue.hxx">
      <Filter>Header files\XCAFDimTolObjects</Filter>
    </ClInclude>
    <ClInclude Include="..\..\..\src\XCAFDimTolObjects\XCAFDimTolObjects_GeomToleranceZoneModif.hxx">
      <Filter>Header files\XCAFDimTolObjects</Filter>
    </ClInclude>
    <ClInclude Include="..\..\..\src\XCAFDimTolObjects\XCAFDimTolObjects_ToleranceZoneAffectedPlane.hxx">
      <Filter>Header files\XCAFDimTolObjects</Filter>
    </ClInclude>
    <ClInclude Include="..\..\..\src\XCAFDimTolObjects\XCAFDimTolObjects_Tool.hxx">
      <Filter>Header files\XCAFDimTolObjects</Filter>
    </ClInclude>
    <ClInclude Include="..\..\..\src\XCAFNoteObjects\XCAFNoteObjects_NoteObject.hxx">
      <Filter>Header files\XCAFNoteObjects</Filter>
    </ClInclude>
    <ClInclude Include="..\..\..\src\XCAFDoc\XCAFDoc.hxx">
      <Filter>Header files\XCAFDoc</Filter>
    </ClInclude>
    <ClInclude Include="..\..\..\src\XCAFDoc\XCAFDoc_Area.hxx">
      <Filter>Header files\XCAFDoc</Filter>
    </ClInclude>
    <ClInclude Include="..\..\..\src\XCAFDoc\XCAFDoc_AssemblyItemId.hxx">
      <Filter>Header files\XCAFDoc</Filter>
    </ClInclude>
    <ClInclude Include="..\..\..\src\XCAFDoc\XCAFDoc_AssemblyItemRef.hxx">
      <Filter>Header files\XCAFDoc</Filter>
    </ClInclude>
    <ClInclude Include="..\..\..\src\XCAFDoc\XCAFDoc_Centroid.hxx">
      <Filter>Header files\XCAFDoc</Filter>
    </ClInclude>
    <ClInclude Include="..\..\..\src\XCAFDoc\XCAFDoc_ClippingPlaneTool.hxx">
      <Filter>Header files\XCAFDoc</Filter>
    </ClInclude>
    <ClInclude Include="..\..\..\src\XCAFDoc\XCAFDoc_Color.hxx">
      <Filter>Header files\XCAFDoc</Filter>
    </ClInclude>
    <ClInclude Include="..\..\..\src\XCAFDoc\XCAFDoc_ColorTool.hxx">
      <Filter>Header files\XCAFDoc</Filter>
    </ClInclude>
    <ClInclude Include="..\..\..\src\XCAFDoc\XCAFDoc_ColorType.hxx">
      <Filter>Header files\XCAFDoc</Filter>
    </ClInclude>
    <ClInclude Include="..\..\..\src\XCAFDoc\XCAFDoc_DataMapIteratorOfDataMapOfShapeLabel.hxx">
      <Filter>Header files\XCAFDoc</Filter>
    </ClInclude>
    <ClInclude Include="..\..\..\src\XCAFDoc\XCAFDoc_DataMapOfShapeLabel.hxx">
      <Filter>Header files\XCAFDoc</Filter>
    </ClInclude>
    <ClInclude Include="..\..\..\src\XCAFDoc\XCAFDoc_Datum.hxx">
      <Filter>Header files\XCAFDoc</Filter>
    </ClInclude>
    <ClInclude Include="..\..\..\src\XCAFDoc\XCAFDoc_DimTol.hxx">
      <Filter>Header files\XCAFDoc</Filter>
    </ClInclude>
    <ClInclude Include="..\..\..\src\XCAFDoc\XCAFDoc_DimTolTool.hxx">
      <Filter>Header files\XCAFDoc</Filter>
    </ClInclude>
    <ClInclude Include="..\..\..\src\XCAFDoc\XCAFDoc_Dimension.hxx">
      <Filter>Header files\XCAFDoc</Filter>
    </ClInclude>
    <ClInclude Include="..\..\..\src\XCAFDoc\XCAFDoc_DocumentTool.hxx">
      <Filter>Header files\XCAFDoc</Filter>
    </ClInclude>
    <ClInclude Include="..\..\..\src\XCAFDoc\XCAFDoc_Editor.hxx">
      <Filter>Header files\XCAFDoc</Filter>
    </ClInclude>
    <ClInclude Include="..\..\..\src\XCAFDoc\XCAFDoc_GeomTolerance.hxx">
      <Filter>Header files\XCAFDoc</Filter>
    </ClInclude>
    <ClInclude Include="..\..\..\src\XCAFDoc\XCAFDoc_GraphNode.hxx">
      <Filter>Header files\XCAFDoc</Filter>
    </ClInclude>
    <ClInclude Include="..\..\..\src\XCAFDoc\XCAFDoc_GraphNodeSequence.hxx">
      <Filter>Header files\XCAFDoc</Filter>
    </ClInclude>
    <ClInclude Include="..\..\..\src\XCAFDoc\XCAFDoc_LayerTool.hxx">
      <Filter>Header files\XCAFDoc</Filter>
    </ClInclude>
    <ClInclude Include="..\..\..\src\XCAFDoc\XCAFDoc_Location.hxx">
      <Filter>Header files\XCAFDoc</Filter>
    </ClInclude>
    <ClInclude Include="..\..\..\src\XCAFDoc\XCAFDoc_Material.hxx">
      <Filter>Header files\XCAFDoc</Filter>
    </ClInclude>
    <ClInclude Include="..\..\..\src\XCAFDoc\XCAFDoc_MaterialTool.hxx">
      <Filter>Header files\XCAFDoc</Filter>
    </ClInclude>
    <ClInclude Include="..\..\..\src\XCAFDoc\XCAFDoc_Note.hxx">
      <Filter>Header files\XCAFDoc</Filter>
    </ClInclude>
    <ClInclude Include="..\..\..\src\XCAFDoc\XCAFDoc_NoteBalloon.hxx">
      <Filter>Header files\XCAFDoc</Filter>
    </ClInclude>
    <ClInclude Include="..\..\..\src\XCAFDoc\XCAFDoc_NoteBinData.hxx">
      <Filter>Header files\XCAFDoc</Filter>
    </ClInclude>
    <ClInclude Include="..\..\..\src\XCAFDoc\XCAFDoc_NoteComment.hxx">
      <Filter>Header files\XCAFDoc</Filter>
    </ClInclude>
    <ClInclude Include="..\..\..\src\XCAFDoc\XCAFDoc_NotesTool.hxx">
      <Filter>Header files\XCAFDoc</Filter>
    </ClInclude>
    <ClInclude Include="..\..\..\src\XCAFDoc\XCAFDoc_PartId.hxx">
      <Filter>Header files\XCAFDoc</Filter>
    </ClInclude>
    <ClInclude Include="..\..\..\src\XCAFDoc\XCAFDoc_ShapeMapTool.hxx">
      <Filter>Header files\XCAFDoc</Filter>
    </ClInclude>
    <ClInclude Include="..\..\..\src\XCAFDoc\XCAFDoc_ShapeTool.hxx">
      <Filter>Header files\XCAFDoc</Filter>
    </ClInclude>
    <ClInclude Include="..\..\..\src\XCAFDoc\XCAFDoc_View.hxx">
      <Filter>Header files\XCAFDoc</Filter>
    </ClInclude>
    <ClInclude Include="..\..\..\src\XCAFDoc\XCAFDoc_ViewTool.hxx">
      <Filter>Header files\XCAFDoc</Filter>
    </ClInclude>
    <ClInclude Include="..\..\..\src\XCAFDoc\XCAFDoc_VisMaterial.hxx">
      <Filter>Header files\XCAFDoc</Filter>
    </ClInclude>
    <ClInclude Include="..\..\..\src\XCAFDoc\XCAFDoc_VisMaterialCommon.hxx">
      <Filter>Header files\XCAFDoc</Filter>
    </ClInclude>
    <ClInclude Include="..\..\..\src\XCAFDoc\XCAFDoc_VisMaterialPBR.hxx">
      <Filter>Header files\XCAFDoc</Filter>
    </ClInclude>
    <ClInclude Include="..\..\..\src\XCAFDoc\XCAFDoc_VisMaterialTool.hxx">
      <Filter>Header files\XCAFDoc</Filter>
    </ClInclude>
    <ClInclude Include="..\..\..\src\XCAFDoc\XCAFDoc_Volume.hxx">
      <Filter>Header files\XCAFDoc</Filter>
    </ClInclude>
    <ClInclude Include="..\..\..\src\XCAFPrs\XCAFPrs.hxx">
      <Filter>Header files\XCAFPrs</Filter>
    </ClInclude>
    <ClInclude Include="..\..\..\src\XCAFPrs\XCAFPrs_AISObject.hxx">
      <Filter>Header files\XCAFPrs</Filter>
    </ClInclude>
    <ClInclude Include="..\..\..\src\XCAFPrs\XCAFPrs_DataMapIteratorOfDataMapOfStyleShape.hxx">
      <Filter>Header files\XCAFPrs</Filter>
    </ClInclude>
    <ClInclude Include="..\..\..\src\XCAFPrs\XCAFPrs_DataMapIteratorOfDataMapOfStyleTransient.hxx">
      <Filter>Header files\XCAFPrs</Filter>
    </ClInclude>
    <ClInclude Include="..\..\..\src\XCAFPrs\XCAFPrs_DataMapIteratorOfIndexedDataMapOfShapeStyle.hxx">
      <Filter>Header files\XCAFPrs</Filter>
    </ClInclude>
    <ClInclude Include="..\..\..\src\XCAFPrs\XCAFPrs_DataMapOfStyleShape.hxx">
      <Filter>Header files\XCAFPrs</Filter>
    </ClInclude>
    <ClInclude Include="..\..\..\src\XCAFPrs\XCAFPrs_DataMapOfStyleTransient.hxx">
      <Filter>Header files\XCAFPrs</Filter>
    </ClInclude>
    <ClInclude Include="..\..\..\src\XCAFPrs\XCAFPrs_DocumentExplorer.hxx">
      <Filter>Header files\XCAFPrs</Filter>
    </ClInclude>
    <ClInclude Include="..\..\..\src\XCAFPrs\XCAFPrs_DocumentIdIterator.hxx">
      <Filter>Header files\XCAFPrs</Filter>
    </ClInclude>
    <ClInclude Include="..\..\..\src\XCAFPrs\XCAFPrs_DocumentNode.hxx">
      <Filter>Header files\XCAFPrs</Filter>
    </ClInclude>
    <ClInclude Include="..\..\..\src\XCAFPrs\XCAFPrs_Driver.hxx">
      <Filter>Header files\XCAFPrs</Filter>
    </ClInclude>
    <ClInclude Include="..\..\..\src\XCAFPrs\XCAFPrs_IndexedDataMapOfShapeStyle.hxx">
      <Filter>Header files\XCAFPrs</Filter>
    </ClInclude>
    <ClInclude Include="..\..\..\src\XCAFPrs\XCAFPrs_Style.hxx">
      <Filter>Header files\XCAFPrs</Filter>
    </ClInclude>
    <ClInclude Include="..\..\..\src\XCAFPrs\XCAFPrs_Texture.hxx">
      <Filter>Header files\XCAFPrs</Filter>
    </ClInclude>
    <ClInclude Include="..\..\..\src\XCAFView\XCAFView_Object.hxx">
      <Filter>Header files\XCAFView</Filter>
    </ClInclude>
    <ClInclude Include="..\..\..\src\XCAFView\XCAFView_ProjectionType.hxx">
      <Filter>Header files\XCAFView</Filter>
    </ClInclude>
  </ItemGroup>
  <ItemGroup>
    <ResourceCompile Include="TKXCAF.rc" />
  </ItemGroup>
</Project>
