<?xml version="1.0" encoding="utf-8"?>
<Project ToolsVersion="4.0" xmlns="http://schemas.microsoft.com/developer/msbuild/2003">
  <ItemGroup>
    <Filter Include="Source files">
      <UniqueIdentifier>{EB034652-0710-102A-08D1-7A9C37A5ED7C}</UniqueIdentifier>
    </Filter>
    <Filter Include="Header files">
      <UniqueIdentifier>{8A83684B-09E0-1024-08B2-844C4CAD441B}</UniqueIdentifier>
    </Filter>
    <Filter Include="Source files\XDEDRAW">
      <UniqueIdentifier>{5277A292-051F-134F-1168-1102CFCF8B0C}</UniqueIdentifier>
    </Filter>
    <Filter Include="Header files\XDEDRAW">
      <UniqueIdentifier>{B1FAB09C-043C-143E-04D0-884A57C89AA4}</UniqueIdentifier>
    </Filter>
  </ItemGroup>
  <ItemGroup>
    <ClCompile Include="..\..\..\src\XDEDRAW\XDEDRAW.cxx">
      <Filter>Source files\XDEDRAW</Filter>
    </ClCompile>
    <ClCompile Include="..\..\..\src\XDEDRAW\XDEDRAW_Colors.cxx">
      <Filter>Source files\XDEDRAW</Filter>
    </ClCompile>
    <ClCompile Include="..\..\..\src\XDEDRAW\XDEDRAW_Common.cxx">
      <Filter>Source files\XDEDRAW</Filter>
    </ClCompile>
    <ClCompile Include="..\..\..\src\XDEDRAW\XDEDRAW_GDTs.cxx">
      <Filter>Source files\XDEDRAW</Filter>
    </ClCompile>
    <ClCompile Include="..\..\..\src\XDEDRAW\XDEDRAW_Layers.cxx">
      <Filter>Source files\XDEDRAW</Filter>
    </ClCompile>
    <ClCompile Include="..\..\..\src\XDEDRAW\XDEDRAW_Notes.cxx">
      <Filter>Source files\XDEDRAW</Filter>
    </ClCompile>
    <ClCompile Include="..\..\..\src\XDEDRAW\XDEDRAW_Props.cxx">
      <Filter>Source files\XDEDRAW</Filter>
    </ClCompile>
    <ClCompile Include="..\..\..\src\XDEDRAW\XDEDRAW_Shapes.cxx">
      <Filter>Source files\XDEDRAW</Filter>
    </ClCompile>
    <ClCompile Include="..\..\..\src\XDEDRAW\XDEDRAW_Views.cxx">
      <Filter>Source files\XDEDRAW</Filter>
    </ClCompile>
  </ItemGroup>
  <ItemGroup>
    <ClInclude Include="..\..\..\src\XDEDRAW\XDEDRAW.hxx">
      <Filter>Header files\XDEDRAW</Filter>
    </ClInclude>
    <ClInclude Include="..\..\..\src\XDEDRAW\XDEDRAW_Colors.hxx">
      <Filter>Header files\XDEDRAW</Filter>
    </ClInclude>
    <ClInclude Include="..\..\..\src\XDEDRAW\XDEDRAW_Common.hxx">
      <Filter>Header files\XDEDRAW</Filter>
    </ClInclude>
    <ClInclude Include="..\..\..\src\XDEDRAW\XDEDRAW_GDTs.hxx">
      <Filter>Header files\XDEDRAW</Filter>
    </ClInclude>
    <ClInclude Include="..\..\..\src\XDEDRAW\XDEDRAW_Layers.hxx">
      <Filter>Header files\XDEDRAW</Filter>
    </ClInclude>
    <ClInclude Include="..\..\..\src\XDEDRAW\XDEDRAW_Notes.hxx">
      <Filter>Header files\XDEDRAW</Filter>
    </ClInclude>
    <ClInclude Include="..\..\..\src\XDEDRAW\XDEDRAW_Props.hxx">
      <Filter>Header files\XDEDRAW</Filter>
    </ClInclude>
    <ClInclude Include="..\..\..\src\XDEDRAW\XDEDRAW_Shapes.hxx">
      <Filter>Header files\XDEDRAW</Filter>
    </ClInclude>
    <ClInclude Include="..\..\..\src\XDEDRAW\XDEDRAW_Views.hxx">
      <Filter>Header files\XDEDRAW</Filter>
    </ClInclude>
  </ItemGroup>
  <ItemGroup>
    <ResourceCompile Include="TKXDEDRAW.rc" />
  </ItemGroup>
</Project>
