<?xml version="1.0" encoding="utf-8"?>
<Project ToolsVersion="15.0" xmlns="http://schemas.microsoft.com/developer/msbuild/2003">
  <ItemGroup>
    <ClCompile Include="C:\Daten\Projekte\SimulationPlatform\Third_Party_Libraries\vtk\VTK-9.0.3\Filters\Statistics\vtkAutoCorrelativeStatistics.cxx">
      <Filter>Source Files</Filter>
    </ClCompile>
    <ClCompile Include="C:\Daten\Projekte\SimulationPlatform\Third_Party_Libraries\vtk\VTK-9.0.3\Filters\Statistics\vtkBivariateLinearTableThreshold.cxx">
      <Filter>Source Files</Filter>
    </ClCompile>
    <ClCompile Include="C:\Daten\Projekte\SimulationPlatform\Third_Party_Libraries\vtk\VTK-9.0.3\Filters\Statistics\vtkComputeQuartiles.cxx">
      <Filter>Source Files</Filter>
    </ClCompile>
    <ClCompile Include="C:\Daten\Projekte\SimulationPlatform\Third_Party_Libraries\vtk\VTK-9.0.3\Filters\Statistics\vtkContingencyStatistics.cxx">
      <Filter>Source Files</Filter>
    </ClCompile>
    <ClCompile Include="C:\Daten\Projekte\SimulationPlatform\Third_Party_Libraries\vtk\VTK-9.0.3\Filters\Statistics\vtkCorrelativeStatistics.cxx">
      <Filter>Source Files</Filter>
    </ClCompile>
    <ClCompile Include="C:\Daten\Projekte\SimulationPlatform\Third_Party_Libraries\vtk\VTK-9.0.3\Filters\Statistics\vtkDescriptiveStatistics.cxx">
      <Filter>Source Files</Filter>
    </ClCompile>
    <ClCompile Include="C:\Daten\Projekte\SimulationPlatform\Third_Party_Libraries\vtk\VTK-9.0.3\Filters\Statistics\vtkHighestDensityRegionsStatistics.cxx">
      <Filter>Source Files</Filter>
    </ClCompile>
    <ClCompile Include="C:\Daten\Projekte\SimulationPlatform\Third_Party_Libraries\vtk\VTK-9.0.3\Filters\Statistics\vtkExtractFunctionalBagPlot.cxx">
      <Filter>Source Files</Filter>
    </ClCompile>
    <ClCompile Include="C:\Daten\Projekte\SimulationPlatform\Third_Party_Libraries\vtk\VTK-9.0.3\Filters\Statistics\vtkKMeansDistanceFunctorCalculator.cxx">
      <Filter>Source Files</Filter>
    </ClCompile>
    <ClCompile Include="C:\Daten\Projekte\SimulationPlatform\Third_Party_Libraries\vtk\VTK-9.0.3\Filters\Statistics\vtkKMeansDistanceFunctor.cxx">
      <Filter>Source Files</Filter>
    </ClCompile>
    <ClCompile Include="C:\Daten\Projekte\SimulationPlatform\Third_Party_Libraries\vtk\VTK-9.0.3\Filters\Statistics\vtkKMeansStatistics.cxx">
      <Filter>Source Files</Filter>
    </ClCompile>
    <ClCompile Include="C:\Daten\Projekte\SimulationPlatform\Third_Party_Libraries\vtk\VTK-9.0.3\Filters\Statistics\vtkMultiCorrelativeStatistics.cxx">
      <Filter>Source Files</Filter>
    </ClCompile>
    <ClCompile Include="C:\Daten\Projekte\SimulationPlatform\Third_Party_Libraries\vtk\VTK-9.0.3\Filters\Statistics\vtkOrderStatistics.cxx">
      <Filter>Source Files</Filter>
    </ClCompile>
    <ClCompile Include="C:\Daten\Projekte\SimulationPlatform\Third_Party_Libraries\vtk\VTK-9.0.3\Filters\Statistics\vtkPCAStatistics.cxx">
      <Filter>Source Files</Filter>
    </ClCompile>
    <ClCompile Include="C:\Daten\Projekte\SimulationPlatform\Third_Party_Libraries\vtk\VTK-9.0.3\Filters\Statistics\vtkStatisticsAlgorithm.cxx">
      <Filter>Source Files</Filter>
    </ClCompile>
    <ClCompile Include="C:\Daten\Projekte\SimulationPlatform\Third_Party_Libraries\vtk\VTK-9.0.3\Filters\Statistics\vtkStrahlerMetric.cxx">
      <Filter>Source Files</Filter>
    </ClCompile>
    <ClCompile Include="C:\Daten\Projekte\SimulationPlatform\Third_Party_Libraries\vtk\VTK-9.0.3\Filters\Statistics\vtkStreamingStatistics.cxx">
      <Filter>Source Files</Filter>
    </ClCompile>
  </ItemGroup>
  <ItemGroup>
    <ClInclude Include="C:\Daten\Projekte\SimulationPlatform\Third_Party_Libraries\vtk\VTK-9.0.3\Filters\Statistics\vtkStatisticsAlgorithmPrivate.h">
      <Filter>Header Files</Filter>
    </ClInclude>
    <ClInclude Include="C:\Daten\Projekte\SimulationPlatform\Third_Party_Libraries\vtk\VTK-9.0.3\Filters\Statistics\vtkAutoCorrelativeStatistics.h">
      <Filter>Header Files</Filter>
    </ClInclude>
    <ClInclude Include="C:\Daten\Projekte\SimulationPlatform\Third_Party_Libraries\vtk\VTK-9.0.3\Filters\Statistics\vtkBivariateLinearTableThreshold.h">
      <Filter>Header Files</Filter>
    </ClInclude>
    <ClInclude Include="C:\Daten\Projekte\SimulationPlatform\Third_Party_Libraries\vtk\VTK-9.0.3\Filters\Statistics\vtkComputeQuartiles.h">
      <Filter>Header Files</Filter>
    </ClInclude>
    <ClInclude Include="C:\Daten\Projekte\SimulationPlatform\Third_Party_Libraries\vtk\VTK-9.0.3\Filters\Statistics\vtkContingencyStatistics.h">
      <Filter>Header Files</Filter>
    </ClInclude>
    <ClInclude Include="C:\Daten\Projekte\SimulationPlatform\Third_Party_Libraries\vtk\VTK-9.0.3\Filters\Statistics\vtkCorrelativeStatistics.h">
      <Filter>Header Files</Filter>
    </ClInclude>
    <ClInclude Include="C:\Daten\Projekte\SimulationPlatform\Third_Party_Libraries\vtk\VTK-9.0.3\Filters\Statistics\vtkDescriptiveStatistics.h">
      <Filter>Header Files</Filter>
    </ClInclude>
    <ClInclude Include="C:\Daten\Projekte\SimulationPlatform\Third_Party_Libraries\vtk\VTK-9.0.3\Filters\Statistics\vtkHighestDensityRegionsStatistics.h">
      <Filter>Header Files</Filter>
    </ClInclude>
    <ClInclude Include="C:\Daten\Projekte\SimulationPlatform\Third_Party_Libraries\vtk\VTK-9.0.3\Filters\Statistics\vtkExtractFunctionalBagPlot.h">
      <Filter>Header Files</Filter>
    </ClInclude>
    <ClInclude Include="C:\Daten\Projekte\SimulationPlatform\Third_Party_Libraries\vtk\VTK-9.0.3\Filters\Statistics\vtkKMeansDistanceFunctorCalculator.h">
      <Filter>Header Files</Filter>
    </ClInclude>
    <ClInclude Include="C:\Daten\Projekte\SimulationPlatform\Third_Party_Libraries\vtk\VTK-9.0.3\Filters\Statistics\vtkKMeansDistanceFunctor.h">
      <Filter>Header Files</Filter>
    </ClInclude>
    <ClInclude Include="C:\Daten\Projekte\SimulationPlatform\Third_Party_Libraries\vtk\VTK-9.0.3\Filters\Statistics\vtkKMeansStatistics.h">
      <Filter>Header Files</Filter>
    </ClInclude>
    <ClInclude Include="C:\Daten\Projekte\SimulationPlatform\Third_Party_Libraries\vtk\VTK-9.0.3\Filters\Statistics\vtkMultiCorrelativeStatistics.h">
      <Filter>Header Files</Filter>
    </ClInclude>
    <ClInclude Include="C:\Daten\Projekte\SimulationPlatform\Third_Party_Libraries\vtk\VTK-9.0.3\Filters\Statistics\vtkOrderStatistics.h">
      <Filter>Header Files</Filter>
    </ClInclude>
    <ClInclude Include="C:\Daten\Projekte\SimulationPlatform\Third_Party_Libraries\vtk\VTK-9.0.3\Filters\Statistics\vtkPCAStatistics.h">
      <Filter>Header Files</Filter>
    </ClInclude>
    <ClInclude Include="C:\Daten\Projekte\SimulationPlatform\Third_Party_Libraries\vtk\VTK-9.0.3\Filters\Statistics\vtkStatisticsAlgorithm.h">
      <Filter>Header Files</Filter>
    </ClInclude>
    <ClInclude Include="C:\Daten\Projekte\SimulationPlatform\Third_Party_Libraries\vtk\VTK-9.0.3\Filters\Statistics\vtkStrahlerMetric.h">
      <Filter>Header Files</Filter>
    </ClInclude>
    <ClInclude Include="C:\Daten\Projekte\SimulationPlatform\Third_Party_Libraries\vtk\VTK-9.0.3\Filters\Statistics\vtkStreamingStatistics.h">
      <Filter>Header Files</Filter>
    </ClInclude>
    <ClInclude Include="C:\Daten\Projekte\SimulationPlatform\Third_Party_Libraries\vtk\VTK-9.0.3\build_Win64\Filters\Statistics\vtkFiltersStatisticsModule.h">
      <Filter>Header Files</Filter>
    </ClInclude>
  </ItemGroup>
  <ItemGroup>
    <CustomBuild Include="C:\Daten\Projekte\SimulationPlatform\Third_Party_Libraries\vtk\VTK-9.0.3\Filters\Statistics\CMakeLists.txt" />
  </ItemGroup>
  <ItemGroup>
    <Filter Include="Header Files">
      <UniqueIdentifier>{31B23582-61DA-37D8-A712-8AF3E3BB9C1E}</UniqueIdentifier>
    </Filter>
    <Filter Include="Source Files">
      <UniqueIdentifier>{FE87D4A9-62AE-3E24-876D-ADD71C20CAD6}</UniqueIdentifier>
    </Filter>
  </ItemGroup>
</Project>
