<?xml version="1.0" encoding="utf-8"?>
<Project ToolsVersion="15.0" xmlns="http://schemas.microsoft.com/developer/msbuild/2003">
  <ItemGroup>
    <ClCompile Include="C:\Daten\Projekte\SimulationPlatform\Third_Party_Libraries\vtk\VTK-9.0.3\Common\ComputationalGeometry\vtkBilinearQuadIntersection.cxx">
      <Filter>Source Files</Filter>
    </ClCompile>
    <ClCompile Include="C:\Daten\Projekte\SimulationPlatform\Third_Party_Libraries\vtk\VTK-9.0.3\Common\ComputationalGeometry\vtkCardinalSpline.cxx">
      <Filter>Source Files</Filter>
    </ClCompile>
    <ClCompile Include="C:\Daten\Projekte\SimulationPlatform\Third_Party_Libraries\vtk\VTK-9.0.3\Common\ComputationalGeometry\vtkKochanekSpline.cxx">
      <Filter>Source Files</Filter>
    </ClCompile>
    <ClCompile Include="C:\Daten\Projekte\SimulationPlatform\Third_Party_Libraries\vtk\VTK-9.0.3\Common\ComputationalGeometry\vtkParametricBohemianDome.cxx">
      <Filter>Source Files</Filter>
    </ClCompile>
    <ClCompile Include="C:\Daten\Projekte\SimulationPlatform\Third_Party_Libraries\vtk\VTK-9.0.3\Common\ComputationalGeometry\vtkParametricBour.cxx">
      <Filter>Source Files</Filter>
    </ClCompile>
    <ClCompile Include="C:\Daten\Projekte\SimulationPlatform\Third_Party_Libraries\vtk\VTK-9.0.3\Common\ComputationalGeometry\vtkParametricBoy.cxx">
      <Filter>Source Files</Filter>
    </ClCompile>
    <ClCompile Include="C:\Daten\Projekte\SimulationPlatform\Third_Party_Libraries\vtk\VTK-9.0.3\Common\ComputationalGeometry\vtkParametricCatalanMinimal.cxx">
      <Filter>Source Files</Filter>
    </ClCompile>
    <ClCompile Include="C:\Daten\Projekte\SimulationPlatform\Third_Party_Libraries\vtk\VTK-9.0.3\Common\ComputationalGeometry\vtkParametricConicSpiral.cxx">
      <Filter>Source Files</Filter>
    </ClCompile>
    <ClCompile Include="C:\Daten\Projekte\SimulationPlatform\Third_Party_Libraries\vtk\VTK-9.0.3\Common\ComputationalGeometry\vtkParametricCrossCap.cxx">
      <Filter>Source Files</Filter>
    </ClCompile>
    <ClCompile Include="C:\Daten\Projekte\SimulationPlatform\Third_Party_Libraries\vtk\VTK-9.0.3\Common\ComputationalGeometry\vtkParametricDini.cxx">
      <Filter>Source Files</Filter>
    </ClCompile>
    <ClCompile Include="C:\Daten\Projekte\SimulationPlatform\Third_Party_Libraries\vtk\VTK-9.0.3\Common\ComputationalGeometry\vtkParametricEllipsoid.cxx">
      <Filter>Source Files</Filter>
    </ClCompile>
    <ClCompile Include="C:\Daten\Projekte\SimulationPlatform\Third_Party_Libraries\vtk\VTK-9.0.3\Common\ComputationalGeometry\vtkParametricEnneper.cxx">
      <Filter>Source Files</Filter>
    </ClCompile>
    <ClCompile Include="C:\Daten\Projekte\SimulationPlatform\Third_Party_Libraries\vtk\VTK-9.0.3\Common\ComputationalGeometry\vtkParametricFigure8Klein.cxx">
      <Filter>Source Files</Filter>
    </ClCompile>
    <ClCompile Include="C:\Daten\Projekte\SimulationPlatform\Third_Party_Libraries\vtk\VTK-9.0.3\Common\ComputationalGeometry\vtkParametricFunction.cxx">
      <Filter>Source Files</Filter>
    </ClCompile>
    <ClCompile Include="C:\Daten\Projekte\SimulationPlatform\Third_Party_Libraries\vtk\VTK-9.0.3\Common\ComputationalGeometry\vtkParametricHenneberg.cxx">
      <Filter>Source Files</Filter>
    </ClCompile>
    <ClCompile Include="C:\Daten\Projekte\SimulationPlatform\Third_Party_Libraries\vtk\VTK-9.0.3\Common\ComputationalGeometry\vtkParametricKlein.cxx">
      <Filter>Source Files</Filter>
    </ClCompile>
    <ClCompile Include="C:\Daten\Projekte\SimulationPlatform\Third_Party_Libraries\vtk\VTK-9.0.3\Common\ComputationalGeometry\vtkParametricKuen.cxx">
      <Filter>Source Files</Filter>
    </ClCompile>
    <ClCompile Include="C:\Daten\Projekte\SimulationPlatform\Third_Party_Libraries\vtk\VTK-9.0.3\Common\ComputationalGeometry\vtkParametricMobius.cxx">
      <Filter>Source Files</Filter>
    </ClCompile>
    <ClCompile Include="C:\Daten\Projekte\SimulationPlatform\Third_Party_Libraries\vtk\VTK-9.0.3\Common\ComputationalGeometry\vtkParametricPluckerConoid.cxx">
      <Filter>Source Files</Filter>
    </ClCompile>
    <ClCompile Include="C:\Daten\Projekte\SimulationPlatform\Third_Party_Libraries\vtk\VTK-9.0.3\Common\ComputationalGeometry\vtkParametricPseudosphere.cxx">
      <Filter>Source Files</Filter>
    </ClCompile>
    <ClCompile Include="C:\Daten\Projekte\SimulationPlatform\Third_Party_Libraries\vtk\VTK-9.0.3\Common\ComputationalGeometry\vtkParametricRandomHills.cxx">
      <Filter>Source Files</Filter>
    </ClCompile>
    <ClCompile Include="C:\Daten\Projekte\SimulationPlatform\Third_Party_Libraries\vtk\VTK-9.0.3\Common\ComputationalGeometry\vtkParametricRoman.cxx">
      <Filter>Source Files</Filter>
    </ClCompile>
    <ClCompile Include="C:\Daten\Projekte\SimulationPlatform\Third_Party_Libraries\vtk\VTK-9.0.3\Common\ComputationalGeometry\vtkParametricSpline.cxx">
      <Filter>Source Files</Filter>
    </ClCompile>
    <ClCompile Include="C:\Daten\Projekte\SimulationPlatform\Third_Party_Libraries\vtk\VTK-9.0.3\Common\ComputationalGeometry\vtkParametricSuperEllipsoid.cxx">
      <Filter>Source Files</Filter>
    </ClCompile>
    <ClCompile Include="C:\Daten\Projekte\SimulationPlatform\Third_Party_Libraries\vtk\VTK-9.0.3\Common\ComputationalGeometry\vtkParametricSuperToroid.cxx">
      <Filter>Source Files</Filter>
    </ClCompile>
    <ClCompile Include="C:\Daten\Projekte\SimulationPlatform\Third_Party_Libraries\vtk\VTK-9.0.3\Common\ComputationalGeometry\vtkParametricTorus.cxx">
      <Filter>Source Files</Filter>
    </ClCompile>
  </ItemGroup>
  <ItemGroup>
    <ClInclude Include="C:\Daten\Projekte\SimulationPlatform\Third_Party_Libraries\vtk\VTK-9.0.3\Common\ComputationalGeometry\vtkBilinearQuadIntersection.h">
      <Filter>Header Files</Filter>
    </ClInclude>
    <ClInclude Include="C:\Daten\Projekte\SimulationPlatform\Third_Party_Libraries\vtk\VTK-9.0.3\Common\ComputationalGeometry\vtkCardinalSpline.h">
      <Filter>Header Files</Filter>
    </ClInclude>
    <ClInclude Include="C:\Daten\Projekte\SimulationPlatform\Third_Party_Libraries\vtk\VTK-9.0.3\Common\ComputationalGeometry\vtkKochanekSpline.h">
      <Filter>Header Files</Filter>
    </ClInclude>
    <ClInclude Include="C:\Daten\Projekte\SimulationPlatform\Third_Party_Libraries\vtk\VTK-9.0.3\Common\ComputationalGeometry\vtkParametricBohemianDome.h">
      <Filter>Header Files</Filter>
    </ClInclude>
    <ClInclude Include="C:\Daten\Projekte\SimulationPlatform\Third_Party_Libraries\vtk\VTK-9.0.3\Common\ComputationalGeometry\vtkParametricBour.h">
      <Filter>Header Files</Filter>
    </ClInclude>
    <ClInclude Include="C:\Daten\Projekte\SimulationPlatform\Third_Party_Libraries\vtk\VTK-9.0.3\Common\ComputationalGeometry\vtkParametricBoy.h">
      <Filter>Header Files</Filter>
    </ClInclude>
    <ClInclude Include="C:\Daten\Projekte\SimulationPlatform\Third_Party_Libraries\vtk\VTK-9.0.3\Common\ComputationalGeometry\vtkParametricCatalanMinimal.h">
      <Filter>Header Files</Filter>
    </ClInclude>
    <ClInclude Include="C:\Daten\Projekte\SimulationPlatform\Third_Party_Libraries\vtk\VTK-9.0.3\Common\ComputationalGeometry\vtkParametricConicSpiral.h">
      <Filter>Header Files</Filter>
    </ClInclude>
    <ClInclude Include="C:\Daten\Projekte\SimulationPlatform\Third_Party_Libraries\vtk\VTK-9.0.3\Common\ComputationalGeometry\vtkParametricCrossCap.h">
      <Filter>Header Files</Filter>
    </ClInclude>
    <ClInclude Include="C:\Daten\Projekte\SimulationPlatform\Third_Party_Libraries\vtk\VTK-9.0.3\Common\ComputationalGeometry\vtkParametricDini.h">
      <Filter>Header Files</Filter>
    </ClInclude>
    <ClInclude Include="C:\Daten\Projekte\SimulationPlatform\Third_Party_Libraries\vtk\VTK-9.0.3\Common\ComputationalGeometry\vtkParametricEllipsoid.h">
      <Filter>Header Files</Filter>
    </ClInclude>
    <ClInclude Include="C:\Daten\Projekte\SimulationPlatform\Third_Party_Libraries\vtk\VTK-9.0.3\Common\ComputationalGeometry\vtkParametricEnneper.h">
      <Filter>Header Files</Filter>
    </ClInclude>
    <ClInclude Include="C:\Daten\Projekte\SimulationPlatform\Third_Party_Libraries\vtk\VTK-9.0.3\Common\ComputationalGeometry\vtkParametricFigure8Klein.h">
      <Filter>Header Files</Filter>
    </ClInclude>
    <ClInclude Include="C:\Daten\Projekte\SimulationPlatform\Third_Party_Libraries\vtk\VTK-9.0.3\Common\ComputationalGeometry\vtkParametricFunction.h">
      <Filter>Header Files</Filter>
    </ClInclude>
    <ClInclude Include="C:\Daten\Projekte\SimulationPlatform\Third_Party_Libraries\vtk\VTK-9.0.3\Common\ComputationalGeometry\vtkParametricHenneberg.h">
      <Filter>Header Files</Filter>
    </ClInclude>
    <ClInclude Include="C:\Daten\Projekte\SimulationPlatform\Third_Party_Libraries\vtk\VTK-9.0.3\Common\ComputationalGeometry\vtkParametricKlein.h">
      <Filter>Header Files</Filter>
    </ClInclude>
    <ClInclude Include="C:\Daten\Projekte\SimulationPlatform\Third_Party_Libraries\vtk\VTK-9.0.3\Common\ComputationalGeometry\vtkParametricKuen.h">
      <Filter>Header Files</Filter>
    </ClInclude>
    <ClInclude Include="C:\Daten\Projekte\SimulationPlatform\Third_Party_Libraries\vtk\VTK-9.0.3\Common\ComputationalGeometry\vtkParametricMobius.h">
      <Filter>Header Files</Filter>
    </ClInclude>
    <ClInclude Include="C:\Daten\Projekte\SimulationPlatform\Third_Party_Libraries\vtk\VTK-9.0.3\Common\ComputationalGeometry\vtkParametricPluckerConoid.h">
      <Filter>Header Files</Filter>
    </ClInclude>
    <ClInclude Include="C:\Daten\Projekte\SimulationPlatform\Third_Party_Libraries\vtk\VTK-9.0.3\Common\ComputationalGeometry\vtkParametricPseudosphere.h">
      <Filter>Header Files</Filter>
    </ClInclude>
    <ClInclude Include="C:\Daten\Projekte\SimulationPlatform\Third_Party_Libraries\vtk\VTK-9.0.3\Common\ComputationalGeometry\vtkParametricRandomHills.h">
      <Filter>Header Files</Filter>
    </ClInclude>
    <ClInclude Include="C:\Daten\Projekte\SimulationPlatform\Third_Party_Libraries\vtk\VTK-9.0.3\Common\ComputationalGeometry\vtkParametricRoman.h">
      <Filter>Header Files</Filter>
    </ClInclude>
    <ClInclude Include="C:\Daten\Projekte\SimulationPlatform\Third_Party_Libraries\vtk\VTK-9.0.3\Common\ComputationalGeometry\vtkParametricSpline.h">
      <Filter>Header Files</Filter>
    </ClInclude>
    <ClInclude Include="C:\Daten\Projekte\SimulationPlatform\Third_Party_Libraries\vtk\VTK-9.0.3\Common\ComputationalGeometry\vtkParametricSuperEllipsoid.h">
      <Filter>Header Files</Filter>
    </ClInclude>
    <ClInclude Include="C:\Daten\Projekte\SimulationPlatform\Third_Party_Libraries\vtk\VTK-9.0.3\Common\ComputationalGeometry\vtkParametricSuperToroid.h">
      <Filter>Header Files</Filter>
    </ClInclude>
    <ClInclude Include="C:\Daten\Projekte\SimulationPlatform\Third_Party_Libraries\vtk\VTK-9.0.3\Common\ComputationalGeometry\vtkParametricTorus.h">
      <Filter>Header Files</Filter>
    </ClInclude>
    <ClInclude Include="C:\Daten\Projekte\SimulationPlatform\Third_Party_Libraries\vtk\VTK-9.0.3\build_Win64\Common\ComputationalGeometry\vtkCommonComputationalGeometryModule.h">
      <Filter>Header Files</Filter>
    </ClInclude>
  </ItemGroup>
  <ItemGroup>
    <CustomBuild Include="C:\Daten\Projekte\SimulationPlatform\Third_Party_Libraries\vtk\VTK-9.0.3\Common\ComputationalGeometry\CMakeLists.txt" />
  </ItemGroup>
  <ItemGroup>
    <Filter Include="Header Files">
      <UniqueIdentifier>{31B23582-61DA-37D8-A712-8AF3E3BB9C1E}</UniqueIdentifier>
    </Filter>
    <Filter Include="Source Files">
      <UniqueIdentifier>{FE87D4A9-62AE-3E24-876D-ADD71C20CAD6}</UniqueIdentifier>
    </Filter>
  </ItemGroup>
</Project>
